// !$*UTF8*$!
{
	archiveVersion = 1;
	classes = {
	};
	objectVersion = 51;
	objects = {

/* Begin PBXBuildFile section */
		0902BD0460D4849CA1790CBB /* Pods_Well.framework in Frameworks */ = {isa = PBXBuildFile; fileRef = A8560B869390C33CC211DA86 /* Pods_Well.framework */; };
		7555FF7F242A565900829871 /* AppDelegate.swift in Sources */ = {isa = PBXBuildFile; fileRef = 7555FF7E242A565900829871 /* AppDelegate.swift */; };
		7555FF85242A565B00829871 /* Assets.xcassets in Resources */ = {isa = PBXBuildFile; fileRef = 7555FF84242A565B00829871 /* Assets.xcassets */; };
		7555FF8B242A565B00829871 /* LaunchScreen.storyboard in Resources */ = {isa = PBXBuildFile; fileRef = 7555FF89242A565B00829871 /* LaunchScreen.storyboard */; };
		7555FFB2242A642300829871 /* shared.framework in Frameworks */ = {isa = PBXBuildFile; fileRef = 7555FFB1242A642300829871 /* shared.framework */; };
		7555FFB3242A642300829871 /* shared.framework in Embed Frameworks */ = {isa = PBXBuildFile; fileRef = 7555FFB1242A642300829871 /* shared.framework */; settings = {ATTRIBUTES = (CodeSignOnCopy, RemoveHeadersOnCopy, ); }; };
		D51625612503C945009E103B /* R.generated.swift in Sources */ = {isa = PBXBuildFile; fileRef = D51625602503C945009E103B /* R.generated.swift */; };
		D51625792504BD9C009E103B /* neris_semi_bold.otf in Resources */ = {isa = PBXBuildFile; fileRef = D51625762504BD9C009E103B /* neris_semi_bold.otf */; };
		D516257A2504BD9C009E103B /* neris_thin.otf in Resources */ = {isa = PBXBuildFile; fileRef = D51625772504BD9C009E103B /* neris_thin.otf */; };
		D519AF87252441DC00C24377 /* LoginInitialViewController.swift in Sources */ = {isa = PBXBuildFile; fileRef = D519AF86252441DC00C24377 /* LoginInitialViewController.swift */; };
		D519AFAD25245E0F00C24377 /* LoginSocialsView.swift in Sources */ = {isa = PBXBuildFile; fileRef = D519AFAC25245E0F00C24377 /* LoginSocialsView.swift */; };
		D5BFD5492524670900A94FCC /* ActionButton.swift in Sources */ = {isa = PBXBuildFile; fileRef = D5BFD5482524670900A94FCC /* ActionButton.swift */; };
		D5BFD5772524938400A94FCC /* Action.swift in Sources */ = {isa = PBXBuildFile; fileRef = D5BFD5762524938400A94FCC /* Action.swift */; };
		D5BFD57925249E1900A94FCC /* HasApply.swift in Sources */ = {isa = PBXBuildFile; fileRef = D5BFD57825249E1900A94FCC /* HasApply.swift */; };
		D5BFD57D2524B06900A94FCC /* NSError+description.swift in Sources */ = {isa = PBXBuildFile; fileRef = D5BFD57C2524B06900A94FCC /* NSError+description.swift */; };
		D5BFD57F2524B0AB00A94FCC /* Bundle+displayName.swift in Sources */ = {isa = PBXBuildFile; fileRef = D5BFD57E2524B0AB00A94FCC /* Bundle+displayName.swift */; };
		D5ECE2C42523181C00207638 /* GoogleService-Info.plist in Resources */ = {isa = PBXBuildFile; fileRef = D5ECE2C32523181C00207638 /* GoogleService-Info.plist */; };
/* End PBXBuildFile section */

/* Begin PBXCopyFilesBuildPhase section */
		7555FFB4242A642300829871 /* Embed Frameworks */ = {
			isa = PBXCopyFilesBuildPhase;
			buildActionMask = 2147483647;
			dstPath = "";
			dstSubfolderSpec = 10;
			files = (
				7555FFB3242A642300829871 /* shared.framework in Embed Frameworks */,
			);
			name = "Embed Frameworks";
			runOnlyForDeploymentPostprocessing = 0;
		};
/* End PBXCopyFilesBuildPhase section */

/* Begin PBXFileReference section */
		4E7FAE8E4CF4ED7E47F58204 /* Pods-Well-WellUITests.release.xcconfig */ = {isa = PBXFileReference; includeInIndex = 1; lastKnownFileType = text.xcconfig; name = "Pods-Well-WellUITests.release.xcconfig"; path = "Target Support Files/Pods-Well-WellUITests/Pods-Well-WellUITests.release.xcconfig"; sourceTree = "<group>"; };
		7555FF7B242A565900829871 /* Well.app */ = {isa = PBXFileReference; explicitFileType = wrapper.application; includeInIndex = 0; path = Well.app; sourceTree = BUILT_PRODUCTS_DIR; };
		7555FF7E242A565900829871 /* AppDelegate.swift */ = {isa = PBXFileReference; lastKnownFileType = sourcecode.swift; path = AppDelegate.swift; sourceTree = "<group>"; };
		7555FF84242A565B00829871 /* Assets.xcassets */ = {isa = PBXFileReference; lastKnownFileType = folder.assetcatalog; path = Assets.xcassets; sourceTree = "<group>"; };
		7555FF8A242A565B00829871 /* Base */ = {isa = PBXFileReference; lastKnownFileType = file.storyboard; name = Base; path = Base.lproj/LaunchScreen.storyboard; sourceTree = "<group>"; };
		7555FF8C242A565B00829871 /* Info.plist */ = {isa = PBXFileReference; lastKnownFileType = text.plist.xml; path = Info.plist; sourceTree = "<group>"; };
		7555FFB1242A642300829871 /* shared.framework */ = {isa = PBXFileReference; lastKnownFileType = wrapper.framework; name = shared.framework; path = "../shared/build/xcode-frameworks/shared.framework"; sourceTree = "<group>"; };
		A8560B869390C33CC211DA86 /* Pods_Well.framework */ = {isa = PBXFileReference; explicitFileType = wrapper.framework; includeInIndex = 0; path = Pods_Well.framework; sourceTree = BUILT_PRODUCTS_DIR; };
		B6C5234FBEC00FAADC9E6A32 /* Pods-Well.release.xcconfig */ = {isa = PBXFileReference; includeInIndex = 1; lastKnownFileType = text.xcconfig; name = "Pods-Well.release.xcconfig"; path = "Target Support Files/Pods-Well/Pods-Well.release.xcconfig"; sourceTree = "<group>"; };
		BE7BB08AC1C3EC928622AE74 /* Pods-Well.debug.xcconfig */ = {isa = PBXFileReference; includeInIndex = 1; lastKnownFileType = text.xcconfig; name = "Pods-Well.debug.xcconfig"; path = "Target Support Files/Pods-Well/Pods-Well.debug.xcconfig"; sourceTree = "<group>"; };
		C8444AE5C00230D2481A2661 /* Pods-WellTests.release.xcconfig */ = {isa = PBXFileReference; includeInIndex = 1; lastKnownFileType = text.xcconfig; name = "Pods-WellTests.release.xcconfig"; path = "Target Support Files/Pods-WellTests/Pods-WellTests.release.xcconfig"; sourceTree = "<group>"; };
		C89E1C624FA54F84A4908E83 /* Pods-WellTests.debug.xcconfig */ = {isa = PBXFileReference; includeInIndex = 1; lastKnownFileType = text.xcconfig; name = "Pods-WellTests.debug.xcconfig"; path = "Target Support Files/Pods-WellTests/Pods-WellTests.debug.xcconfig"; sourceTree = "<group>"; };
		D51625602503C945009E103B /* R.generated.swift */ = {isa = PBXFileReference; fileEncoding = 4; lastKnownFileType = sourcecode.swift; path = R.generated.swift; sourceTree = "<group>"; };
		D51625762504BD9C009E103B /* neris_semi_bold.otf */ = {isa = PBXFileReference; lastKnownFileType = file; path = neris_semi_bold.otf; sourceTree = "<group>"; };
		D51625772504BD9C009E103B /* neris_thin.otf */ = {isa = PBXFileReference; lastKnownFileType = file; path = neris_thin.otf; sourceTree = "<group>"; };
		D519AF86252441DC00C24377 /* LoginInitialViewController.swift */ = {isa = PBXFileReference; lastKnownFileType = sourcecode.swift; path = LoginInitialViewController.swift; sourceTree = "<group>"; };
		D519AFAC25245E0F00C24377 /* LoginSocialsView.swift */ = {isa = PBXFileReference; lastKnownFileType = sourcecode.swift; path = LoginSocialsView.swift; sourceTree = "<group>"; };
		D5BFD5482524670900A94FCC /* ActionButton.swift */ = {isa = PBXFileReference; lastKnownFileType = sourcecode.swift; path = ActionButton.swift; sourceTree = "<group>"; };
		D5BFD5762524938400A94FCC /* Action.swift */ = {isa = PBXFileReference; lastKnownFileType = sourcecode.swift; path = Action.swift; sourceTree = "<group>"; };
		D5BFD57825249E1900A94FCC /* HasApply.swift */ = {isa = PBXFileReference; lastKnownFileType = sourcecode.swift; path = HasApply.swift; sourceTree = "<group>"; };
		D5BFD57C2524B06900A94FCC /* NSError+description.swift */ = {isa = PBXFileReference; lastKnownFileType = sourcecode.swift; path = "NSError+description.swift"; sourceTree = "<group>"; };
		D5BFD57E2524B0AB00A94FCC /* Bundle+displayName.swift */ = {isa = PBXFileReference; lastKnownFileType = sourcecode.swift; path = "Bundle+displayName.swift"; sourceTree = "<group>"; };
		D5ECE2C32523181C00207638 /* GoogleService-Info.plist */ = {isa = PBXFileReference; fileEncoding = 4; lastKnownFileType = text.plist.xml; path = "GoogleService-Info.plist"; sourceTree = "<group>"; };
		D5ECE30225231ECB00207638 /* Well.entitlements */ = {isa = PBXFileReference; lastKnownFileType = text.plist.entitlements; path = Well.entitlements; sourceTree = "<group>"; };
		E7C0F47F0D380B0A230F9888 /* Pods-Well-WellUITests.debug.xcconfig */ = {isa = PBXFileReference; includeInIndex = 1; lastKnownFileType = text.xcconfig; name = "Pods-Well-WellUITests.debug.xcconfig"; path = "Target Support Files/Pods-Well-WellUITests/Pods-Well-WellUITests.debug.xcconfig"; sourceTree = "<group>"; };
/* End PBXFileReference section */

/* Begin PBXFrameworksBuildPhase section */
		7555FF78242A565900829871 /* Frameworks */ = {
			isa = PBXFrameworksBuildPhase;
			buildActionMask = 2147483647;
			files = (
				7555FFB2242A642300829871 /* shared.framework in Frameworks */,
				0902BD0460D4849CA1790CBB /* Pods_Well.framework in Frameworks */,
			);
			runOnlyForDeploymentPostprocessing = 0;
		};
/* End PBXFrameworksBuildPhase section */

/* Begin PBXGroup section */
		7555FF72242A565900829871 = {
			isa = PBXGroup;
			children = (
				7555FF7D242A565900829871 /* Well */,
				7555FF7C242A565900829871 /* Products */,
				7555FFB0242A642200829871 /* Frameworks */,
				CABB8A5396FD2FD1D7099F80 /* Pods */,
			);
			sourceTree = "<group>";
		};
		7555FF7C242A565900829871 /* Products */ = {
			isa = PBXGroup;
			children = (
				7555FF7B242A565900829871 /* Well.app */,
			);
			name = Products;
			sourceTree = "<group>";
		};
		7555FF7D242A565900829871 /* Well */ = {
			isa = PBXGroup;
			children = (
				7555FF84242A565B00829871 /* Assets.xcassets */,
				D519AFAB25245DF600C24377 /* Login */,
				D5BFD57B2524AA8200A94FCC /* CustomViews */,
				D5BFD57A2524AA7400A94FCC /* General */,
				D51DA36A2503C0A700123642 /* Supporting files */,
			);
			path = Well;
			sourceTree = "<group>";
		};
		7555FFB0242A642200829871 /* Frameworks */ = {
			isa = PBXGroup;
			children = (
				7555FFB1242A642300829871 /* shared.framework */,
				A8560B869390C33CC211DA86 /* Pods_Well.framework */,
			);
			name = Frameworks;
			sourceTree = "<group>";
		};
		CABB8A5396FD2FD1D7099F80 /* Pods */ = {
			isa = PBXGroup;
			children = (
				BE7BB08AC1C3EC928622AE74 /* Pods-Well.debug.xcconfig */,
				B6C5234FBEC00FAADC9E6A32 /* Pods-Well.release.xcconfig */,
				E7C0F47F0D380B0A230F9888 /* Pods-Well-WellUITests.debug.xcconfig */,
				4E7FAE8E4CF4ED7E47F58204 /* Pods-Well-WellUITests.release.xcconfig */,
				C89E1C624FA54F84A4908E83 /* Pods-WellTests.debug.xcconfig */,
				C8444AE5C00230D2481A2661 /* Pods-WellTests.release.xcconfig */,
			);
			path = Pods;
			sourceTree = "<group>";
		};
		D51625742504BD9C009E103B /* font */ = {
			isa = PBXGroup;
			children = (
				D51625762504BD9C009E103B /* neris_semi_bold.otf */,
				D51625772504BD9C009E103B /* neris_thin.otf */,
			);
			name = font;
			path = ../../../androidApp/src/main/res/font;
			sourceTree = "<group>";
		};
		D519AFAB25245DF600C24377 /* Login */ = {
			isa = PBXGroup;
			children = (
				D519AF86252441DC00C24377 /* LoginInitialViewController.swift */,
				D519AFAC25245E0F00C24377 /* LoginSocialsView.swift */,
			);
			path = Login;
			sourceTree = "<group>";
		};
		D51DA36A2503C0A700123642 /* Supporting files */ = {
			isa = PBXGroup;
			children = (
				D5ECE30225231ECB00207638 /* Well.entitlements */,
				7555FF7E242A565900829871 /* AppDelegate.swift */,
				D51625602503C945009E103B /* R.generated.swift */,
				7555FF8C242A565B00829871 /* Info.plist */,
				D5ECE2C32523181C00207638 /* GoogleService-Info.plist */,
				7555FF89242A565B00829871 /* LaunchScreen.storyboard */,
				D51625742504BD9C009E103B /* font */,
			);
			path = "Supporting files";
			sourceTree = "<group>";
		};
		D5BFD57A2524AA7400A94FCC /* General */ = {
			isa = PBXGroup;
			children = (
				D5BFD5762524938400A94FCC /* Action.swift */,
				D5BFD57825249E1900A94FCC /* HasApply.swift */,
				D5BFD57C2524B06900A94FCC /* NSError+description.swift */,
				D5BFD57E2524B0AB00A94FCC /* Bundle+displayName.swift */,
			);
			path = General;
			sourceTree = "<group>";
		};
		D5BFD57B2524AA8200A94FCC /* CustomViews */ = {
			isa = PBXGroup;
			children = (
				D5BFD5482524670900A94FCC /* ActionButton.swift */,
			);
			path = CustomViews;
			sourceTree = "<group>";
		};
/* End PBXGroup section */

/* Begin PBXNativeTarget section */
		7555FF7A242A565900829871 /* Well */ = {
			isa = PBXNativeTarget;
			buildConfigurationList = 7555FFA5242A565B00829871 /* Build configuration list for PBXNativeTarget "Well" */;
			buildPhases = (
				1AB7C8205D06361A1F02E3B2 /* [CP] Check Pods Manifest.lock */,
				D51DA36D2503C44700123642 /* R.swift */,
				7555FFB5242A651A00829871 /* Gradlew script */,
				D51DA36E2503C47700123642 /* Swiftlint */,
				7555FF77242A565900829871 /* Sources */,
				7555FF78242A565900829871 /* Frameworks */,
				7555FF79242A565900829871 /* Resources */,
				D5ECE2F3252319F000207638 /* FirebaseCrashlytics */,
				7555FFB4242A642300829871 /* Embed Frameworks */,
				F6791FE7149714BE16B59DFD /* [CP] Embed Pods Frameworks */,
				E3BC619DFBBD0B7E84CF050E /* [CP] Copy Pods Resources */,
			);
			buildRules = (
			);
			dependencies = (
			);
			name = Well;
			productName = well;
			productReference = 7555FF7B242A565900829871 /* Well.app */;
			productType = "com.apple.product-type.application";
		};
/* End PBXNativeTarget section */

/* Begin PBXProject section */
		7555FF73242A565900829871 /* Project object */ = {
			isa = PBXProject;
			attributes = {
				LastSwiftUpdateCheck = 1130;
				LastUpgradeCheck = 1200;
				ORGANIZATIONNAME = Well;
				TargetAttributes = {
					7555FF7A242A565900829871 = {
						CreatedOnToolsVersion = 11.3.1;
					};
				};
			};
			buildConfigurationList = 7555FF76242A565900829871 /* Build configuration list for PBXProject "Well" */;
			compatibilityVersion = "Xcode 9.3";
			developmentRegion = en;
			hasScannedForEncodings = 0;
			knownRegions = (
				en,
				Base,
			);
			mainGroup = 7555FF72242A565900829871;
			productRefGroup = 7555FF7C242A565900829871 /* Products */;
			projectDirPath = "";
			projectRoot = "";
			targets = (
				7555FF7A242A565900829871 /* Well */,
			);
		};
/* End PBXProject section */

/* Begin PBXResourcesBuildPhase section */
		7555FF79242A565900829871 /* Resources */ = {
			isa = PBXResourcesBuildPhase;
			buildActionMask = 2147483647;
			files = (
				D51625792504BD9C009E103B /* neris_semi_bold.otf in Resources */,
				D516257A2504BD9C009E103B /* neris_thin.otf in Resources */,
				D5ECE2C42523181C00207638 /* GoogleService-Info.plist in Resources */,
				7555FF8B242A565B00829871 /* LaunchScreen.storyboard in Resources */,
				7555FF85242A565B00829871 /* Assets.xcassets in Resources */,
			);
			runOnlyForDeploymentPostprocessing = 0;
		};
/* End PBXResourcesBuildPhase section */

/* Begin PBXShellScriptBuildPhase section */
		1AB7C8205D06361A1F02E3B2 /* [CP] Check Pods Manifest.lock */ = {
			isa = PBXShellScriptBuildPhase;
			buildActionMask = 2147483647;
			files = (
			);
			inputFileListPaths = (
			);
			inputPaths = (
				"${PODS_PODFILE_DIR_PATH}/Podfile.lock",
				"${PODS_ROOT}/Manifest.lock",
			);
			name = "[CP] Check Pods Manifest.lock";
			outputFileListPaths = (
			);
			outputPaths = (
				"$(DERIVED_FILE_DIR)/Pods-Well-checkManifestLockResult.txt",
			);
			runOnlyForDeploymentPostprocessing = 0;
			shellPath = /bin/sh;
			shellScript = "diff \"${PODS_PODFILE_DIR_PATH}/Podfile.lock\" \"${PODS_ROOT}/Manifest.lock\" > /dev/null\nif [ $? != 0 ] ; then\n    # print error to STDERR\n    echo \"error: The sandbox is not in sync with the Podfile.lock. Run 'pod install' or update your CocoaPods installation.\" >&2\n    exit 1\nfi\n# This output is used by Xcode 'outputs' to avoid re-running this script phase.\necho \"SUCCESS\" > \"${SCRIPT_OUTPUT_FILE_0}\"\n";
			showEnvVarsInLog = 0;
		};
		7555FFB5242A651A00829871 /* Gradlew script */ = {
			isa = PBXShellScriptBuildPhase;
			buildActionMask = 2147483647;
			files = (
			);
			inputFileListPaths = (
			);
			inputPaths = (
			);
			name = "Gradlew script";
			outputFileListPaths = (
			);
			outputPaths = (
			);
			runOnlyForDeploymentPostprocessing = 0;
			shellPath = /bin/sh;
			shellScript = "cd \"$SRCROOT/..\"\n./gradlew :shared:packForXCode -PXCODE_CONFIGURATION=${CONFIGURATION}\n";
		};
		D51DA36D2503C44700123642 /* R.swift */ = {
			isa = PBXShellScriptBuildPhase;
			buildActionMask = 2147483647;
			files = (
			);
			inputFileListPaths = (
			);
			inputPaths = (
				"$(TEMP_DIR)/rswift-lastrun",
			);
			name = R.swift;
			outputFileListPaths = (
			);
			outputPaths = (
				"$(SRCROOT)/Well/Supporting files/R.generated.swift",
			);
			runOnlyForDeploymentPostprocessing = 0;
			shellPath = /bin/sh;
			shellScript = "rswift=\"$PODS_ROOT/R.swift/rswift\"\nif [ -f $rswift ]; then\n  $rswift generate \"$SRCROOT/Well/Supporting files/R.generated.swift\"\nelse\n  echo \"error: R.swift not installed; run pod install to install\"\n  return -1\nfi\n";
		};
		D51DA36E2503C47700123642 /* Swiftlint */ = {
			isa = PBXShellScriptBuildPhase;
			buildActionMask = 2147483647;
			files = (
			);
			inputFileListPaths = (
			);
			inputPaths = (
			);
			name = Swiftlint;
			outputFileListPaths = (
			);
			outputPaths = (
			);
			runOnlyForDeploymentPostprocessing = 0;
			shellPath = /bin/sh;
			shellScript = "if which swiftlint >/dev/null; then\n    swiftlint\nelse\n    echo \"warning: SwiftLint not installed, download from https://github.com/realm/SwiftLint\"\nfi\n";
		};
		D5ECE2F3252319F000207638 /* FirebaseCrashlytics */ = {
			isa = PBXShellScriptBuildPhase;
			buildActionMask = 8;
			files = (
			);
			inputFileListPaths = (
			);
			inputPaths = (
				"${DWARF_DSYM_FOLDER_PATH}/${DWARF_DSYM_FILE_NAME}/Contents/Resources/DWARF/${TARGET_NAME}",
				"$(SRCROOT)/$(BUILT_PRODUCTS_DIR)/$(INFOPLIST_PATH)",
			);
			name = FirebaseCrashlytics;
			outputFileListPaths = (
			);
			outputPaths = (
			);
			runOnlyForDeploymentPostprocessing = 1;
			shellPath = /bin/sh;
			shellScript = "\"${PODS_ROOT}/FirebaseCrashlytics/run\"\n";
		};
		E3BC619DFBBD0B7E84CF050E /* [CP] Copy Pods Resources */ = {
			isa = PBXShellScriptBuildPhase;
			buildActionMask = 2147483647;
			files = (
			);
			inputFileListPaths = (
				"${PODS_ROOT}/Target Support Files/Pods-Well/Pods-Well-resources-${CONFIGURATION}-input-files.xcfilelist",
			);
			name = "[CP] Copy Pods Resources";
			outputFileListPaths = (
				"${PODS_ROOT}/Target Support Files/Pods-Well/Pods-Well-resources-${CONFIGURATION}-output-files.xcfilelist",
			);
			runOnlyForDeploymentPostprocessing = 0;
			shellPath = /bin/sh;
			shellScript = "\"${PODS_ROOT}/Target Support Files/Pods-Well/Pods-Well-resources.sh\"\n";
			showEnvVarsInLog = 0;
		};
		F6791FE7149714BE16B59DFD /* [CP] Embed Pods Frameworks */ = {
			isa = PBXShellScriptBuildPhase;
			buildActionMask = 2147483647;
			files = (
			);
			inputFileListPaths = (
				"${PODS_ROOT}/Target Support Files/Pods-Well/Pods-Well-frameworks-${CONFIGURATION}-input-files.xcfilelist",
			);
			name = "[CP] Embed Pods Frameworks";
			outputFileListPaths = (
				"${PODS_ROOT}/Target Support Files/Pods-Well/Pods-Well-frameworks-${CONFIGURATION}-output-files.xcfilelist",
			);
			runOnlyForDeploymentPostprocessing = 0;
			shellPath = /bin/sh;
			shellScript = "\"${PODS_ROOT}/Target Support Files/Pods-Well/Pods-Well-frameworks.sh\"\n";
			showEnvVarsInLog = 0;
		};
/* End PBXShellScriptBuildPhase section */

/* Begin PBXSourcesBuildPhase section */
		7555FF77242A565900829871 /* Sources */ = {
			isa = PBXSourcesBuildPhase;
			buildActionMask = 2147483647;
			files = (
				7555FF7F242A565900829871 /* AppDelegate.swift in Sources */,
				D51625612503C945009E103B /* R.generated.swift in Sources */,
				D5BFD57925249E1900A94FCC /* HasApply.swift in Sources */,
				D519AFAD25245E0F00C24377 /* LoginSocialsView.swift in Sources */,
				D5BFD5772524938400A94FCC /* Action.swift in Sources */,
				D519AF87252441DC00C24377 /* LoginInitialViewController.swift in Sources */,
				D5BFD57D2524B06900A94FCC /* NSError+description.swift in Sources */,
				D5BFD5492524670900A94FCC /* ActionButton.swift in Sources */,
				D5BFD57F2524B0AB00A94FCC /* Bundle+displayName.swift in Sources */,
			);
			runOnlyForDeploymentPostprocessing = 0;
		};
/* End PBXSourcesBuildPhase section */

/* Begin PBXVariantGroup section */
		7555FF89242A565B00829871 /* LaunchScreen.storyboard */ = {
			isa = PBXVariantGroup;
			children = (
				7555FF8A242A565B00829871 /* Base */,
			);
			name = LaunchScreen.storyboard;
			sourceTree = "<group>";
		};
/* End PBXVariantGroup section */

/* Begin XCBuildConfiguration section */
		7555FFA3242A565B00829871 /* Debug */ = {
			isa = XCBuildConfiguration;
			buildSettings = {
				ALWAYS_SEARCH_USER_PATHS = NO;
				CLANG_ANALYZER_NONNULL = YES;
				CLANG_ANALYZER_NUMBER_OBJECT_CONVERSION = YES_AGGRESSIVE;
				CLANG_CXX_LANGUAGE_STANDARD = "gnu++14";
				CLANG_CXX_LIBRARY = "libc++";
				CLANG_ENABLE_MODULES = YES;
				CLANG_ENABLE_OBJC_ARC = YES;
				CLANG_ENABLE_OBJC_WEAK = YES;
				CLANG_WARN_BLOCK_CAPTURE_AUTORELEASING = YES;
				CLANG_WARN_BOOL_CONVERSION = YES;
				CLANG_WARN_COMMA = YES;
				CLANG_WARN_CONSTANT_CONVERSION = YES;
				CLANG_WARN_DEPRECATED_OBJC_IMPLEMENTATIONS = YES;
				CLANG_WARN_DIRECT_OBJC_ISA_USAGE = YES_ERROR;
				CLANG_WARN_DOCUMENTATION_COMMENTS = YES;
				CLANG_WARN_EMPTY_BODY = YES;
				CLANG_WARN_ENUM_CONVERSION = YES;
				CLANG_WARN_INFINITE_RECURSION = YES;
				CLANG_WARN_INT_CONVERSION = YES;
				CLANG_WARN_NON_LITERAL_NULL_CONVERSION = YES;
				CLANG_WARN_OBJC_IMPLICIT_RETAIN_SELF = YES;
				CLANG_WARN_OBJC_LITERAL_CONVERSION = YES;
				CLANG_WARN_OBJC_ROOT_CLASS = YES_ERROR;
				CLANG_WARN_QUOTED_INCLUDE_IN_FRAMEWORK_HEADER = YES;
				CLANG_WARN_RANGE_LOOP_ANALYSIS = YES;
				CLANG_WARN_STRICT_PROTOTYPES = YES;
				CLANG_WARN_SUSPICIOUS_MOVE = YES;
				CLANG_WARN_UNGUARDED_AVAILABILITY = YES_AGGRESSIVE;
				CLANG_WARN_UNREACHABLE_CODE = YES;
				CLANG_WARN__DUPLICATE_METHOD_MATCH = YES;
				COPY_PHASE_STRIP = NO;
				DEBUG_INFORMATION_FORMAT = "dwarf-with-dsym";
				ENABLE_STRICT_OBJC_MSGSEND = YES;
				ENABLE_TESTABILITY = YES;
				GCC_C_LANGUAGE_STANDARD = gnu11;
				GCC_DYNAMIC_NO_PIC = NO;
				GCC_NO_COMMON_BLOCKS = YES;
				GCC_OPTIMIZATION_LEVEL = 0;
				GCC_PREPROCESSOR_DEFINITIONS = (
					"DEBUG=1",
					"$(inherited)",
				);
				GCC_WARN_64_TO_32_BIT_CONVERSION = YES;
				GCC_WARN_ABOUT_RETURN_TYPE = YES_ERROR;
				GCC_WARN_UNDECLARED_SELECTOR = YES;
				GCC_WARN_UNINITIALIZED_AUTOS = YES_AGGRESSIVE;
				GCC_WARN_UNUSED_FUNCTION = YES;
				GCC_WARN_UNUSED_VARIABLE = YES;
				IPHONEOS_DEPLOYMENT_TARGET = 13.2;
				MTL_ENABLE_DEBUG_INFO = INCLUDE_SOURCE;
				MTL_FAST_MATH = YES;
				ONLY_ACTIVE_ARCH = YES;
				SDKROOT = iphoneos;
				SWIFT_ACTIVE_COMPILATION_CONDITIONS = DEBUG;
				SWIFT_OPTIMIZATION_LEVEL = "-Onone";
			};
			name = Debug;
		};
		7555FFA4242A565B00829871 /* Release */ = {
			isa = XCBuildConfiguration;
			buildSettings = {
				ALWAYS_SEARCH_USER_PATHS = NO;
				CLANG_ANALYZER_NONNULL = YES;
				CLANG_ANALYZER_NUMBER_OBJECT_CONVERSION = YES_AGGRESSIVE;
				CLANG_CXX_LANGUAGE_STANDARD = "gnu++14";
				CLANG_CXX_LIBRARY = "libc++";
				CLANG_ENABLE_MODULES = YES;
				CLANG_ENABLE_OBJC_ARC = YES;
				CLANG_ENABLE_OBJC_WEAK = YES;
				CLANG_WARN_BLOCK_CAPTURE_AUTORELEASING = YES;
				CLANG_WARN_BOOL_CONVERSION = YES;
				CLANG_WARN_COMMA = YES;
				CLANG_WARN_CONSTANT_CONVERSION = YES;
				CLANG_WARN_DEPRECATED_OBJC_IMPLEMENTATIONS = YES;
				CLANG_WARN_DIRECT_OBJC_ISA_USAGE = YES_ERROR;
				CLANG_WARN_DOCUMENTATION_COMMENTS = YES;
				CLANG_WARN_EMPTY_BODY = YES;
				CLANG_WARN_ENUM_CONVERSION = YES;
				CLANG_WARN_INFINITE_RECURSION = YES;
				CLANG_WARN_INT_CONVERSION = YES;
				CLANG_WARN_NON_LITERAL_NULL_CONVERSION = YES;
				CLANG_WARN_OBJC_IMPLICIT_RETAIN_SELF = YES;
				CLANG_WARN_OBJC_LITERAL_CONVERSION = YES;
				CLANG_WARN_OBJC_ROOT_CLASS = YES_ERROR;
				CLANG_WARN_QUOTED_INCLUDE_IN_FRAMEWORK_HEADER = YES;
				CLANG_WARN_RANGE_LOOP_ANALYSIS = YES;
				CLANG_WARN_STRICT_PROTOTYPES = YES;
				CLANG_WARN_SUSPICIOUS_MOVE = YES;
				CLANG_WARN_UNGUARDED_AVAILABILITY = YES_AGGRESSIVE;
				CLANG_WARN_UNREACHABLE_CODE = YES;
				CLANG_WARN__DUPLICATE_METHOD_MATCH = YES;
				COPY_PHASE_STRIP = NO;
				DEBUG_INFORMATION_FORMAT = "dwarf-with-dsym";
				ENABLE_NS_ASSERTIONS = NO;
				ENABLE_STRICT_OBJC_MSGSEND = YES;
				GCC_C_LANGUAGE_STANDARD = gnu11;
				GCC_NO_COMMON_BLOCKS = YES;
				GCC_WARN_64_TO_32_BIT_CONVERSION = YES;
				GCC_WARN_ABOUT_RETURN_TYPE = YES_ERROR;
				GCC_WARN_UNDECLARED_SELECTOR = YES;
				GCC_WARN_UNINITIALIZED_AUTOS = YES_AGGRESSIVE;
				GCC_WARN_UNUSED_FUNCTION = YES;
				GCC_WARN_UNUSED_VARIABLE = YES;
				IPHONEOS_DEPLOYMENT_TARGET = 13.2;
				MTL_ENABLE_DEBUG_INFO = NO;
				MTL_FAST_MATH = YES;
				SDKROOT = iphoneos;
				SWIFT_COMPILATION_MODE = wholemodule;
				SWIFT_OPTIMIZATION_LEVEL = "-O";
				VALIDATE_PRODUCT = YES;
			};
			name = Release;
		};
		7555FFA6242A565B00829871 /* Debug */ = {
			isa = XCBuildConfiguration;
			baseConfigurationReference = BE7BB08AC1C3EC928622AE74 /* Pods-Well.debug.xcconfig */;
			buildSettings = {
				ASSETCATALOG_COMPILER_APPICON_NAME = AppIcon;
				CODE_SIGN_ENTITLEMENTS = "Well/Supporting files/Well.entitlements";
				CODE_SIGN_STYLE = Automatic;
				DEVELOPMENT_TEAM = FVMDZDYX72;
				FRAMEWORK_SEARCH_PATHS = (
					"$(inherited)",
					"$(SRCROOT)/../shared/build/xcode-frameworks",
					"\"${PODS_CONFIGURATION_BUILD_DIR}/R.swift.Library\"",
				);
				INFOPLIST_FILE = "well/Supporting files/Info.plist";
				IPHONEOS_DEPLOYMENT_TARGET = 12.0;
				LD_RUNPATH_SEARCH_PATHS = (
					"$(inherited)",
					"@executable_path/Frameworks",
				);
				PRODUCT_BUNDLE_IDENTIFIER = com.well.iosApp;
				PRODUCT_NAME = "$(TARGET_NAME)";
				SWIFT_VERSION = 5.0;
				TARGETED_DEVICE_FAMILY = 1;
			};
			name = Debug;
		};
		7555FFA7242A565B00829871 /* Release */ = {
			isa = XCBuildConfiguration;
			baseConfigurationReference = B6C5234FBEC00FAADC9E6A32 /* Pods-Well.release.xcconfig */;
			buildSettings = {
				ASSETCATALOG_COMPILER_APPICON_NAME = AppIcon;
				CODE_SIGN_ENTITLEMENTS = "Well/Supporting files/Well.entitlements";
				CODE_SIGN_STYLE = Automatic;
				DEVELOPMENT_TEAM = FVMDZDYX72;
				FRAMEWORK_SEARCH_PATHS = (
					"$(inherited)",
					"$(SRCROOT)/../shared/build/xcode-frameworks",
					"\"${PODS_CONFIGURATION_BUILD_DIR}/R.swift.Library\"",
				);
				INFOPLIST_FILE = "well/Supporting files/Info.plist";
				IPHONEOS_DEPLOYMENT_TARGET = 12.0;
				LD_RUNPATH_SEARCH_PATHS = (
					"$(inherited)",
					"@executable_path/Frameworks",
				);
				PRODUCT_BUNDLE_IDENTIFIER = com.well.iosApp;
				PRODUCT_NAME = "$(TARGET_NAME)";
				SWIFT_VERSION = 5.0;
				TARGETED_DEVICE_FAMILY = 1;
			};
			name = Release;
		};
/* End XCBuildConfiguration section */

/* Begin XCConfigurationList section */
		7555FF76242A565900829871 /* Build configuration list for PBXProject "Well" */ = {
			isa = XCConfigurationList;
			buildConfigurations = (
				7555FFA3242A565B00829871 /* Debug */,
				7555FFA4242A565B00829871 /* Release */,
			);
			defaultConfigurationIsVisible = 0;
			defaultConfigurationName = Release;
		};
		7555FFA5242A565B00829871 /* Build configuration list for PBXNativeTarget "Well" */ = {
			isa = XCConfigurationList;
			buildConfigurations = (
				7555FFA6242A565B00829871 /* Debug */,
				7555FFA7242A565B00829871 /* Release */,
			);
			defaultConfigurationIsVisible = 0;
			defaultConfigurationName = Release;
		};
/* End XCConfigurationList section */
	};
	rootObject = 7555FF73242A565900829871 /* Project object */;
}
