// !$*UTF8*$!
{
	archiveVersion = 1;
	classes = {
	};
	objectVersion = 51;
	objects = {

/* Begin PBXBuildFile section */
		347D1284F7802A92EBD89A49 /* RatingScreen.swift in Sources */ = {isa = PBXBuildFile; fileRef = 347D120E9EF2045F5DDC5CD6 /* RatingScreen.swift */; };
		347D13682DCE047F060B9764 /* ChatListCell.swift in Sources */ = {isa = PBXBuildFile; fileRef = 347D1764FF8FC528EC754EE5 /* ChatListCell.swift */; };
		347D1372A2174B5CAA95D982 /* gestures.swift in Sources */ = {isa = PBXBuildFile; fileRef = 347D17517FA78646AC22A909 /* gestures.swift */; };
		347D15604CDC1A62ED92D445 /* ProjectTextEditor.swift in Sources */ = {isa = PBXBuildFile; fileRef = 347D13C627400CA9EA09C776 /* ProjectTextEditor.swift */; };
		347D15DDABDD467C0CC08BF1 /* RatingInfoView.swift in Sources */ = {isa = PBXBuildFile; fileRef = 347D10162C3E3F617B8B7A24 /* RatingInfoView.swift */; };
		347D163CCB059A465F663633 /* SharedImage.swift in Sources */ = {isa = PBXBuildFile; fileRef = 347D1E959C04E1097F02FE36 /* SharedImage.swift */; };
		347D1737EF6D0ED04DA9AC65 /* ForEachIndexed.swift in Sources */ = {isa = PBXBuildFile; fileRef = 347D1C3FB3AB18BE58691534 /* ForEachIndexed.swift */; };
		347D175D1749D3241338FD6A /* ViewModelObservable.swift in Sources */ = {isa = PBXBuildFile; fileRef = 347D1E5F03A430E281A7B69E /* ViewModelObservable.swift */; };
		347D178406E17BBA44CDAA45 /* SelectableHVStack.swift in Sources */ = {isa = PBXBuildFile; fileRef = 347D1AAC642FF35292FB7CA4 /* SelectableHVStack.swift */; };
		347D180C8AC6394A03BAA2DD /* ChatMessageCell.swift in Sources */ = {isa = PBXBuildFile; fileRef = 347D1C478A9BD7754D97E01A /* ChatMessageCell.swift */; };
		347D1A25C3F01A6BE29610D2 /* UIKit.swift in Sources */ = {isa = PBXBuildFile; fileRef = 347D17D8B928F2A6E88E67E8 /* UIKit.swift */; };
		347D1A87588CBF1F893DF5A8 /* ActionButtonStyle.swift in Sources */ = {isa = PBXBuildFile; fileRef = 347D153B0C1410B1F25CD661 /* ActionButtonStyle.swift */; };
		347D1B5FCCA8AC2CBCFFF0DD /* ToggleFavoriteButton.swift in Sources */ = {isa = PBXBuildFile; fileRef = 347D14BAE525CB97AED4334F /* ToggleFavoriteButton.swift */; };
		347D1EF0863AA4967A9629E1 /* SupportScreen.swift in Sources */ = {isa = PBXBuildFile; fileRef = 347D1015E6F913660F210818 /* SupportScreen.swift */; };
		347D1FC94691586F8E442AEF /* AboutScreen.swift in Sources */ = {isa = PBXBuildFile; fileRef = 347D13A469E07DE98EF0A87D /* AboutScreen.swift */; };
		350C89E3F053B6A9DC3969E5 /* Pods_LocalTest.framework in Frameworks */ = {isa = PBXBuildFile; fileRef = 71FE008199F99D007499B8C1 /* Pods_LocalTest.framework */; };
		4A0A75942727440500632E84 /* AppContainer.swift in Sources */ = {isa = PBXBuildFile; fileRef = 4A0A75932727440500632E84 /* AppContainer.swift */; };
		4A0A75952727440500632E84 /* AppContainer.swift in Sources */ = {isa = PBXBuildFile; fileRef = 4A0A75932727440500632E84 /* AppContainer.swift */; };
		4A0A75F82728AA4E00632E84 /* AvailabilitiesList.swift in Sources */ = {isa = PBXBuildFile; fileRef = 4A0A75F72728AA4E00632E84 /* AvailabilitiesList.swift */; };
		4A0A75F92728AA4F00632E84 /* AvailabilitiesList.swift in Sources */ = {isa = PBXBuildFile; fileRef = 4A0A75F72728AA4E00632E84 /* AvailabilitiesList.swift */; };
		4A0A75FB2728BBB300632E84 /* AvailabilityEditView.swift in Sources */ = {isa = PBXBuildFile; fileRef = 4A0A75FA2728BBB300632E84 /* AvailabilityEditView.swift */; };
		4A0A75FC2728BBB300632E84 /* AvailabilityEditView.swift in Sources */ = {isa = PBXBuildFile; fileRef = 4A0A75FA2728BBB300632E84 /* AvailabilityEditView.swift */; };
		4A187CC82760F8A900EEE563 /* TabBarController.swift in Sources */ = {isa = PBXBuildFile; fileRef = 4A187CC72760F8A900EEE563 /* TabBarController.swift */; };
		4A187CC92760F8A900EEE563 /* TabBarController.swift in Sources */ = {isa = PBXBuildFile; fileRef = 4A187CC72760F8A900EEE563 /* TabBarController.swift */; };
		4A278EFC2743520D00A612C1 /* ForceNavControllerBarHidden.swift in Sources */ = {isa = PBXBuildFile; fileRef = 4A278EFB2743520D00A612C1 /* ForceNavControllerBarHidden.swift */; };
		4A3A82BA26626D70003DD1F3 /* MoreScreen.swift in Sources */ = {isa = PBXBuildFile; fileRef = 347D19F97DCC9822CBBE4C71 /* MoreScreen.swift */; };
		4A42E2B027294D5300E839CF /* TabRow.swift in Sources */ = {isa = PBXBuildFile; fileRef = 4A42E2AF27294D5300E839CF /* TabRow.swift */; };
		4A42E2B127294D5300E839CF /* TabRow.swift in Sources */ = {isa = PBXBuildFile; fileRef = 4A42E2AF27294D5300E839CF /* TabRow.swift */; };
		4A42E2BF2729DAFE00E839CF /* RequestConsultationView.swift in Sources */ = {isa = PBXBuildFile; fileRef = 4A42E2BE2729DAFE00E839CF /* RequestConsultationView.swift */; };
		4A42E2C02729DAFE00E839CF /* RequestConsultationView.swift in Sources */ = {isa = PBXBuildFile; fileRef = 4A42E2BE2729DAFE00E839CF /* RequestConsultationView.swift */; };
		4A42E2CE272B4BCF00E839CF /* partialSheet.swift in Sources */ = {isa = PBXBuildFile; fileRef = 4A42E2CD272B4BCF00E839CF /* partialSheet.swift */; };
		4A42E2CF272B4BCF00E839CF /* partialSheet.swift in Sources */ = {isa = PBXBuildFile; fileRef = 4A42E2CD272B4BCF00E839CF /* partialSheet.swift */; };
		4A4E3E8F267A469300BF34EC /* ChatListScreen.swift in Sources */ = {isa = PBXBuildFile; fileRef = 347D1C3DE2A7916F73A72D11 /* ChatListScreen.swift */; };
		4A4E3E90267A469300BF34EC /* UserChatScreen.swift in Sources */ = {isa = PBXBuildFile; fileRef = 347D1E65EC96D4AE332C928E /* UserChatScreen.swift */; };
		4A5475332758B0DC0023D006 /* Shapes.swift in Sources */ = {isa = PBXBuildFile; fileRef = 4A5475322758B0DC0023D006 /* Shapes.swift */; };
		4A5475342758B0DC0023D006 /* Shapes.swift in Sources */ = {isa = PBXBuildFile; fileRef = 4A5475322758B0DC0023D006 /* Shapes.swift */; };
		4A547537275BA60B0023D006 /* HalfScreenActivityView.swift in Sources */ = {isa = PBXBuildFile; fileRef = 4A547536275BA60B0023D006 /* HalfScreenActivityView.swift */; };
		4A547538275BA60B0023D006 /* HalfScreenActivityView.swift in Sources */ = {isa = PBXBuildFile; fileRef = 4A547536275BA60B0023D006 /* HalfScreenActivityView.swift */; };
		4A6ABABB270F45B900D8621E /* Napier.swift in Sources */ = {isa = PBXBuildFile; fileRef = 4A6ABABA270F45B900D8621E /* Napier.swift */; };
		4A6ABABF270F544D00D8621E /* HorizontalCapsule.swift in Sources */ = {isa = PBXBuildFile; fileRef = 4A6ABABE270F544D00D8621E /* HorizontalCapsule.swift */; };
		4A82800E2725EBFB004DF64E /* LocalTestApp.swift in Sources */ = {isa = PBXBuildFile; fileRef = 4A82800D2725EBFB004DF64E /* LocalTestApp.swift */; };
		4A8280102725EBFB004DF64E /* VideoView.swift in Sources */ = {isa = PBXBuildFile; fileRef = 4A82800F2725EBFB004DF64E /* VideoView.swift */; };
		4A82801B2725EDAB004DF64E /* ExpertsScreen.swift in Sources */ = {isa = PBXBuildFile; fileRef = D5F0A09B2578AC4D002A55DB /* ExpertsScreen.swift */; };
		4A82801C2725EDAB004DF64E /* UserChatScreen.swift in Sources */ = {isa = PBXBuildFile; fileRef = 347D1E65EC96D4AE332C928E /* UserChatScreen.swift */; };
		4A82801D2725EDAB004DF64E /* Models.swift in Sources */ = {isa = PBXBuildFile; fileRef = 96351CD0B22C50D7CAD4A377 /* Models.swift */; };
		4A82801E2725EDAB004DF64E /* WelcomeScreen.swift in Sources */ = {isa = PBXBuildFile; fileRef = D568034F26384A2500CFE16B /* WelcomeScreen.swift */; };
		4A82801F2725EDAB004DF64E /* Color.swift in Sources */ = {isa = PBXBuildFile; fileRef = 963518BD2D5690278A4E6851 /* Color.swift */; };
		4A8280212725EDAB004DF64E /* InactiveOverlay.swift in Sources */ = {isa = PBXBuildFile; fileRef = D5378B1A25DA211C00561199 /* InactiveOverlay.swift */; };
		4A8280222725EDAB004DF64E /* ImageSharingBottomBar.swift in Sources */ = {isa = PBXBuildFile; fileRef = 96351CD9A4D3935EDAE8F424 /* ImageSharingBottomBar.swift */; };
		4A8280232725EDAB004DF64E /* AboutScreen.swift in Sources */ = {isa = PBXBuildFile; fileRef = 347D13A469E07DE98EF0A87D /* AboutScreen.swift */; };
		4A8280242725EDAB004DF64E /* ChatListScreen.swift in Sources */ = {isa = PBXBuildFile; fileRef = 347D1C3DE2A7916F73A72D11 /* ChatListScreen.swift */; };
		4A8280252725EDAB004DF64E /* ToggleFavoriteButton.swift in Sources */ = {isa = PBXBuildFile; fileRef = 347D14BAE525CB97AED4334F /* ToggleFavoriteButton.swift */; };
		4A8280262725EDAB004DF64E /* DrawingPanel.swift in Sources */ = {isa = PBXBuildFile; fileRef = 96351F2532BB0EF790BA1340 /* DrawingPanel.swift */; };
		4A8280272725EDAB004DF64E /* HVStack.swift in Sources */ = {isa = PBXBuildFile; fileRef = D556940E25D473880012EA36 /* HVStack.swift */; };
		4A8280282725EDAB004DF64E /* SearchBar.swift in Sources */ = {isa = PBXBuildFile; fileRef = D568034D26383DA900CFE16B /* SearchBar.swift */; };
		4A8280292725EDAB004DF64E /* SharedImage.swift in Sources */ = {isa = PBXBuildFile; fileRef = 347D1E959C04E1097F02FE36 /* SharedImage.swift */; };
		4A82802A2725EDAB004DF64E /* FilterScreen.swift in Sources */ = {isa = PBXBuildFile; fileRef = 4AE3A0F526443820005BB554 /* FilterScreen.swift */; };
		4A82802B2725EDAB004DF64E /* SwiftUI.swift in Sources */ = {isa = PBXBuildFile; fileRef = 963518ED05F25F148D6F5928 /* SwiftUI.swift */; };
		4A82802C2725EDAB004DF64E /* Control.swift in Sources */ = {isa = PBXBuildFile; fileRef = D555C1E825D64A9100B4755F /* Control.swift */; };
		4A82802D2725EDAB004DF64E /* RatingInfoView.swift in Sources */ = {isa = PBXBuildFile; fileRef = 347D10162C3E3F617B8B7A24 /* RatingInfoView.swift */; };
		4A82802E2725EDAB004DF64E /* LoginScreen.swift in Sources */ = {isa = PBXBuildFile; fileRef = D555C1FF25D8102300B4755F /* LoginScreen.swift */; };
		4A82802F2725EDAB004DF64E /* ToggleStillButton.swift in Sources */ = {isa = PBXBuildFile; fileRef = 963510CBADB952EF5FE43C78 /* ToggleStillButton.swift */; };
		4A8280302725EDAB004DF64E /* RatingScreen.swift in Sources */ = {isa = PBXBuildFile; fileRef = 347D120E9EF2045F5DDC5CD6 /* RatingScreen.swift */; };
		4A8280312725EDAB004DF64E /* ForEachIndexed.swift in Sources */ = {isa = PBXBuildFile; fileRef = 347D1C3FB3AB18BE58691534 /* ForEachIndexed.swift */; };
		4A8280322725EDAB004DF64E /* OffsetCircle.swift in Sources */ = {isa = PBXBuildFile; fileRef = 963515E31AB00CDA4DEA8E8C /* OffsetCircle.swift */; };
		4A8280332725EDAB004DF64E /* DrawShape.swift in Sources */ = {isa = PBXBuildFile; fileRef = 96351B83B3BB91E6FE424C46 /* DrawShape.swift */; };
		4A8280342725EDAB004DF64E /* AsyncImage.swift in Sources */ = {isa = PBXBuildFile; fileRef = 963518BB137F85C8DB28F64A /* AsyncImage.swift */; };
		4A8280352725EDAB004DF64E /* gestures.swift in Sources */ = {isa = PBXBuildFile; fileRef = 347D17517FA78646AC22A909 /* gestures.swift */; };
		4A8280362725EDAB004DF64E /* AvailabilitiesCalendarView.swift in Sources */ = {isa = PBXBuildFile; fileRef = 4AC263DA27229F4E002BE68B /* AvailabilitiesCalendarView.swift */; };
		4A8280372725EDAB004DF64E /* ViewModelObservable.swift in Sources */ = {isa = PBXBuildFile; fileRef = 347D1E5F03A430E281A7B69E /* ViewModelObservable.swift */; };
		4A8280382725EDAB004DF64E /* ProjectTextEditor.swift in Sources */ = {isa = PBXBuildFile; fileRef = 347D13C627400CA9EA09C776 /* ProjectTextEditor.swift */; };
		4A8280392725EDAB004DF64E /* CallScreen.swift in Sources */ = {isa = PBXBuildFile; fileRef = D5087659259A64B4000A57E5 /* CallScreen.swift */; };
		4A82803A2725EDAB004DF64E /* NavigationBar.swift in Sources */ = {isa = PBXBuildFile; fileRef = D555C1EA25D6556200B4755F /* NavigationBar.swift */; };
		4A82803B2725EDAB004DF64E /* Kotlin.swift in Sources */ = {isa = PBXBuildFile; fileRef = 96351127BC8BE95E698F3507 /* Kotlin.swift */; };
		4A82803C2725EDAB004DF64E /* GradientKMM.swift in Sources */ = {isa = PBXBuildFile; fileRef = D555C21E25D9013A00B4755F /* GradientKMM.swift */; };
		4A82803D2725EDAB004DF64E /* ImageSharing.swift in Sources */ = {isa = PBXBuildFile; fileRef = 963511698F818E07DF430267 /* ImageSharing.swift */; };
		4A82803E2725EDAB004DF64E /* EdgeInsets.swift in Sources */ = {isa = PBXBuildFile; fileRef = 963513DDB06C22E5A9391A01 /* EdgeInsets.swift */; };
		4A82803F2725EDAB004DF64E /* ViewContainer.swift in Sources */ = {isa = PBXBuildFile; fileRef = 963511D84AC7F5AE438A17B1 /* ViewContainer.swift */; };
		4A8280402725EDAB004DF64E /* Foundation.swift in Sources */ = {isa = PBXBuildFile; fileRef = D555C1F025D70AB700B4755F /* Foundation.swift */; };
		4A8280412725EDAB004DF64E /* Flow.swift in Sources */ = {isa = PBXBuildFile; fileRef = 4AC2640C272387E7002BE68B /* Flow.swift */; };
		4A8280422725EDAB004DF64E /* ImageLoader.swift in Sources */ = {isa = PBXBuildFile; fileRef = 96351D39539561818A675E6A /* ImageLoader.swift */; };
		4A8280432725EDAB004DF64E /* Typography.swift in Sources */ = {isa = PBXBuildFile; fileRef = 9635187200737E866C588DF2 /* Typography.swift */; };
		4A8280442725EDAB004DF64E /* UserCell.swift in Sources */ = {isa = PBXBuildFile; fileRef = D5F0A09D2578AC7A002A55DB /* UserCell.swift */; };
		4A8280452725EDAB004DF64E /* ProfileImage.swift in Sources */ = {isa = PBXBuildFile; fileRef = 96351B154D0F87BC97B362E5 /* ProfileImage.swift */; };
		4A8280462725EDAB004DF64E /* ReducerView.swift in Sources */ = {isa = PBXBuildFile; fileRef = 4AC263D727229EEE002BE68B /* ReducerView.swift */; };
		4A8280472725EDAB004DF64E /* MyProfileScreen.swift in Sources */ = {isa = PBXBuildFile; fileRef = D556940925D471F10012EA36 /* MyProfileScreen.swift */; };
		4A8280482725EDAB004DF64E /* PartCircleShape.swift in Sources */ = {isa = PBXBuildFile; fileRef = 96351144717EC2152B5D829D /* PartCircleShape.swift */; };
		4A8280492725EDAB004DF64E /* MoreScreen.swift in Sources */ = {isa = PBXBuildFile; fileRef = 347D19F97DCC9822CBBE4C71 /* MoreScreen.swift */; };
		4A82804A2725EDAB004DF64E /* SupportScreen.swift in Sources */ = {isa = PBXBuildFile; fileRef = 347D1015E6F913660F210818 /* SupportScreen.swift */; };
		4A82804B2725EDAB004DF64E /* HostingController.swift in Sources */ = {isa = PBXBuildFile; fileRef = 963512B5B12B74C258B78937 /* HostingController.swift */; };
		4A82804C2725EDAB004DF64E /* CallButton.swift in Sources */ = {isa = PBXBuildFile; fileRef = 963514A3737F29804FD55C23 /* CallButton.swift */; };
		4A82804D2725EDAB004DF64E /* EditingField.swift in Sources */ = {isa = PBXBuildFile; fileRef = D555C1E025D63A6F00B4755F /* EditingField.swift */; };
		4A82804E2725EDAB004DF64E /* SelectionScreen.swift in Sources */ = {isa = PBXBuildFile; fileRef = D555C1DE25D63A5500B4755F /* SelectionScreen.swift */; };
		4A82804F2725EDAB004DF64E /* ActionButtonStyle.swift in Sources */ = {isa = PBXBuildFile; fileRef = 347D153B0C1410B1F25CD661 /* ActionButtonStyle.swift */; };
		4A8280502725EDAB004DF64E /* Napier.swift in Sources */ = {isa = PBXBuildFile; fileRef = 4A6ABABA270F45B900D8621E /* Napier.swift */; };
		4A8280512725EDAB004DF64E /* CG.swift in Sources */ = {isa = PBXBuildFile; fileRef = 96351DDBE2296E6603783838 /* CG.swift */; };
		4A8280522725EDAB004DF64E /* ChatMessageCell.swift in Sources */ = {isa = PBXBuildFile; fileRef = 347D1C478A9BD7754D97E01A /* ChatMessageCell.swift */; };
		4A8280532725EDAB004DF64E /* ManualViewUpdater.swift in Sources */ = {isa = PBXBuildFile; fileRef = 96351E8E8B0DCF8466BE3A44 /* ManualViewUpdater.swift */; };
		4A8280542725EDAB004DF64E /* WidthSlider.swift in Sources */ = {isa = PBXBuildFile; fileRef = 96351642EE328C94AC5B4D99 /* WidthSlider.swift */; };
		4A8280552725EDAB004DF64E /* HorizontalCapsule.swift in Sources */ = {isa = PBXBuildFile; fileRef = 4A6ABABE270F544D00D8621E /* HorizontalCapsule.swift */; };
		4A8280562725EDAB004DF64E /* ColorPicker.swift in Sources */ = {isa = PBXBuildFile; fileRef = 96351161F74FFEEFE8D62B02 /* ColorPicker.swift */; };
		4A8280572725EDAB004DF64E /* DrawingContent.swift in Sources */ = {isa = PBXBuildFile; fileRef = D5E6AF9025CEB18700AA0538 /* DrawingContent.swift */; };
		4A8280582725EDAB004DF64E /* Label.swift in Sources */ = {isa = PBXBuildFile; fileRef = 963512AA2B28EDE3FE7F42AF /* Label.swift */; };
		4A8280592725EDAB004DF64E /* CallBottomBar.swift in Sources */ = {isa = PBXBuildFile; fileRef = 96351C953DED2FE17C86DD9E /* CallBottomBar.swift */; };
		4A82805B2725EDAB004DF64E /* SelectableHVStack.swift in Sources */ = {isa = PBXBuildFile; fileRef = 347D1AAC642FF35292FB7CA4 /* SelectableHVStack.swift */; };
		4A82805C2725EDAB004DF64E /* UIKit.swift in Sources */ = {isa = PBXBuildFile; fileRef = 347D17D8B928F2A6E88E67E8 /* UIKit.swift */; };
		4A82805D2725EDAB004DF64E /* ChatListCell.swift in Sources */ = {isa = PBXBuildFile; fileRef = 347D1764FF8FC528EC754EE5 /* ChatListCell.swift */; };
		4A8280612725F124004DF64E /* Assets.xcassets in Resources */ = {isa = PBXBuildFile; fileRef = 7555FF84242A565B00829871 /* Assets.xcassets */; };
		4A8280662725F549004DF64E /* Bundle+displayName.swift in Sources */ = {isa = PBXBuildFile; fileRef = D5BFD57E2524B0AB00A94FCC /* Bundle+displayName.swift */; };
		4A8280672725F549004DF64E /* NSError+description.swift in Sources */ = {isa = PBXBuildFile; fileRef = D5BFD57C2524B06900A94FCC /* NSError+description.swift */; };
		4A8280682725F549004DF64E /* HasApply.swift in Sources */ = {isa = PBXBuildFile; fileRef = D5BFD57825249E1900A94FCC /* HasApply.swift */; };
		4A82806A2725FA3C004DF64E /* detectVolumeButton.swift in Sources */ = {isa = PBXBuildFile; fileRef = 4A8280692725FA3C004DF64E /* detectVolumeButton.swift */; };
		4A82806E272714AB004DF64E /* typealiases.swift in Sources */ = {isa = PBXBuildFile; fileRef = 4A82806D272714AB004DF64E /* typealiases.swift */; };
		4A8280722727157A004DF64E /* TestScreens.swift in Sources */ = {isa = PBXBuildFile; fileRef = 4A8280712727157A004DF64E /* TestScreens.swift */; };
		4A98B2F827578B0600E62B8D /* CalendarScreen.swift in Sources */ = {isa = PBXBuildFile; fileRef = 4A98B2F727578B0600E62B8D /* CalendarScreen.swift */; };
		4A98B2F927578C5500E62B8D /* CalendarScreen.swift in Sources */ = {isa = PBXBuildFile; fileRef = 4A98B2F727578B0600E62B8D /* CalendarScreen.swift */; };
		4A98B2FB2757910800E62B8D /* CalendarMonthView.swift in Sources */ = {isa = PBXBuildFile; fileRef = 4A98B2FA2757910800E62B8D /* CalendarMonthView.swift */; };
		4A98B2FC2757910800E62B8D /* CalendarMonthView.swift in Sources */ = {isa = PBXBuildFile; fileRef = 4A98B2FA2757910800E62B8D /* CalendarMonthView.swift */; };
		4A9F38522741EAED004D5EF5 /* RoundedCornerRectangle.swift in Sources */ = {isa = PBXBuildFile; fileRef = 4A9F38512741EAED004D5EF5 /* RoundedCornerRectangle.swift */; };
		4A9F38532741EAED004D5EF5 /* RoundedCornerRectangle.swift in Sources */ = {isa = PBXBuildFile; fileRef = 4A9F38512741EAED004D5EF5 /* RoundedCornerRectangle.swift */; };
		4A9F386827432140004D5EF5 /* PageView.swift in Sources */ = {isa = PBXBuildFile; fileRef = 4A9F386727432140004D5EF5 /* PageView.swift */; };
		4A9F386927432140004D5EF5 /* PageView.swift in Sources */ = {isa = PBXBuildFile; fileRef = 4A9F386727432140004D5EF5 /* PageView.swift */; };
		4AC263D827229EEE002BE68B /* ReducerView.swift in Sources */ = {isa = PBXBuildFile; fileRef = 4AC263D727229EEE002BE68B /* ReducerView.swift */; };
		4AC263DB27229F4E002BE68B /* AvailabilitiesCalendarView.swift in Sources */ = {isa = PBXBuildFile; fileRef = 4AC263DA27229F4E002BE68B /* AvailabilitiesCalendarView.swift */; };
		4AC2640D272387E7002BE68B /* Flow.swift in Sources */ = {isa = PBXBuildFile; fileRef = 4AC2640C272387E7002BE68B /* Flow.swift */; };
		4AE3A0F626443820005BB554 /* FilterScreen.swift in Sources */ = {isa = PBXBuildFile; fileRef = 4AE3A0F526443820005BB554 /* FilterScreen.swift */; };
		7555FF7F242A565900829871 /* AppDelegate.swift in Sources */ = {isa = PBXBuildFile; fileRef = 7555FF7E242A565900829871 /* AppDelegate.swift */; };
		7555FF85242A565B00829871 /* Assets.xcassets in Resources */ = {isa = PBXBuildFile; fileRef = 7555FF84242A565B00829871 /* Assets.xcassets */; };
		7555FF8B242A565B00829871 /* LaunchScreen.storyboard in Resources */ = {isa = PBXBuildFile; fileRef = 7555FF89242A565B00829871 /* LaunchScreen.storyboard */; };
		75D63E01AB55D9F29B093AE6 /* Pods_Well.framework in Frameworks */ = {isa = PBXBuildFile; fileRef = A8560B869390C33CC211DA86 /* Pods_Well.framework */; };
		96351CB235DE05363561861E /* AppleProvider.swift in Sources */ = {isa = PBXBuildFile; fileRef = 96351D2E86F38ED05C0FAA14 /* AppleProvider.swift */; };
		D5680316263831A500CFE16B /* HasApply.swift in Sources */ = {isa = PBXBuildFile; fileRef = D5BFD57825249E1900A94FCC /* HasApply.swift */; };
		D5680319263831A500CFE16B /* Bundle+displayName.swift in Sources */ = {isa = PBXBuildFile; fileRef = D5BFD57E2524B0AB00A94FCC /* Bundle+displayName.swift */; };
		D568031A263831A500CFE16B /* NSError+description.swift in Sources */ = {isa = PBXBuildFile; fileRef = D5BFD57C2524B06900A94FCC /* NSError+description.swift */; };
		D568031D263831DB00CFE16B /* EdgeInsets.swift in Sources */ = {isa = PBXBuildFile; fileRef = 963513DDB06C22E5A9391A01 /* EdgeInsets.swift */; };
		D568031E263831DB00CFE16B /* Models.swift in Sources */ = {isa = PBXBuildFile; fileRef = 96351CD0B22C50D7CAD4A377 /* Models.swift */; };
		D568031F263831DB00CFE16B /* Color.swift in Sources */ = {isa = PBXBuildFile; fileRef = 963518BD2D5690278A4E6851 /* Color.swift */; };
		D5680320263831DB00CFE16B /* CG.swift in Sources */ = {isa = PBXBuildFile; fileRef = 96351DDBE2296E6603783838 /* CG.swift */; };
		D5680321263831DB00CFE16B /* ImageSharing.swift in Sources */ = {isa = PBXBuildFile; fileRef = 963511698F818E07DF430267 /* ImageSharing.swift */; };
		D5680322263831DB00CFE16B /* Kotlin.swift in Sources */ = {isa = PBXBuildFile; fileRef = 96351127BC8BE95E698F3507 /* Kotlin.swift */; };
		D5680323263831DB00CFE16B /* Foundation.swift in Sources */ = {isa = PBXBuildFile; fileRef = D555C1F025D70AB700B4755F /* Foundation.swift */; };
		D5680324263831DB00CFE16B /* SwiftUI.swift in Sources */ = {isa = PBXBuildFile; fileRef = 963518ED05F25F148D6F5928 /* SwiftUI.swift */; };
		D5680325263831FC00CFE16B /* Typography.swift in Sources */ = {isa = PBXBuildFile; fileRef = 9635187200737E866C588DF2 /* Typography.swift */; };
		D5680326263831FC00CFE16B /* PartCircleShape.swift in Sources */ = {isa = PBXBuildFile; fileRef = 96351144717EC2152B5D829D /* PartCircleShape.swift */; };
		D5680327263831FC00CFE16B /* ManualViewUpdater.swift in Sources */ = {isa = PBXBuildFile; fileRef = 96351E8E8B0DCF8466BE3A44 /* ManualViewUpdater.swift */; };
		D56803282638320300CFE16B /* HostingController.swift in Sources */ = {isa = PBXBuildFile; fileRef = 963512B5B12B74C258B78937 /* HostingController.swift */; };
		D56803292638320300CFE16B /* HVStack.swift in Sources */ = {isa = PBXBuildFile; fileRef = D556940E25D473880012EA36 /* HVStack.swift */; };
		D568032A2638320300CFE16B /* Control.swift in Sources */ = {isa = PBXBuildFile; fileRef = D555C1E825D64A9100B4755F /* Control.swift */; };
		D568032B2638320300CFE16B /* ProfileImage.swift in Sources */ = {isa = PBXBuildFile; fileRef = 96351B154D0F87BC97B362E5 /* ProfileImage.swift */; };
		D568032C2638320300CFE16B /* ViewContainer.swift in Sources */ = {isa = PBXBuildFile; fileRef = 963511D84AC7F5AE438A17B1 /* ViewContainer.swift */; };
		D568032D2638320300CFE16B /* InactiveOverlay.swift in Sources */ = {isa = PBXBuildFile; fileRef = D5378B1A25DA211C00561199 /* InactiveOverlay.swift */; };
		D568032E2638320300CFE16B /* Label.swift in Sources */ = {isa = PBXBuildFile; fileRef = 963512AA2B28EDE3FE7F42AF /* Label.swift */; };
		D568032F2638320300CFE16B /* ColorPicker.swift in Sources */ = {isa = PBXBuildFile; fileRef = 96351161F74FFEEFE8D62B02 /* ColorPicker.swift */; };
		D56803312638320400CFE16B /* AsyncImage.swift in Sources */ = {isa = PBXBuildFile; fileRef = 963518BB137F85C8DB28F64A /* AsyncImage.swift */; };
		D56803322638320400CFE16B /* OffsetCircle.swift in Sources */ = {isa = PBXBuildFile; fileRef = 963515E31AB00CDA4DEA8E8C /* OffsetCircle.swift */; };
		D56803342638320400CFE16B /* ImageLoader.swift in Sources */ = {isa = PBXBuildFile; fileRef = 96351D39539561818A675E6A /* ImageLoader.swift */; };
		D56803352638320400CFE16B /* GradientKMM.swift in Sources */ = {isa = PBXBuildFile; fileRef = D555C21E25D9013A00B4755F /* GradientKMM.swift */; };
		D56803372638320400CFE16B /* NavigationBar.swift in Sources */ = {isa = PBXBuildFile; fileRef = D555C1EA25D6556200B4755F /* NavigationBar.swift */; };
		D56803382638320F00CFE16B /* WebRtcManager.swift in Sources */ = {isa = PBXBuildFile; fileRef = D5916FC12598BE4F00B549FF /* WebRtcManager.swift */; };
		D56803392638320F00CFE16B /* FacebookProvider.swift in Sources */ = {isa = PBXBuildFile; fileRef = D555C20225D8959F00B4755F /* FacebookProvider.swift */; };
		D568033A2638320F00CFE16B /* GoogleProvider.swift in Sources */ = {isa = PBXBuildFile; fileRef = D555C21025D89A1000B4755F /* GoogleProvider.swift */; };
		D568033B2638322500CFE16B /* EditingField.swift in Sources */ = {isa = PBXBuildFile; fileRef = D555C1E025D63A6F00B4755F /* EditingField.swift */; };
		D568033C2638322500CFE16B /* CallBottomBar.swift in Sources */ = {isa = PBXBuildFile; fileRef = 96351C953DED2FE17C86DD9E /* CallBottomBar.swift */; };
		D568033D2638322500CFE16B /* DrawingContent.swift in Sources */ = {isa = PBXBuildFile; fileRef = D5E6AF9025CEB18700AA0538 /* DrawingContent.swift */; };
		D568033E2638322500CFE16B /* DrawShape.swift in Sources */ = {isa = PBXBuildFile; fileRef = 96351B83B3BB91E6FE424C46 /* DrawShape.swift */; };
		D568033F2638322500CFE16B /* SelectionScreen.swift in Sources */ = {isa = PBXBuildFile; fileRef = D555C1DE25D63A5500B4755F /* SelectionScreen.swift */; };
		D56803402638322500CFE16B /* ImageSharingBottomBar.swift in Sources */ = {isa = PBXBuildFile; fileRef = 96351CD9A4D3935EDAE8F424 /* ImageSharingBottomBar.swift */; };
		D56803412638322500CFE16B /* VideoView.swift in Sources */ = {isa = PBXBuildFile; fileRef = D508765B259A6858000A57E5 /* VideoView.swift */; };
		D56803422638322500CFE16B /* MyProfileScreen.swift in Sources */ = {isa = PBXBuildFile; fileRef = D556940925D471F10012EA36 /* MyProfileScreen.swift */; };
		D56803432638322500CFE16B /* CallScreen.swift in Sources */ = {isa = PBXBuildFile; fileRef = D5087659259A64B4000A57E5 /* CallScreen.swift */; };
		D56803442638322500CFE16B /* WidthSlider.swift in Sources */ = {isa = PBXBuildFile; fileRef = 96351642EE328C94AC5B4D99 /* WidthSlider.swift */; };
		D56803452638322500CFE16B /* DrawingPanel.swift in Sources */ = {isa = PBXBuildFile; fileRef = 96351F2532BB0EF790BA1340 /* DrawingPanel.swift */; };
		D56803462638322500CFE16B /* CallButton.swift in Sources */ = {isa = PBXBuildFile; fileRef = 963514A3737F29804FD55C23 /* CallButton.swift */; };
		D56803472638322500CFE16B /* ToggleStillButton.swift in Sources */ = {isa = PBXBuildFile; fileRef = 963510CBADB952EF5FE43C78 /* ToggleStillButton.swift */; };
		D56803492638323700CFE16B /* LoginScreen.swift in Sources */ = {isa = PBXBuildFile; fileRef = D555C1FF25D8102300B4755F /* LoginScreen.swift */; };
		D568034A2638323700CFE16B /* UserCell.swift in Sources */ = {isa = PBXBuildFile; fileRef = D5F0A09D2578AC7A002A55DB /* UserCell.swift */; };
		D568034B2638324D00CFE16B /* ExpertsScreen.swift in Sources */ = {isa = PBXBuildFile; fileRef = D5F0A09B2578AC4D002A55DB /* ExpertsScreen.swift */; };
		D568034C2638327600CFE16B /* TopLevelView.swift in Sources */ = {isa = PBXBuildFile; fileRef = D5916FBB2598ABA900B549FF /* TopLevelView.swift */; };
		D568034E26383DA900CFE16B /* SearchBar.swift in Sources */ = {isa = PBXBuildFile; fileRef = D568034D26383DA900CFE16B /* SearchBar.swift */; };
		D568035026384A2500CFE16B /* WelcomeScreen.swift in Sources */ = {isa = PBXBuildFile; fileRef = D568034F26384A2500CFE16B /* WelcomeScreen.swift */; };
/* End PBXBuildFile section */

/* Begin PBXFileReference section */
		347D1015E6F913660F210818 /* SupportScreen.swift */ = {isa = PBXFileReference; fileEncoding = 4; lastKnownFileType = sourcecode.swift; path = SupportScreen.swift; sourceTree = "<group>"; };
		347D10162C3E3F617B8B7A24 /* RatingInfoView.swift */ = {isa = PBXFileReference; fileEncoding = 4; lastKnownFileType = sourcecode.swift; path = RatingInfoView.swift; sourceTree = "<group>"; };
		347D120E9EF2045F5DDC5CD6 /* RatingScreen.swift */ = {isa = PBXFileReference; fileEncoding = 4; lastKnownFileType = sourcecode.swift; path = RatingScreen.swift; sourceTree = "<group>"; };
		347D13A469E07DE98EF0A87D /* AboutScreen.swift */ = {isa = PBXFileReference; fileEncoding = 4; lastKnownFileType = sourcecode.swift; path = AboutScreen.swift; sourceTree = "<group>"; };
		347D13C627400CA9EA09C776 /* ProjectTextEditor.swift */ = {isa = PBXFileReference; fileEncoding = 4; lastKnownFileType = sourcecode.swift; path = ProjectTextEditor.swift; sourceTree = "<group>"; };
		347D14BAE525CB97AED4334F /* ToggleFavoriteButton.swift */ = {isa = PBXFileReference; fileEncoding = 4; lastKnownFileType = sourcecode.swift; path = ToggleFavoriteButton.swift; sourceTree = "<group>"; };
		347D153B0C1410B1F25CD661 /* ActionButtonStyle.swift */ = {isa = PBXFileReference; fileEncoding = 4; lastKnownFileType = sourcecode.swift; path = ActionButtonStyle.swift; sourceTree = "<group>"; };
		347D17517FA78646AC22A909 /* gestures.swift */ = {isa = PBXFileReference; fileEncoding = 4; lastKnownFileType = sourcecode.swift; path = gestures.swift; sourceTree = "<group>"; };
		347D1764FF8FC528EC754EE5 /* ChatListCell.swift */ = {isa = PBXFileReference; fileEncoding = 4; lastKnownFileType = sourcecode.swift; path = ChatListCell.swift; sourceTree = "<group>"; };
		347D17D8B928F2A6E88E67E8 /* UIKit.swift */ = {isa = PBXFileReference; fileEncoding = 4; lastKnownFileType = sourcecode.swift; path = UIKit.swift; sourceTree = "<group>"; };
		347D19F97DCC9822CBBE4C71 /* MoreScreen.swift */ = {isa = PBXFileReference; fileEncoding = 4; lastKnownFileType = sourcecode.swift; path = MoreScreen.swift; sourceTree = "<group>"; };
		347D1AAC642FF35292FB7CA4 /* SelectableHVStack.swift */ = {isa = PBXFileReference; fileEncoding = 4; lastKnownFileType = sourcecode.swift; path = SelectableHVStack.swift; sourceTree = "<group>"; };
		347D1C3DE2A7916F73A72D11 /* ChatListScreen.swift */ = {isa = PBXFileReference; fileEncoding = 4; lastKnownFileType = sourcecode.swift; path = ChatListScreen.swift; sourceTree = "<group>"; };
		347D1C3FB3AB18BE58691534 /* ForEachIndexed.swift */ = {isa = PBXFileReference; fileEncoding = 4; lastKnownFileType = sourcecode.swift; path = ForEachIndexed.swift; sourceTree = "<group>"; };
		347D1C478A9BD7754D97E01A /* ChatMessageCell.swift */ = {isa = PBXFileReference; fileEncoding = 4; lastKnownFileType = sourcecode.swift; path = ChatMessageCell.swift; sourceTree = "<group>"; };
		347D1E5F03A430E281A7B69E /* ViewModelObservable.swift */ = {isa = PBXFileReference; fileEncoding = 4; lastKnownFileType = sourcecode.swift; path = ViewModelObservable.swift; sourceTree = "<group>"; };
		347D1E65EC96D4AE332C928E /* UserChatScreen.swift */ = {isa = PBXFileReference; fileEncoding = 4; lastKnownFileType = sourcecode.swift; path = UserChatScreen.swift; sourceTree = "<group>"; };
		347D1E959C04E1097F02FE36 /* SharedImage.swift */ = {isa = PBXFileReference; fileEncoding = 4; lastKnownFileType = sourcecode.swift; path = SharedImage.swift; sourceTree = "<group>"; };
		4A0A75932727440500632E84 /* AppContainer.swift */ = {isa = PBXFileReference; lastKnownFileType = sourcecode.swift; path = AppContainer.swift; sourceTree = "<group>"; };
		4A0A75F72728AA4E00632E84 /* AvailabilitiesList.swift */ = {isa = PBXFileReference; lastKnownFileType = sourcecode.swift; path = AvailabilitiesList.swift; sourceTree = "<group>"; };
		4A0A75FA2728BBB300632E84 /* AvailabilityEditView.swift */ = {isa = PBXFileReference; lastKnownFileType = sourcecode.swift; path = AvailabilityEditView.swift; sourceTree = "<group>"; };
		4A187CC72760F8A900EEE563 /* TabBarController.swift */ = {isa = PBXFileReference; lastKnownFileType = sourcecode.swift; path = TabBarController.swift; sourceTree = "<group>"; };
		4A278EFB2743520D00A612C1 /* ForceNavControllerBarHidden.swift */ = {isa = PBXFileReference; lastKnownFileType = sourcecode.swift; path = ForceNavControllerBarHidden.swift; sourceTree = "<group>"; };
		4A42E2AF27294D5300E839CF /* TabRow.swift */ = {isa = PBXFileReference; lastKnownFileType = sourcecode.swift; path = TabRow.swift; sourceTree = "<group>"; };
		4A42E2BE2729DAFE00E839CF /* RequestConsultationView.swift */ = {isa = PBXFileReference; lastKnownFileType = sourcecode.swift; path = RequestConsultationView.swift; sourceTree = "<group>"; };
		4A42E2CD272B4BCF00E839CF /* partialSheet.swift */ = {isa = PBXFileReference; lastKnownFileType = sourcecode.swift; path = partialSheet.swift; sourceTree = "<group>"; };
		4A5475322758B0DC0023D006 /* Shapes.swift */ = {isa = PBXFileReference; lastKnownFileType = sourcecode.swift; path = Shapes.swift; sourceTree = "<group>"; };
		4A547536275BA60B0023D006 /* HalfScreenActivityView.swift */ = {isa = PBXFileReference; lastKnownFileType = sourcecode.swift; path = HalfScreenActivityView.swift; sourceTree = "<group>"; };
		4A6ABABA270F45B900D8621E /* Napier.swift */ = {isa = PBXFileReference; lastKnownFileType = sourcecode.swift; path = Napier.swift; sourceTree = "<group>"; };
		4A6ABABE270F544D00D8621E /* HorizontalCapsule.swift */ = {isa = PBXFileReference; lastKnownFileType = sourcecode.swift; path = HorizontalCapsule.swift; sourceTree = "<group>"; };
		4A82800B2725EBFB004DF64E /* LocalTest.app */ = {isa = PBXFileReference; explicitFileType = wrapper.application; includeInIndex = 0; path = LocalTest.app; sourceTree = BUILT_PRODUCTS_DIR; };
		4A82800D2725EBFB004DF64E /* LocalTestApp.swift */ = {isa = PBXFileReference; lastKnownFileType = sourcecode.swift; path = LocalTestApp.swift; sourceTree = "<group>"; };
		4A82800F2725EBFB004DF64E /* VideoView.swift */ = {isa = PBXFileReference; lastKnownFileType = sourcecode.swift; path = VideoView.swift; sourceTree = "<group>"; };
		4A8280692725FA3C004DF64E /* detectVolumeButton.swift */ = {isa = PBXFileReference; lastKnownFileType = sourcecode.swift; path = detectVolumeButton.swift; sourceTree = "<group>"; };
		4A82806B2725FC81004DF64E /* SharedMobile.h */ = {isa = PBXFileReference; lastKnownFileType = sourcecode.c.h; name = SharedMobile.h; path = ../../sharedMobileTest/build/cocoapods/framework/SharedMobile.framework/Headers/SharedMobile.h; sourceTree = "<group>"; };
		4A82806C2725FCA0004DF64E /* SharedMobile.h */ = {isa = PBXFileReference; lastKnownFileType = sourcecode.c.h; name = SharedMobile.h; path = ../../sharedMobile/build/cocoapods/framework/SharedMobile.framework/Headers/SharedMobile.h; sourceTree = "<group>"; };
		4A82806D272714AB004DF64E /* typealiases.swift */ = {isa = PBXFileReference; lastKnownFileType = sourcecode.swift; path = typealiases.swift; sourceTree = "<group>"; };
		4A8280712727157A004DF64E /* TestScreens.swift */ = {isa = PBXFileReference; lastKnownFileType = sourcecode.swift; path = TestScreens.swift; sourceTree = "<group>"; };
		4A98B2F727578B0600E62B8D /* CalendarScreen.swift */ = {isa = PBXFileReference; lastKnownFileType = sourcecode.swift; path = CalendarScreen.swift; sourceTree = "<group>"; };
		4A98B2FA2757910800E62B8D /* CalendarMonthView.swift */ = {isa = PBXFileReference; lastKnownFileType = sourcecode.swift; path = CalendarMonthView.swift; sourceTree = "<group>"; };
		4A9F38512741EAED004D5EF5 /* RoundedCornerRectangle.swift */ = {isa = PBXFileReference; lastKnownFileType = sourcecode.swift; path = RoundedCornerRectangle.swift; sourceTree = "<group>"; };
		4A9F386727432140004D5EF5 /* PageView.swift */ = {isa = PBXFileReference; lastKnownFileType = sourcecode.swift; path = PageView.swift; sourceTree = "<group>"; };
		4AC263D727229EEE002BE68B /* ReducerView.swift */ = {isa = PBXFileReference; lastKnownFileType = sourcecode.swift; path = ReducerView.swift; sourceTree = "<group>"; };
		4AC263DA27229F4E002BE68B /* AvailabilitiesCalendarView.swift */ = {isa = PBXFileReference; lastKnownFileType = sourcecode.swift; path = AvailabilitiesCalendarView.swift; sourceTree = "<group>"; };
		4AC2640C272387E7002BE68B /* Flow.swift */ = {isa = PBXFileReference; lastKnownFileType = sourcecode.swift; path = Flow.swift; sourceTree = "<group>"; };
		4AE3A0F526443820005BB554 /* FilterScreen.swift */ = {isa = PBXFileReference; lastKnownFileType = sourcecode.swift; path = FilterScreen.swift; sourceTree = "<group>"; };
		4B61DAA76C7C5AEBDC61E5EF /* Pods-LocalTest.release.xcconfig */ = {isa = PBXFileReference; includeInIndex = 1; lastKnownFileType = text.xcconfig; name = "Pods-LocalTest.release.xcconfig"; path = "Target Support Files/Pods-LocalTest/Pods-LocalTest.release.xcconfig"; sourceTree = "<group>"; };
		4E7FAE8E4CF4ED7E47F58204 /* Pods-Well-WellUITests.release.xcconfig */ = {isa = PBXFileReference; includeInIndex = 1; lastKnownFileType = text.xcconfig; name = "Pods-Well-WellUITests.release.xcconfig"; path = "Target Support Files/Pods-Well-WellUITests/Pods-Well-WellUITests.release.xcconfig"; sourceTree = "<group>"; };
		6AADA08291E3DC99A62DC1D6 /* Pods-LocalTest.debug.xcconfig */ = {isa = PBXFileReference; includeInIndex = 1; lastKnownFileType = text.xcconfig; name = "Pods-LocalTest.debug.xcconfig"; path = "Target Support Files/Pods-LocalTest/Pods-LocalTest.debug.xcconfig"; sourceTree = "<group>"; };
		71FE008199F99D007499B8C1 /* Pods_LocalTest.framework */ = {isa = PBXFileReference; explicitFileType = wrapper.framework; includeInIndex = 0; path = Pods_LocalTest.framework; sourceTree = BUILT_PRODUCTS_DIR; };
		7555FF7B242A565900829871 /* Well_D.app */ = {isa = PBXFileReference; explicitFileType = wrapper.application; includeInIndex = 0; path = Well_D.app; sourceTree = BUILT_PRODUCTS_DIR; };
		7555FF7E242A565900829871 /* AppDelegate.swift */ = {isa = PBXFileReference; lastKnownFileType = sourcecode.swift; path = AppDelegate.swift; sourceTree = "<group>"; };
		7555FF84242A565B00829871 /* Assets.xcassets */ = {isa = PBXFileReference; lastKnownFileType = folder.assetcatalog; path = Assets.xcassets; sourceTree = "<group>"; };
		7555FF8A242A565B00829871 /* Base */ = {isa = PBXFileReference; lastKnownFileType = file.storyboard; name = Base; path = Base.lproj/LaunchScreen.storyboard; sourceTree = "<group>"; };
		7555FF8C242A565B00829871 /* Info.plist */ = {isa = PBXFileReference; lastKnownFileType = text.plist.xml; path = Info.plist; sourceTree = "<group>"; };
		963510CBADB952EF5FE43C78 /* ToggleStillButton.swift */ = {isa = PBXFileReference; fileEncoding = 4; lastKnownFileType = sourcecode.swift; path = ToggleStillButton.swift; sourceTree = "<group>"; };
		96351127BC8BE95E698F3507 /* Kotlin.swift */ = {isa = PBXFileReference; fileEncoding = 4; lastKnownFileType = sourcecode.swift; path = Kotlin.swift; sourceTree = "<group>"; };
		96351144717EC2152B5D829D /* PartCircleShape.swift */ = {isa = PBXFileReference; fileEncoding = 4; lastKnownFileType = sourcecode.swift; path = PartCircleShape.swift; sourceTree = "<group>"; };
		96351161F74FFEEFE8D62B02 /* ColorPicker.swift */ = {isa = PBXFileReference; fileEncoding = 4; lastKnownFileType = sourcecode.swift; path = ColorPicker.swift; sourceTree = "<group>"; };
		963511698F818E07DF430267 /* ImageSharing.swift */ = {isa = PBXFileReference; fileEncoding = 4; lastKnownFileType = sourcecode.swift; path = ImageSharing.swift; sourceTree = "<group>"; };
		963511D84AC7F5AE438A17B1 /* ViewContainer.swift */ = {isa = PBXFileReference; fileEncoding = 4; lastKnownFileType = sourcecode.swift; path = ViewContainer.swift; sourceTree = "<group>"; };
		963512AA2B28EDE3FE7F42AF /* Label.swift */ = {isa = PBXFileReference; fileEncoding = 4; lastKnownFileType = sourcecode.swift; path = Label.swift; sourceTree = "<group>"; };
		963512B5B12B74C258B78937 /* HostingController.swift */ = {isa = PBXFileReference; fileEncoding = 4; lastKnownFileType = sourcecode.swift; path = HostingController.swift; sourceTree = "<group>"; };
		963513DDB06C22E5A9391A01 /* EdgeInsets.swift */ = {isa = PBXFileReference; fileEncoding = 4; lastKnownFileType = sourcecode.swift; path = EdgeInsets.swift; sourceTree = "<group>"; };
		963514A3737F29804FD55C23 /* CallButton.swift */ = {isa = PBXFileReference; fileEncoding = 4; lastKnownFileType = sourcecode.swift; path = CallButton.swift; sourceTree = "<group>"; };
		963515E31AB00CDA4DEA8E8C /* OffsetCircle.swift */ = {isa = PBXFileReference; fileEncoding = 4; lastKnownFileType = sourcecode.swift; path = OffsetCircle.swift; sourceTree = "<group>"; };
		96351642EE328C94AC5B4D99 /* WidthSlider.swift */ = {isa = PBXFileReference; fileEncoding = 4; lastKnownFileType = sourcecode.swift; path = WidthSlider.swift; sourceTree = "<group>"; };
		9635187200737E866C588DF2 /* Typography.swift */ = {isa = PBXFileReference; fileEncoding = 4; lastKnownFileType = sourcecode.swift; path = Typography.swift; sourceTree = "<group>"; };
		963518BB137F85C8DB28F64A /* AsyncImage.swift */ = {isa = PBXFileReference; fileEncoding = 4; lastKnownFileType = sourcecode.swift; path = AsyncImage.swift; sourceTree = "<group>"; };
		963518BD2D5690278A4E6851 /* Color.swift */ = {isa = PBXFileReference; fileEncoding = 4; lastKnownFileType = sourcecode.swift; path = Color.swift; sourceTree = "<group>"; };
		963518ED05F25F148D6F5928 /* SwiftUI.swift */ = {isa = PBXFileReference; fileEncoding = 4; lastKnownFileType = sourcecode.swift; path = SwiftUI.swift; sourceTree = "<group>"; };
		96351B154D0F87BC97B362E5 /* ProfileImage.swift */ = {isa = PBXFileReference; fileEncoding = 4; lastKnownFileType = sourcecode.swift; path = ProfileImage.swift; sourceTree = "<group>"; };
		96351B83B3BB91E6FE424C46 /* DrawShape.swift */ = {isa = PBXFileReference; fileEncoding = 4; lastKnownFileType = sourcecode.swift; path = DrawShape.swift; sourceTree = "<group>"; };
		96351C953DED2FE17C86DD9E /* CallBottomBar.swift */ = {isa = PBXFileReference; fileEncoding = 4; lastKnownFileType = sourcecode.swift; path = CallBottomBar.swift; sourceTree = "<group>"; };
		96351CD0B22C50D7CAD4A377 /* Models.swift */ = {isa = PBXFileReference; fileEncoding = 4; lastKnownFileType = sourcecode.swift; path = Models.swift; sourceTree = "<group>"; };
		96351CD9A4D3935EDAE8F424 /* ImageSharingBottomBar.swift */ = {isa = PBXFileReference; fileEncoding = 4; lastKnownFileType = sourcecode.swift; path = ImageSharingBottomBar.swift; sourceTree = "<group>"; };
		96351D2E86F38ED05C0FAA14 /* AppleProvider.swift */ = {isa = PBXFileReference; fileEncoding = 4; lastKnownFileType = sourcecode.swift; path = AppleProvider.swift; sourceTree = "<group>"; };
		96351D39539561818A675E6A /* ImageLoader.swift */ = {isa = PBXFileReference; fileEncoding = 4; lastKnownFileType = sourcecode.swift; path = ImageLoader.swift; sourceTree = "<group>"; };
		96351DDBE2296E6603783838 /* CG.swift */ = {isa = PBXFileReference; fileEncoding = 4; lastKnownFileType = sourcecode.swift; path = CG.swift; sourceTree = "<group>"; };
		96351E8E8B0DCF8466BE3A44 /* ManualViewUpdater.swift */ = {isa = PBXFileReference; fileEncoding = 4; lastKnownFileType = sourcecode.swift; path = ManualViewUpdater.swift; sourceTree = "<group>"; };
		96351F2532BB0EF790BA1340 /* DrawingPanel.swift */ = {isa = PBXFileReference; fileEncoding = 4; lastKnownFileType = sourcecode.swift; path = DrawingPanel.swift; sourceTree = "<group>"; };
		A8560B869390C33CC211DA86 /* Pods_Well.framework */ = {isa = PBXFileReference; explicitFileType = wrapper.framework; includeInIndex = 0; path = Pods_Well.framework; sourceTree = BUILT_PRODUCTS_DIR; };
		B6C5234FBEC00FAADC9E6A32 /* Pods-Well.release.xcconfig */ = {isa = PBXFileReference; includeInIndex = 1; lastKnownFileType = text.xcconfig; name = "Pods-Well.release.xcconfig"; path = "Target Support Files/Pods-Well/Pods-Well.release.xcconfig"; sourceTree = "<group>"; };
		BE7BB08AC1C3EC928622AE74 /* Pods-Well.debug.xcconfig */ = {isa = PBXFileReference; includeInIndex = 1; lastKnownFileType = text.xcconfig; name = "Pods-Well.debug.xcconfig"; path = "Target Support Files/Pods-Well/Pods-Well.debug.xcconfig"; sourceTree = "<group>"; };
		C8444AE5C00230D2481A2661 /* Pods-WellTests.release.xcconfig */ = {isa = PBXFileReference; includeInIndex = 1; lastKnownFileType = text.xcconfig; name = "Pods-WellTests.release.xcconfig"; path = "Target Support Files/Pods-WellTests/Pods-WellTests.release.xcconfig"; sourceTree = "<group>"; };
		C89E1C624FA54F84A4908E83 /* Pods-WellTests.debug.xcconfig */ = {isa = PBXFileReference; includeInIndex = 1; lastKnownFileType = text.xcconfig; name = "Pods-WellTests.debug.xcconfig"; path = "Target Support Files/Pods-WellTests/Pods-WellTests.debug.xcconfig"; sourceTree = "<group>"; };
		D5087659259A64B4000A57E5 /* CallScreen.swift */ = {isa = PBXFileReference; lastKnownFileType = sourcecode.swift; path = CallScreen.swift; sourceTree = "<group>"; };
		D508765B259A6858000A57E5 /* VideoView.swift */ = {isa = PBXFileReference; lastKnownFileType = sourcecode.swift; path = VideoView.swift; sourceTree = "<group>"; };
		D524FE22256D5BAA00090D40 /* Shared.xcconfig */ = {isa = PBXFileReference; lastKnownFileType = text.xcconfig; path = Shared.xcconfig; sourceTree = "<group>"; };
		D5378B1A25DA211C00561199 /* InactiveOverlay.swift */ = {isa = PBXFileReference; lastKnownFileType = sourcecode.swift; path = InactiveOverlay.swift; sourceTree = "<group>"; };
		D555C1DE25D63A5500B4755F /* SelectionScreen.swift */ = {isa = PBXFileReference; lastKnownFileType = sourcecode.swift; path = SelectionScreen.swift; sourceTree = "<group>"; };
		D555C1E025D63A6F00B4755F /* EditingField.swift */ = {isa = PBXFileReference; lastKnownFileType = sourcecode.swift; path = EditingField.swift; sourceTree = "<group>"; };
		D555C1E825D64A9100B4755F /* Control.swift */ = {isa = PBXFileReference; lastKnownFileType = sourcecode.swift; path = Control.swift; sourceTree = "<group>"; };
		D555C1EA25D6556200B4755F /* NavigationBar.swift */ = {isa = PBXFileReference; lastKnownFileType = sourcecode.swift; path = NavigationBar.swift; sourceTree = "<group>"; };
		D555C1F025D70AB700B4755F /* Foundation.swift */ = {isa = PBXFileReference; lastKnownFileType = sourcecode.swift; path = Foundation.swift; sourceTree = "<group>"; };
		D555C1FF25D8102300B4755F /* LoginScreen.swift */ = {isa = PBXFileReference; lastKnownFileType = sourcecode.swift; path = LoginScreen.swift; sourceTree = "<group>"; };
		D555C20225D8959F00B4755F /* FacebookProvider.swift */ = {isa = PBXFileReference; lastKnownFileType = sourcecode.swift; path = FacebookProvider.swift; sourceTree = "<group>"; };
		D555C21025D89A1000B4755F /* GoogleProvider.swift */ = {isa = PBXFileReference; lastKnownFileType = sourcecode.swift; path = GoogleProvider.swift; sourceTree = "<group>"; };
		D555C21E25D9013A00B4755F /* GradientKMM.swift */ = {isa = PBXFileReference; lastKnownFileType = sourcecode.swift; path = GradientKMM.swift; sourceTree = "<group>"; };
		D556940925D471F10012EA36 /* MyProfileScreen.swift */ = {isa = PBXFileReference; lastKnownFileType = sourcecode.swift; path = MyProfileScreen.swift; sourceTree = "<group>"; };
		D556940E25D473880012EA36 /* HVStack.swift */ = {isa = PBXFileReference; lastKnownFileType = sourcecode.swift; path = HVStack.swift; sourceTree = "<group>"; };
		D568034D26383DA900CFE16B /* SearchBar.swift */ = {isa = PBXFileReference; lastKnownFileType = sourcecode.swift; path = SearchBar.swift; sourceTree = "<group>"; };
		D568034F26384A2500CFE16B /* WelcomeScreen.swift */ = {isa = PBXFileReference; lastKnownFileType = sourcecode.swift; path = WelcomeScreen.swift; sourceTree = "<group>"; };
		D5916FBB2598ABA900B549FF /* TopLevelView.swift */ = {isa = PBXFileReference; lastKnownFileType = sourcecode.swift; path = TopLevelView.swift; sourceTree = "<group>"; };
		D5916FC12598BE4F00B549FF /* WebRtcManager.swift */ = {isa = PBXFileReference; lastKnownFileType = sourcecode.swift; path = WebRtcManager.swift; sourceTree = "<group>"; };
		D5BFD57825249E1900A94FCC /* HasApply.swift */ = {isa = PBXFileReference; lastKnownFileType = sourcecode.swift; path = HasApply.swift; sourceTree = "<group>"; };
		D5BFD57C2524B06900A94FCC /* NSError+description.swift */ = {isa = PBXFileReference; lastKnownFileType = sourcecode.swift; path = "NSError+description.swift"; sourceTree = "<group>"; };
		D5BFD57E2524B0AB00A94FCC /* Bundle+displayName.swift */ = {isa = PBXFileReference; lastKnownFileType = sourcecode.swift; path = "Bundle+displayName.swift"; sourceTree = "<group>"; };
		D5E6AF9025CEB18700AA0538 /* DrawingContent.swift */ = {isa = PBXFileReference; lastKnownFileType = sourcecode.swift; path = DrawingContent.swift; sourceTree = "<group>"; };
		D5ECE30225231ECB00207638 /* Well.entitlements */ = {isa = PBXFileReference; lastKnownFileType = text.plist.entitlements; path = Well.entitlements; sourceTree = "<group>"; };
		D5F0A09B2578AC4D002A55DB /* ExpertsScreen.swift */ = {isa = PBXFileReference; lastKnownFileType = sourcecode.swift; path = ExpertsScreen.swift; sourceTree = "<group>"; };
		D5F0A09D2578AC7A002A55DB /* UserCell.swift */ = {isa = PBXFileReference; lastKnownFileType = sourcecode.swift; path = UserCell.swift; sourceTree = "<group>"; };
		E7C0F47F0D380B0A230F9888 /* Pods-Well-WellUITests.debug.xcconfig */ = {isa = PBXFileReference; includeInIndex = 1; lastKnownFileType = text.xcconfig; name = "Pods-Well-WellUITests.debug.xcconfig"; path = "Target Support Files/Pods-Well-WellUITests/Pods-Well-WellUITests.debug.xcconfig"; sourceTree = "<group>"; };
/* End PBXFileReference section */

/* Begin PBXFrameworksBuildPhase section */
		4A8280082725EBFB004DF64E /* Frameworks */ = {
			isa = PBXFrameworksBuildPhase;
			buildActionMask = 2147483647;
			files = (
				350C89E3F053B6A9DC3969E5 /* Pods_LocalTest.framework in Frameworks */,
			);
			runOnlyForDeploymentPostprocessing = 0;
		};
		7555FF78242A565900829871 /* Frameworks */ = {
			isa = PBXFrameworksBuildPhase;
			buildActionMask = 2147483647;
			files = (
				75D63E01AB55D9F29B093AE6 /* Pods_Well.framework in Frameworks */,
			);
			runOnlyForDeploymentPostprocessing = 0;
		};
/* End PBXFrameworksBuildPhase section */

/* Begin PBXGroup section */
		347D13C2A748FF89D63D6154 /* More */ = {
			isa = PBXGroup;
			children = (
				347D19F97DCC9822CBBE4C71 /* MoreScreen.swift */,
				347D13A469E07DE98EF0A87D /* AboutScreen.swift */,
				347D1015E6F913660F210818 /* SupportScreen.swift */,
			);
			path = More;
			sourceTree = "<group>";
		};
		347D1D274C3F7850F8799210 /* ChatList */ = {
			isa = PBXGroup;
			children = (
				347D1C3DE2A7916F73A72D11 /* ChatListScreen.swift */,
				347D1764FF8FC528EC754EE5 /* ChatListCell.swift */,
			);
			path = ChatList;
			sourceTree = "<group>";
		};
		347D1D7FA3FFF4A309A2460D /* UserChat */ = {
			isa = PBXGroup;
			children = (
				347D1E65EC96D4AE332C928E /* UserChatScreen.swift */,
				347D1C478A9BD7754D97E01A /* ChatMessageCell.swift */,
			);
			path = UserChat;
			sourceTree = "<group>";
		};
		4A82800C2725EBFB004DF64E /* LocalTest */ = {
			isa = PBXGroup;
			children = (
				4A82806B2725FC81004DF64E /* SharedMobile.h */,
				4A8280712727157A004DF64E /* TestScreens.swift */,
				4A82807027271557004DF64E /* Utils */,
				4A8280602725F06B004DF64E /* Placeholders */,
			);
			path = LocalTest;
			sourceTree = "<group>";
		};
		4A8280192725EC08004DF64E /* Shared */ = {
			isa = PBXGroup;
			children = (
				4A0A75932727440500632E84 /* AppContainer.swift */,
				D5B22EC8259DF89C004F1FCC /* Screens */,
				96351C93F9714F97732BC54E /* Views */,
				96351F3BA3772C46822298C1 /* Theme */,
				9635176145A6147C6E1BF38B /* Extensions */,
				D5BFD57A2524AA7400A94FCC /* General */,
				4A8280642725F1D5004DF64E /* Supporting files */,
			);
			path = Shared;
			sourceTree = "<group>";
		};
		4A82805F2725F037004DF64E /* WebRTCViews */ = {
			isa = PBXGroup;
			children = (
				D508765B259A6858000A57E5 /* VideoView.swift */,
			);
			path = WebRTCViews;
			sourceTree = "<group>";
		};
		4A8280602725F06B004DF64E /* Placeholders */ = {
			isa = PBXGroup;
			children = (
				4A82800F2725EBFB004DF64E /* VideoView.swift */,
			);
			path = Placeholders;
			sourceTree = "<group>";
		};
		4A8280642725F1D5004DF64E /* Supporting files */ = {
			isa = PBXGroup;
			children = (
				7555FF84242A565B00829871 /* Assets.xcassets */,
			);
			path = "Supporting files";
			sourceTree = "<group>";
		};
		4A82807027271557004DF64E /* Utils */ = {
			isa = PBXGroup;
			children = (
				4A82800D2725EBFB004DF64E /* LocalTestApp.swift */,
				4A8280692725FA3C004DF64E /* detectVolumeButton.swift */,
				4A278EFB2743520D00A612C1 /* ForceNavControllerBarHidden.swift */,
			);
			path = Utils;
			sourceTree = "<group>";
		};
		4A828073272716FD004DF64E /* Ext */ = {
			isa = PBXGroup;
			children = (
				4A82806D272714AB004DF64E /* typealiases.swift */,
			);
			path = Ext;
			sourceTree = "<group>";
		};
		4A98B2F627578AF700E62B8D /* Calendar */ = {
			isa = PBXGroup;
			children = (
				4A98B2F727578B0600E62B8D /* CalendarScreen.swift */,
			);
			path = Calendar;
			sourceTree = "<group>";
		};
		4AC263D927229F41002BE68B /* Availability */ = {
			isa = PBXGroup;
			children = (
				4AC263DA27229F4E002BE68B /* AvailabilitiesCalendarView.swift */,
				4A0A75FA2728BBB300632E84 /* AvailabilityEditView.swift */,
				4A0A75F72728AA4E00632E84 /* AvailabilitiesList.swift */,
				4A42E2BE2729DAFE00E839CF /* RequestConsultationView.swift */,
			);
			path = Availability;
			sourceTree = "<group>";
		};
		4AE3A0F426443813005BB554 /* Filter */ = {
			isa = PBXGroup;
			children = (
				4AE3A0F526443820005BB554 /* FilterScreen.swift */,
			);
			path = Filter;
			sourceTree = "<group>";
		};
		7555FF72242A565900829871 = {
			isa = PBXGroup;
			children = (
				4A8280192725EC08004DF64E /* Shared */,
				4A82800C2725EBFB004DF64E /* LocalTest */,
				7555FF7D242A565900829871 /* Well */,
				7555FF7C242A565900829871 /* Products */,
				7555FFB0242A642200829871 /* Frameworks */,
				CABB8A5396FD2FD1D7099F80 /* Pods */,
			);
			sourceTree = "<group>";
		};
		7555FF7C242A565900829871 /* Products */ = {
			isa = PBXGroup;
			children = (
				7555FF7B242A565900829871 /* Well_D.app */,
				4A82800B2725EBFB004DF64E /* LocalTest.app */,
			);
			name = Products;
			sourceTree = "<group>";
		};
		7555FF7D242A565900829871 /* Well */ = {
			isa = PBXGroup;
			children = (
				4A82806C2725FCA0004DF64E /* SharedMobile.h */,
				7555FF7E242A565900829871 /* AppDelegate.swift */,
				D5916FBB2598ABA900B549FF /* TopLevelView.swift */,
				4A828073272716FD004DF64E /* Ext */,
				4A82805F2725F037004DF64E /* WebRTCViews */,
				D555C20125D8956E00B4755F /* SharedPodImplementation */,
				D51DA36A2503C0A700123642 /* Supporting files */,
			);
			path = Well;
			sourceTree = "<group>";
		};
		7555FFB0242A642200829871 /* Frameworks */ = {
			isa = PBXGroup;
			children = (
				A8560B869390C33CC211DA86 /* Pods_Well.framework */,
				71FE008199F99D007499B8C1 /* Pods_LocalTest.framework */,
			);
			name = Frameworks;
			sourceTree = "<group>";
		};
		963514898AF7A4AD81AE2767 /* ImageSharing */ = {
			isa = PBXGroup;
			children = (
				96351F2532BB0EF790BA1340 /* DrawingPanel.swift */,
				D5E6AF9025CEB18700AA0538 /* DrawingContent.swift */,
				96351B83B3BB91E6FE424C46 /* DrawShape.swift */,
				96351CD9A4D3935EDAE8F424 /* ImageSharingBottomBar.swift */,
				96351642EE328C94AC5B4D99 /* WidthSlider.swift */,
			);
			path = ImageSharing;
			sourceTree = "<group>";
		};
		9635176145A6147C6E1BF38B /* Extensions */ = {
			isa = PBXGroup;
			children = (
				96351C95875B02D536023D63 /* SharedMobile */,
				963518ED05F25F148D6F5928 /* SwiftUI.swift */,
				963513DDB06C22E5A9391A01 /* EdgeInsets.swift */,
				963518BD2D5690278A4E6851 /* Color.swift */,
				96351DDBE2296E6603783838 /* CG.swift */,
				D555C1F025D70AB700B4755F /* Foundation.swift */,
				347D17D8B928F2A6E88E67E8 /* UIKit.swift */,
				347D17517FA78646AC22A909 /* gestures.swift */,
			);
			path = Extensions;
			sourceTree = "<group>";
		};
		96351A311A1663FB9E05566B /* AsyncImage */ = {
			isa = PBXGroup;
			children = (
				963518BB137F85C8DB28F64A /* AsyncImage.swift */,
				96351D39539561818A675E6A /* ImageLoader.swift */,
			);
			path = AsyncImage;
			sourceTree = "<group>";
		};
		96351BB469CEAA3648AE30CA /* Helpers */ = {
			isa = PBXGroup;
			children = (
				96351E8E8B0DCF8466BE3A44 /* ManualViewUpdater.swift */,
			);
			path = Helpers;
			sourceTree = "<group>";
		};
		96351C93F9714F97732BC54E /* Views */ = {
			isa = PBXGroup;
			children = (
				D555C21E25D9013A00B4755F /* GradientKMM.swift */,
				4A187CC72760F8A900EEE563 /* TabBarController.swift */,
				4A9F386727432140004D5EF5 /* PageView.swift */,
				D5378B1A25DA211C00561199 /* InactiveOverlay.swift */,
				D556940E25D473880012EA36 /* HVStack.swift */,
				D555C1E825D64A9100B4755F /* Control.swift */,
				D555C1EA25D6556200B4755F /* NavigationBar.swift */,
				96351161F74FFEEFE8D62B02 /* ColorPicker.swift */,
				96351A311A1663FB9E05566B /* AsyncImage */,
				96351B154D0F87BC97B362E5 /* ProfileImage.swift */,
				963512B5B12B74C258B78937 /* HostingController.swift */,
				D556940B25D473340012EA36 /* Shapes */,
				963511D84AC7F5AE438A17B1 /* ViewContainer.swift */,
				963512AA2B28EDE3FE7F42AF /* Label.swift */,
				D568034D26383DA900CFE16B /* SearchBar.swift */,
				347D153B0C1410B1F25CD661 /* ActionButtonStyle.swift */,
				347D1AAC642FF35292FB7CA4 /* SelectableHVStack.swift */,
				347D1C3FB3AB18BE58691534 /* ForEachIndexed.swift */,
				347D14BAE525CB97AED4334F /* ToggleFavoriteButton.swift */,
				347D13C627400CA9EA09C776 /* ProjectTextEditor.swift */,
				347D1E959C04E1097F02FE36 /* SharedImage.swift */,
				4A42E2CD272B4BCF00E839CF /* partialSheet.swift */,
				4A98B2FA2757910800E62B8D /* CalendarMonthView.swift */,
				4A547536275BA60B0023D006 /* HalfScreenActivityView.swift */,
			);
			path = Views;
			sourceTree = "<group>";
		};
		96351C95875B02D536023D63 /* SharedMobile */ = {
			isa = PBXGroup;
			children = (
				347D1E5F03A430E281A7B69E /* ViewModelObservable.swift */,
				4A6ABABA270F45B900D8621E /* Napier.swift */,
				96351CD0B22C50D7CAD4A377 /* Models.swift */,
				96351127BC8BE95E698F3507 /* Kotlin.swift */,
				963511698F818E07DF430267 /* ImageSharing.swift */,
				4AC263D727229EEE002BE68B /* ReducerView.swift */,
				4AC2640C272387E7002BE68B /* Flow.swift */,
			);
			path = SharedMobile;
			sourceTree = "<group>";
		};
		96351F3BA3772C46822298C1 /* Theme */ = {
			isa = PBXGroup;
			children = (
				9635187200737E866C588DF2 /* Typography.swift */,
				4A5475322758B0DC0023D006 /* Shapes.swift */,
				96351F9D4EEE832DE9A5D481 /* Shapes */,
				96351BB469CEAA3648AE30CA /* Helpers */,
			);
			path = Theme;
			sourceTree = "<group>";
		};
		96351F9D4EEE832DE9A5D481 /* Shapes */ = {
			isa = PBXGroup;
			children = (
				96351144717EC2152B5D829D /* PartCircleShape.swift */,
				4A9F38512741EAED004D5EF5 /* RoundedCornerRectangle.swift */,
			);
			path = Shapes;
			sourceTree = "<group>";
		};
		CABB8A5396FD2FD1D7099F80 /* Pods */ = {
			isa = PBXGroup;
			children = (
				BE7BB08AC1C3EC928622AE74 /* Pods-Well.debug.xcconfig */,
				B6C5234FBEC00FAADC9E6A32 /* Pods-Well.release.xcconfig */,
				E7C0F47F0D380B0A230F9888 /* Pods-Well-WellUITests.debug.xcconfig */,
				4E7FAE8E4CF4ED7E47F58204 /* Pods-Well-WellUITests.release.xcconfig */,
				C89E1C624FA54F84A4908E83 /* Pods-WellTests.debug.xcconfig */,
				C8444AE5C00230D2481A2661 /* Pods-WellTests.release.xcconfig */,
				6AADA08291E3DC99A62DC1D6 /* Pods-LocalTest.debug.xcconfig */,
				4B61DAA76C7C5AEBDC61E5EF /* Pods-LocalTest.release.xcconfig */,
			);
			path = Pods;
			sourceTree = "<group>";
		};
		D5087658259A64A2000A57E5 /* Call */ = {
			isa = PBXGroup;
			children = (
				D5087659259A64B4000A57E5 /* CallScreen.swift */,
				963514A3737F29804FD55C23 /* CallButton.swift */,
				963510CBADB952EF5FE43C78 /* ToggleStillButton.swift */,
				96351C953DED2FE17C86DD9E /* CallBottomBar.swift */,
				963514898AF7A4AD81AE2767 /* ImageSharing */,
			);
			path = Call;
			sourceTree = "<group>";
		};
		D51DA36A2503C0A700123642 /* Supporting files */ = {
			isa = PBXGroup;
			children = (
				D5ECE30225231ECB00207638 /* Well.entitlements */,
				7555FF8C242A565B00829871 /* Info.plist */,
				7555FF89242A565B00829871 /* LaunchScreen.storyboard */,
				D524FE22256D5BAA00090D40 /* Shared.xcconfig */,
			);
			path = "Supporting files";
			sourceTree = "<group>";
		};
		D555C1F225D8099500B4755F /* Login */ = {
			isa = PBXGroup;
			children = (
				D555C1FF25D8102300B4755F /* LoginScreen.swift */,
			);
			path = Login;
			sourceTree = "<group>";
		};
		D555C20125D8956E00B4755F /* SharedPodImplementation */ = {
			isa = PBXGroup;
			children = (
				D5916FC12598BE4F00B549FF /* WebRtcManager.swift */,
				D555C20225D8959F00B4755F /* FacebookProvider.swift */,
				D555C21025D89A1000B4755F /* GoogleProvider.swift */,
				96351D2E86F38ED05C0FAA14 /* AppleProvider.swift */,
			);
			path = SharedPodImplementation;
			sourceTree = "<group>";
		};
		D556940825D471D60012EA36 /* MyProfile */ = {
			isa = PBXGroup;
			children = (
				4AC263D927229F41002BE68B /* Availability */,
				D556940925D471F10012EA36 /* MyProfileScreen.swift */,
				D555C1E025D63A6F00B4755F /* EditingField.swift */,
				D555C1DE25D63A5500B4755F /* SelectionScreen.swift */,
				347D120E9EF2045F5DDC5CD6 /* RatingScreen.swift */,
				4A42E2AF27294D5300E839CF /* TabRow.swift */,
			);
			path = MyProfile;
			sourceTree = "<group>";
		};
		D556940B25D473340012EA36 /* Shapes */ = {
			isa = PBXGroup;
			children = (
				963515E31AB00CDA4DEA8E8C /* OffsetCircle.swift */,
				4A6ABABE270F544D00D8621E /* HorizontalCapsule.swift */,
			);
			path = Shapes;
			sourceTree = "<group>";
		};
		D568035126384A2A00CFE16B /* Welcome */ = {
			isa = PBXGroup;
			children = (
				D568034F26384A2500CFE16B /* WelcomeScreen.swift */,
			);
			path = Welcome;
			sourceTree = "<group>";
		};
		D5B22EC8259DF89C004F1FCC /* Screens */ = {
			isa = PBXGroup;
			children = (
				D568035126384A2A00CFE16B /* Welcome */,
				D555C1F225D8099500B4755F /* Login */,
				D5F0A09A2578AC29002A55DB /* Experts */,
				D5087658259A64A2000A57E5 /* Call */,
				D556940825D471D60012EA36 /* MyProfile */,
				347D13C2A748FF89D63D6154 /* More */,
				347D1D274C3F7850F8799210 /* ChatList */,
				347D1D7FA3FFF4A309A2460D /* UserChat */,
				4A98B2F627578AF700E62B8D /* Calendar */,
			);
			path = Screens;
			sourceTree = "<group>";
		};
		D5BFD57A2524AA7400A94FCC /* General */ = {
			isa = PBXGroup;
			children = (
				D5BFD57825249E1900A94FCC /* HasApply.swift */,
				D5BFD57C2524B06900A94FCC /* NSError+description.swift */,
				D5BFD57E2524B0AB00A94FCC /* Bundle+displayName.swift */,
			);
			path = General;
			sourceTree = "<group>";
		};
		D5F0A09A2578AC29002A55DB /* Experts */ = {
			isa = PBXGroup;
			children = (
				4AE3A0F426443813005BB554 /* Filter */,
				D5F0A09B2578AC4D002A55DB /* ExpertsScreen.swift */,
				D5F0A09D2578AC7A002A55DB /* UserCell.swift */,
				347D10162C3E3F617B8B7A24 /* RatingInfoView.swift */,
			);
			path = Experts;
			sourceTree = "<group>";
		};
/* End PBXGroup section */

/* Begin PBXNativeTarget section */
		4A82800A2725EBFB004DF64E /* LocalTest */ = {
			isa = PBXNativeTarget;
			buildConfigurationList = 4A8280182725EBFC004DF64E /* Build configuration list for PBXNativeTarget "LocalTest" */;
			buildPhases = (
				884627D14AF67316AD813CEC /* [CP] Check Pods Manifest.lock */,
				4A8280632725F193004DF64E /* SwiftLint */,
				4A8280072725EBFB004DF64E /* Sources */,
				4A8280082725EBFB004DF64E /* Frameworks */,
				4A8280092725EBFB004DF64E /* Resources */,
				B71C5E77A71C843B36D67DE4 /* [CP] Embed Pods Frameworks */,
			);
			buildRules = (
			);
			dependencies = (
			);
			name = LocalTest;
			productName = LocalTest;
			productReference = 4A82800B2725EBFB004DF64E /* LocalTest.app */;
			productType = "com.apple.product-type.application";
		};
		7555FF7A242A565900829871 /* Well */ = {
			isa = PBXNativeTarget;
			buildConfigurationList = 7555FFA5242A565B00829871 /* Build configuration list for PBXNativeTarget "Well" */;
			buildPhases = (
				1AB7C8205D06361A1F02E3B2 /* [CP] Check Pods Manifest.lock */,
				D51DA36E2503C47700123642 /* Swiftlint */,
				7555FF77242A565900829871 /* Sources */,
				7555FF78242A565900829871 /* Frameworks */,
				7555FF79242A565900829871 /* Resources */,
				491238037572C75B2A859A9E /* [CP] Embed Pods Frameworks */,
			);
			buildRules = (
			);
			dependencies = (
			);
			name = Well;
			productName = well;
			productReference = 7555FF7B242A565900829871 /* Well_D.app */;
			productType = "com.apple.product-type.application";
		};
/* End PBXNativeTarget section */

/* Begin PBXProject section */
		7555FF73242A565900829871 /* Project object */ = {
			isa = PBXProject;
			attributes = {
				LastSwiftUpdateCheck = 1300;
				LastUpgradeCheck = 1200;
				ORGANIZATIONNAME = Well;
				TargetAttributes = {
					4A82800A2725EBFB004DF64E = {
						CreatedOnToolsVersion = 13.0;
						LastSwiftMigration = 1310;
					};
					7555FF7A242A565900829871 = {
						CreatedOnToolsVersion = 11.3.1;
						LastSwiftMigration = 1310;
					};
				};
			};
			buildConfigurationList = 7555FF76242A565900829871 /* Build configuration list for PBXProject "Well" */;
			compatibilityVersion = "Xcode 9.3";
			developmentRegion = en;
			hasScannedForEncodings = 0;
			knownRegions = (
				en,
				Base,
			);
			mainGroup = 7555FF72242A565900829871;
			productRefGroup = 7555FF7C242A565900829871 /* Products */;
			projectDirPath = "";
			projectRoot = "";
			targets = (
				7555FF7A242A565900829871 /* Well */,
				4A82800A2725EBFB004DF64E /* LocalTest */,
			);
		};
/* End PBXProject section */

/* Begin PBXResourcesBuildPhase section */
		4A8280092725EBFB004DF64E /* Resources */ = {
			isa = PBXResourcesBuildPhase;
			buildActionMask = 2147483647;
			files = (
				4A8280612725F124004DF64E /* Assets.xcassets in Resources */,
			);
			runOnlyForDeploymentPostprocessing = 0;
		};
		7555FF79242A565900829871 /* Resources */ = {
			isa = PBXResourcesBuildPhase;
			buildActionMask = 2147483647;
			files = (
				7555FF8B242A565B00829871 /* LaunchScreen.storyboard in Resources */,
				7555FF85242A565B00829871 /* Assets.xcassets in Resources */,
			);
			runOnlyForDeploymentPostprocessing = 0;
		};
/* End PBXResourcesBuildPhase section */

/* Begin PBXShellScriptBuildPhase section */
		1AB7C8205D06361A1F02E3B2 /* [CP] Check Pods Manifest.lock */ = {
			isa = PBXShellScriptBuildPhase;
			buildActionMask = 2147483647;
			files = (
			);
			inputFileListPaths = (
			);
			inputPaths = (
				"${PODS_PODFILE_DIR_PATH}/Podfile.lock",
				"${PODS_ROOT}/Manifest.lock",
			);
			name = "[CP] Check Pods Manifest.lock";
			outputFileListPaths = (
			);
			outputPaths = (
				"$(DERIVED_FILE_DIR)/Pods-Well-checkManifestLockResult.txt",
			);
			runOnlyForDeploymentPostprocessing = 0;
			shellPath = /bin/sh;
			shellScript = "diff \"${PODS_PODFILE_DIR_PATH}/Podfile.lock\" \"${PODS_ROOT}/Manifest.lock\" > /dev/null\nif [ $? != 0 ] ; then\n    # print error to STDERR\n    echo \"error: The sandbox is not in sync with the Podfile.lock. Run 'pod install' or update your CocoaPods installation.\" >&2\n    exit 1\nfi\n# This output is used by Xcode 'outputs' to avoid re-running this script phase.\necho \"SUCCESS\" > \"${SCRIPT_OUTPUT_FILE_0}\"\n";
			showEnvVarsInLog = 0;
		};
		491238037572C75B2A859A9E /* [CP] Embed Pods Frameworks */ = {
			isa = PBXShellScriptBuildPhase;
			buildActionMask = 2147483647;
			files = (
			);
			inputFileListPaths = (
				"${PODS_ROOT}/Target Support Files/Pods-Well/Pods-Well-frameworks-${CONFIGURATION}-input-files.xcfilelist",
			);
			name = "[CP] Embed Pods Frameworks";
			outputFileListPaths = (
				"${PODS_ROOT}/Target Support Files/Pods-Well/Pods-Well-frameworks-${CONFIGURATION}-output-files.xcfilelist",
			);
			runOnlyForDeploymentPostprocessing = 0;
			shellPath = /bin/sh;
			shellScript = "\"${PODS_ROOT}/Target Support Files/Pods-Well/Pods-Well-frameworks.sh\"\n";
			showEnvVarsInLog = 0;
		};
		4A8280632725F193004DF64E /* SwiftLint */ = {
			isa = PBXShellScriptBuildPhase;
			buildActionMask = 2147483647;
			files = (
			);
			inputFileListPaths = (
			);
			inputPaths = (
			);
			name = SwiftLint;
			outputFileListPaths = (
			);
			outputPaths = (
			);
			runOnlyForDeploymentPostprocessing = 0;
			shellPath = /bin/sh;
			shellScript = "if test -d \"/opt/homebrew/bin/\"; then\n  PATH=\"/opt/homebrew/bin/:${PATH}\"\nfi\n\nexport PATH\n\necho wtf\npwd\n\nif which swiftlint >/dev/null; then\n    swiftlint\nelse\n    echo \"warning: SwiftLint not installed, download from https://github.com/realm/SwiftLint\"\nfi\n";
		};
		884627D14AF67316AD813CEC /* [CP] Check Pods Manifest.lock */ = {
			isa = PBXShellScriptBuildPhase;
			buildActionMask = 2147483647;
			files = (
			);
			inputFileListPaths = (
			);
			inputPaths = (
				"${PODS_PODFILE_DIR_PATH}/Podfile.lock",
				"${PODS_ROOT}/Manifest.lock",
			);
			name = "[CP] Check Pods Manifest.lock";
			outputFileListPaths = (
			);
			outputPaths = (
				"$(DERIVED_FILE_DIR)/Pods-LocalTest-checkManifestLockResult.txt",
			);
			runOnlyForDeploymentPostprocessing = 0;
			shellPath = /bin/sh;
			shellScript = "diff \"${PODS_PODFILE_DIR_PATH}/Podfile.lock\" \"${PODS_ROOT}/Manifest.lock\" > /dev/null\nif [ $? != 0 ] ; then\n    # print error to STDERR\n    echo \"error: The sandbox is not in sync with the Podfile.lock. Run 'pod install' or update your CocoaPods installation.\" >&2\n    exit 1\nfi\n# This output is used by Xcode 'outputs' to avoid re-running this script phase.\necho \"SUCCESS\" > \"${SCRIPT_OUTPUT_FILE_0}\"\n";
			showEnvVarsInLog = 0;
		};
		B71C5E77A71C843B36D67DE4 /* [CP] Embed Pods Frameworks */ = {
			isa = PBXShellScriptBuildPhase;
			buildActionMask = 2147483647;
			files = (
			);
			inputFileListPaths = (
				"${PODS_ROOT}/Target Support Files/Pods-LocalTest/Pods-LocalTest-frameworks-${CONFIGURATION}-input-files.xcfilelist",
			);
			name = "[CP] Embed Pods Frameworks";
			outputFileListPaths = (
				"${PODS_ROOT}/Target Support Files/Pods-LocalTest/Pods-LocalTest-frameworks-${CONFIGURATION}-output-files.xcfilelist",
			);
			runOnlyForDeploymentPostprocessing = 0;
			shellPath = /bin/sh;
			shellScript = "\"${PODS_ROOT}/Target Support Files/Pods-LocalTest/Pods-LocalTest-frameworks.sh\"\n";
			showEnvVarsInLog = 0;
		};
		D51DA36E2503C47700123642 /* Swiftlint */ = {
			isa = PBXShellScriptBuildPhase;
			buildActionMask = 2147483647;
			files = (
			);
			inputFileListPaths = (
			);
			inputPaths = (
			);
			name = Swiftlint;
			outputFileListPaths = (
			);
			outputPaths = (
			);
			runOnlyForDeploymentPostprocessing = 0;
			shellPath = /bin/zsh;
			shellScript = "if test -d \"/opt/homebrew/bin/\"; then\n  PATH=\"/opt/homebrew/bin/:${PATH}\"\nfi\n\nexport PATH\n\nif which swiftlint >/dev/null; then\n    swiftlint\nelse\n    echo \"warning: SwiftLint not installed, download from https://github.com/realm/SwiftLint\"\nfi\n";
		};
/* End PBXShellScriptBuildPhase section */

/* Begin PBXSourcesBuildPhase section */
		4A8280072725EBFB004DF64E /* Sources */ = {
			isa = PBXSourcesBuildPhase;
			buildActionMask = 2147483647;
			files = (
				4A82801C2725EDAB004DF64E /* UserChatScreen.swift in Sources */,
				4A82804A2725EDAB004DF64E /* SupportScreen.swift in Sources */,
				4A8280542725EDAB004DF64E /* WidthSlider.swift in Sources */,
				4A42E2CF272B4BCF00E839CF /* partialSheet.swift in Sources */,
				4A82802C2725EDAB004DF64E /* Control.swift in Sources */,
				4A8280482725EDAB004DF64E /* PartCircleShape.swift in Sources */,
				4A8280682725F549004DF64E /* HasApply.swift in Sources */,
				4A82804D2725EDAB004DF64E /* EditingField.swift in Sources */,
				4A82801B2725EDAB004DF64E /* ExpertsScreen.swift in Sources */,
				4A0A75FC2728BBB300632E84 /* AvailabilityEditView.swift in Sources */,
				4A8280212725EDAB004DF64E /* InactiveOverlay.swift in Sources */,
				4A82804E2725EDAB004DF64E /* SelectionScreen.swift in Sources */,
				4A8280372725EDAB004DF64E /* ViewModelObservable.swift in Sources */,
				4A8280102725EBFB004DF64E /* VideoView.swift in Sources */,
				4A8280242725EDAB004DF64E /* ChatListScreen.swift in Sources */,
				4A8280302725EDAB004DF64E /* RatingScreen.swift in Sources */,
				4A82801E2725EDAB004DF64E /* WelcomeScreen.swift in Sources */,
				4A8280662725F549004DF64E /* Bundle+displayName.swift in Sources */,
				4A8280462725EDAB004DF64E /* ReducerView.swift in Sources */,
				4A8280252725EDAB004DF64E /* ToggleFavoriteButton.swift in Sources */,
				4A82803C2725EDAB004DF64E /* GradientKMM.swift in Sources */,
				4A8280592725EDAB004DF64E /* CallBottomBar.swift in Sources */,
				4A8280582725EDAB004DF64E /* Label.swift in Sources */,
				4A8280292725EDAB004DF64E /* SharedImage.swift in Sources */,
				4A9F38532741EAED004D5EF5 /* RoundedCornerRectangle.swift in Sources */,
				4A8280222725EDAB004DF64E /* ImageSharingBottomBar.swift in Sources */,
				4A82802D2725EDAB004DF64E /* RatingInfoView.swift in Sources */,
				4A82804B2725EDAB004DF64E /* HostingController.swift in Sources */,
				4A8280572725EDAB004DF64E /* DrawingContent.swift in Sources */,
				4A82804F2725EDAB004DF64E /* ActionButtonStyle.swift in Sources */,
				4A42E2B127294D5300E839CF /* TabRow.swift in Sources */,
				4A8280562725EDAB004DF64E /* ColorPicker.swift in Sources */,
				4A8280262725EDAB004DF64E /* DrawingPanel.swift in Sources */,
				4A8280512725EDAB004DF64E /* CG.swift in Sources */,
				4A8280392725EDAB004DF64E /* CallScreen.swift in Sources */,
				4A5475342758B0DC0023D006 /* Shapes.swift in Sources */,
				4A82806A2725FA3C004DF64E /* detectVolumeButton.swift in Sources */,
				4A8280322725EDAB004DF64E /* OffsetCircle.swift in Sources */,
				4A82803D2725EDAB004DF64E /* ImageSharing.swift in Sources */,
				4A82802B2725EDAB004DF64E /* SwiftUI.swift in Sources */,
				4A82801F2725EDAB004DF64E /* Color.swift in Sources */,
				4A8280412725EDAB004DF64E /* Flow.swift in Sources */,
				4A8280352725EDAB004DF64E /* gestures.swift in Sources */,
				4A8280442725EDAB004DF64E /* UserCell.swift in Sources */,
				4A98B2F927578C5500E62B8D /* CalendarScreen.swift in Sources */,
				4A8280532725EDAB004DF64E /* ManualViewUpdater.swift in Sources */,
				4A8280332725EDAB004DF64E /* DrawShape.swift in Sources */,
				4A8280492725EDAB004DF64E /* MoreScreen.swift in Sources */,
				4A98B2FC2757910800E62B8D /* CalendarMonthView.swift in Sources */,
				4A8280522725EDAB004DF64E /* ChatMessageCell.swift in Sources */,
				4A82802F2725EDAB004DF64E /* ToggleStillButton.swift in Sources */,
				4A8280722727157A004DF64E /* TestScreens.swift in Sources */,
				4A82805C2725EDAB004DF64E /* UIKit.swift in Sources */,
				4A8280272725EDAB004DF64E /* HVStack.swift in Sources */,
				4A82805D2725EDAB004DF64E /* ChatListCell.swift in Sources */,
				4A8280672725F549004DF64E /* NSError+description.swift in Sources */,
				4A0A75952727440500632E84 /* AppContainer.swift in Sources */,
				4A82803E2725EDAB004DF64E /* EdgeInsets.swift in Sources */,
				4A8280422725EDAB004DF64E /* ImageLoader.swift in Sources */,
				4A82801D2725EDAB004DF64E /* Models.swift in Sources */,
				4A82803A2725EDAB004DF64E /* NavigationBar.swift in Sources */,
				4A8280502725EDAB004DF64E /* Napier.swift in Sources */,
				4A82800E2725EBFB004DF64E /* LocalTestApp.swift in Sources */,
				4A82805B2725EDAB004DF64E /* SelectableHVStack.swift in Sources */,
				4A8280402725EDAB004DF64E /* Foundation.swift in Sources */,
				4A82802E2725EDAB004DF64E /* LoginScreen.swift in Sources */,
				4A82802A2725EDAB004DF64E /* FilterScreen.swift in Sources */,
				4A8280382725EDAB004DF64E /* ProjectTextEditor.swift in Sources */,
				4A9F386927432140004D5EF5 /* PageView.swift in Sources */,
				4A0A75F92728AA4F00632E84 /* AvailabilitiesList.swift in Sources */,
				4A547538275BA60B0023D006 /* HalfScreenActivityView.swift in Sources */,
				4A8280282725EDAB004DF64E /* SearchBar.swift in Sources */,
				4A8280472725EDAB004DF64E /* MyProfileScreen.swift in Sources */,
				4A278EFC2743520D00A612C1 /* ForceNavControllerBarHidden.swift in Sources */,
				4A8280362725EDAB004DF64E /* AvailabilitiesCalendarView.swift in Sources */,
				4A82803B2725EDAB004DF64E /* Kotlin.swift in Sources */,
				4A82803F2725EDAB004DF64E /* ViewContainer.swift in Sources */,
				4A82804C2725EDAB004DF64E /* CallButton.swift in Sources */,
				4A187CC92760F8A900EEE563 /* TabBarController.swift in Sources */,
				4A8280452725EDAB004DF64E /* ProfileImage.swift in Sources */,
				4A8280552725EDAB004DF64E /* HorizontalCapsule.swift in Sources */,
				4A8280312725EDAB004DF64E /* ForEachIndexed.swift in Sources */,
				4A8280232725EDAB004DF64E /* AboutScreen.swift in Sources */,
				4A8280432725EDAB004DF64E /* Typography.swift in Sources */,
				4A8280342725EDAB004DF64E /* AsyncImage.swift in Sources */,
				4A42E2C02729DAFE00E839CF /* RequestConsultationView.swift in Sources */,
			);
			runOnlyForDeploymentPostprocessing = 0;
		};
		7555FF77242A565900829871 /* Sources */ = {
			isa = PBXSourcesBuildPhase;
			buildActionMask = 2147483647;
			files = (
				D568033C2638322500CFE16B /* CallBottomBar.swift in Sources */,
				D568032F2638320300CFE16B /* ColorPicker.swift in Sources */,
				4A547537275BA60B0023D006 /* HalfScreenActivityView.swift in Sources */,
				4A98B2F827578B0600E62B8D /* CalendarScreen.swift in Sources */,
				D568031A263831A500CFE16B /* NSError+description.swift in Sources */,
				D568034C2638327600CFE16B /* TopLevelView.swift in Sources */,
				D56803442638322500CFE16B /* WidthSlider.swift in Sources */,
				4A6ABABF270F544D00D8621E /* HorizontalCapsule.swift in Sources */,
				D568033B2638322500CFE16B /* EditingField.swift in Sources */,
				4A6ABABB270F45B900D8621E /* Napier.swift in Sources */,
				D56803492638323700CFE16B /* LoginScreen.swift in Sources */,
				4A9F38522741EAED004D5EF5 /* RoundedCornerRectangle.swift in Sources */,
				D5680324263831DB00CFE16B /* SwiftUI.swift in Sources */,
				D56803322638320400CFE16B /* OffsetCircle.swift in Sources */,
				4A42E2CE272B4BCF00E839CF /* partialSheet.swift in Sources */,
				4A9F386827432140004D5EF5 /* PageView.swift in Sources */,
				4AC2640D272387E7002BE68B /* Flow.swift in Sources */,
				4A187CC82760F8A900EEE563 /* TabBarController.swift in Sources */,
				D568031D263831DB00CFE16B /* EdgeInsets.swift in Sources */,
				D568034B2638324D00CFE16B /* ExpertsScreen.swift in Sources */,
				D56803292638320300CFE16B /* HVStack.swift in Sources */,
				4AE3A0F626443820005BB554 /* FilterScreen.swift in Sources */,
				D56803382638320F00CFE16B /* WebRtcManager.swift in Sources */,
				D5680327263831FC00CFE16B /* ManualViewUpdater.swift in Sources */,
				D5680323263831DB00CFE16B /* Foundation.swift in Sources */,
				4A4E3E8F267A469300BF34EC /* ChatListScreen.swift in Sources */,
				D568033D2638322500CFE16B /* DrawingContent.swift in Sources */,
				D568032B2638320300CFE16B /* ProfileImage.swift in Sources */,
				D568031F263831DB00CFE16B /* Color.swift in Sources */,
				4A0A75FB2728BBB300632E84 /* AvailabilityEditView.swift in Sources */,
				D568033A2638320F00CFE16B /* GoogleProvider.swift in Sources */,
				D568031E263831DB00CFE16B /* Models.swift in Sources */,
				4A42E2B027294D5300E839CF /* TabRow.swift in Sources */,
				D568032D2638320300CFE16B /* InactiveOverlay.swift in Sources */,
				D56803432638322500CFE16B /* CallScreen.swift in Sources */,
				D568032C2638320300CFE16B /* ViewContainer.swift in Sources */,
				D5680325263831FC00CFE16B /* Typography.swift in Sources */,
				D56803452638322500CFE16B /* DrawingPanel.swift in Sources */,
				D568033E2638322500CFE16B /* DrawShape.swift in Sources */,
				D5680321263831DB00CFE16B /* ImageSharing.swift in Sources */,
				D56803352638320400CFE16B /* GradientKMM.swift in Sources */,
				4A4E3E90267A469300BF34EC /* UserChatScreen.swift in Sources */,
				D5680322263831DB00CFE16B /* Kotlin.swift in Sources */,
				4A82806E272714AB004DF64E /* typealiases.swift in Sources */,
				D56803312638320400CFE16B /* AsyncImage.swift in Sources */,
				D5680316263831A500CFE16B /* HasApply.swift in Sources */,
				D568032A2638320300CFE16B /* Control.swift in Sources */,
				7555FF7F242A565900829871 /* AppDelegate.swift in Sources */,
				D56803462638322500CFE16B /* CallButton.swift in Sources */,
				4A5475332758B0DC0023D006 /* Shapes.swift in Sources */,
				D568035026384A2500CFE16B /* WelcomeScreen.swift in Sources */,
				D56803342638320400CFE16B /* ImageLoader.swift in Sources */,
				D5680319263831A500CFE16B /* Bundle+displayName.swift in Sources */,
				D568033F2638322500CFE16B /* SelectionScreen.swift in Sources */,
				4AC263D827229EEE002BE68B /* ReducerView.swift in Sources */,
				4A3A82BA26626D70003DD1F3 /* MoreScreen.swift in Sources */,
				4A42E2BF2729DAFE00E839CF /* RequestConsultationView.swift in Sources */,
				4AC263DB27229F4E002BE68B /* AvailabilitiesCalendarView.swift in Sources */,
				4A98B2FB2757910800E62B8D /* CalendarMonthView.swift in Sources */,
				D56803422638322500CFE16B /* MyProfileScreen.swift in Sources */,
				4A0A75F82728AA4E00632E84 /* AvailabilitiesList.swift in Sources */,
				D568034E26383DA900CFE16B /* SearchBar.swift in Sources */,
				4A0A75942727440500632E84 /* AppContainer.swift in Sources */,
				D5680326263831FC00CFE16B /* PartCircleShape.swift in Sources */,
				D56803412638322500CFE16B /* VideoView.swift in Sources */,
				D568034A2638323700CFE16B /* UserCell.swift in Sources */,
				D56803282638320300CFE16B /* HostingController.swift in Sources */,
				D56803472638322500CFE16B /* ToggleStillButton.swift in Sources */,
				D56803402638322500CFE16B /* ImageSharingBottomBar.swift in Sources */,
				D56803392638320F00CFE16B /* FacebookProvider.swift in Sources */,
				D568032E2638320300CFE16B /* Label.swift in Sources */,
				D56803372638320400CFE16B /* NavigationBar.swift in Sources */,
				D5680320263831DB00CFE16B /* CG.swift in Sources */,
				96351CB235DE05363561861E /* AppleProvider.swift in Sources */,
				347D1A87588CBF1F893DF5A8 /* ActionButtonStyle.swift in Sources */,
				347D178406E17BBA44CDAA45 /* SelectableHVStack.swift in Sources */,
				347D1737EF6D0ED04DA9AC65 /* ForEachIndexed.swift in Sources */,
				347D15DDABDD467C0CC08BF1 /* RatingInfoView.swift in Sources */,
				347D1B5FCCA8AC2CBCFFF0DD /* ToggleFavoriteButton.swift in Sources */,
				347D1284F7802A92EBD89A49 /* RatingScreen.swift in Sources */,
				347D1A25C3F01A6BE29610D2 /* UIKit.swift in Sources */,
				347D1FC94691586F8E442AEF /* AboutScreen.swift in Sources */,
				347D1EF0863AA4967A9629E1 /* SupportScreen.swift in Sources */,
				347D15604CDC1A62ED92D445 /* ProjectTextEditor.swift in Sources */,
				347D180C8AC6394A03BAA2DD /* ChatMessageCell.swift in Sources */,
				347D13682DCE047F060B9764 /* ChatListCell.swift in Sources */,
				347D163CCB059A465F663633 /* SharedImage.swift in Sources */,
				347D175D1749D3241338FD6A /* ViewModelObservable.swift in Sources */,
				347D1372A2174B5CAA95D982 /* gestures.swift in Sources */,
			);
			runOnlyForDeploymentPostprocessing = 0;
		};
/* End PBXSourcesBuildPhase section */

/* Begin PBXVariantGroup section */
		7555FF89242A565B00829871 /* LaunchScreen.storyboard */ = {
			isa = PBXVariantGroup;
			children = (
				7555FF8A242A565B00829871 /* Base */,
			);
			name = LaunchScreen.storyboard;
			sourceTree = "<group>";
		};
/* End PBXVariantGroup section */

/* Begin XCBuildConfiguration section */
		4A8280162725EBFC004DF64E /* Debug */ = {
			isa = XCBuildConfiguration;
			baseConfigurationReference = 6AADA08291E3DC99A62DC1D6 /* Pods-LocalTest.debug.xcconfig */;
			buildSettings = {
				ASSETCATALOG_COMPILER_APPICON_NAME = AppIcon;
				CLANG_CXX_LANGUAGE_STANDARD = "gnu++17";
				CLANG_ENABLE_MODULES = YES;
				CURRENT_PROJECT_VERSION = 1;
				ENABLE_PREVIEWS = YES;
				GENERATE_INFOPLIST_FILE = NO;
				INFOPLIST_FILE = "well/Supporting files/Info.plist";
				INFOPLIST_KEY_UIApplicationSceneManifest_Generation = YES;
				INFOPLIST_KEY_UILaunchScreen_Generation = YES;
				LD_RUNPATH_SEARCH_PATHS = (
					"$(inherited)",
					"@executable_path/Frameworks",
				);
				MARKETING_VERSION = 1.0;
				OTHER_SWIFT_FLAGS = "$(inherited) -D COCOAPODS -Xfrontend -warn-long-function-bodies=100 -Xfrontend -warn-long-expression-type-checking=100";
				PRODUCT_BUNDLE_IDENTIFIER = com.well.app.localTest;
				PRODUCT_MODULE_NAME = Well;
				PRODUCT_NAME = "$(TARGET_NAME)";
				SWIFT_EMIT_LOC_STRINGS = YES;
				SWIFT_OPTIMIZATION_LEVEL = "-Onone";
				SWIFT_VERSION = 5.0;
				TARGETED_DEVICE_FAMILY = 1;
			};
			name = Debug;
		};
		4A8280172725EBFC004DF64E /* Release */ = {
			isa = XCBuildConfiguration;
			baseConfigurationReference = 4B61DAA76C7C5AEBDC61E5EF /* Pods-LocalTest.release.xcconfig */;
			buildSettings = {
				ASSETCATALOG_COMPILER_APPICON_NAME = AppIcon;
				CLANG_CXX_LANGUAGE_STANDARD = "gnu++17";
				CLANG_ENABLE_MODULES = YES;
				CURRENT_PROJECT_VERSION = 1;
				ENABLE_PREVIEWS = YES;
				GENERATE_INFOPLIST_FILE = NO;
				INFOPLIST_FILE = "well/Supporting files/Info.plist";
				INFOPLIST_KEY_UIApplicationSceneManifest_Generation = YES;
				INFOPLIST_KEY_UILaunchScreen_Generation = YES;
				LD_RUNPATH_SEARCH_PATHS = (
					"$(inherited)",
					"@executable_path/Frameworks",
				);
				MARKETING_VERSION = 1.0;
				PRODUCT_BUNDLE_IDENTIFIER = com.well.app.localTest;
				PRODUCT_MODULE_NAME = Well;
				PRODUCT_NAME = "$(TARGET_NAME)";
				SWIFT_EMIT_LOC_STRINGS = YES;
				SWIFT_VERSION = 5.0;
				TARGETED_DEVICE_FAMILY = 1;
			};
			name = Release;
		};
		7555FFA3242A565B00829871 /* Debug */ = {
			isa = XCBuildConfiguration;
			baseConfigurationReference = D524FE22256D5BAA00090D40 /* Shared.xcconfig */;
			buildSettings = {
				ALWAYS_SEARCH_USER_PATHS = NO;
				CLANG_ANALYZER_NONNULL = YES;
				CLANG_ANALYZER_NUMBER_OBJECT_CONVERSION = YES_AGGRESSIVE;
				CLANG_CXX_LANGUAGE_STANDARD = "gnu++14";
				CLANG_CXX_LIBRARY = "libc++";
				CLANG_ENABLE_MODULES = YES;
				CLANG_ENABLE_OBJC_ARC = YES;
				CLANG_ENABLE_OBJC_WEAK = YES;
				CLANG_WARN_BLOCK_CAPTURE_AUTORELEASING = YES;
				CLANG_WARN_BOOL_CONVERSION = YES;
				CLANG_WARN_COMMA = YES;
				CLANG_WARN_CONSTANT_CONVERSION = YES;
				CLANG_WARN_DEPRECATED_OBJC_IMPLEMENTATIONS = YES;
				CLANG_WARN_DIRECT_OBJC_ISA_USAGE = YES_ERROR;
				CLANG_WARN_DOCUMENTATION_COMMENTS = YES;
				CLANG_WARN_EMPTY_BODY = YES;
				CLANG_WARN_ENUM_CONVERSION = YES;
				CLANG_WARN_INFINITE_RECURSION = YES;
				CLANG_WARN_INT_CONVERSION = YES;
				CLANG_WARN_NON_LITERAL_NULL_CONVERSION = YES;
				CLANG_WARN_OBJC_IMPLICIT_RETAIN_SELF = YES;
				CLANG_WARN_OBJC_LITERAL_CONVERSION = YES;
				CLANG_WARN_OBJC_ROOT_CLASS = YES_ERROR;
				CLANG_WARN_QUOTED_INCLUDE_IN_FRAMEWORK_HEADER = YES;
				CLANG_WARN_RANGE_LOOP_ANALYSIS = YES;
				CLANG_WARN_STRICT_PROTOTYPES = YES;
				CLANG_WARN_SUSPICIOUS_MOVE = YES;
				CLANG_WARN_UNGUARDED_AVAILABILITY = YES_AGGRESSIVE;
				CLANG_WARN_UNREACHABLE_CODE = YES;
				CLANG_WARN__DUPLICATE_METHOD_MATCH = YES;
				COPY_PHASE_STRIP = NO;
				DEBUG_INFORMATION_FORMAT = "dwarf-with-dsym";
				DEVELOPMENT_TEAM = 2L8ZA5WNKK;
				ENABLE_BITCODE = YES;
				ENABLE_STRICT_OBJC_MSGSEND = YES;
				ENABLE_TESTABILITY = YES;
				GCC_C_LANGUAGE_STANDARD = gnu11;
				GCC_DYNAMIC_NO_PIC = NO;
				GCC_NO_COMMON_BLOCKS = YES;
				GCC_OPTIMIZATION_LEVEL = 0;
				GCC_PREPROCESSOR_DEFINITIONS = (
					"DEBUG=1",
					"$(inherited)",
				);
				GCC_WARN_64_TO_32_BIT_CONVERSION = YES;
				GCC_WARN_ABOUT_RETURN_TYPE = YES_ERROR;
				GCC_WARN_UNDECLARED_SELECTOR = YES;
				GCC_WARN_UNINITIALIZED_AUTOS = YES_AGGRESSIVE;
				GCC_WARN_UNUSED_FUNCTION = YES;
				GCC_WARN_UNUSED_VARIABLE = YES;
				IPHONEOS_DEPLOYMENT_TARGET = 14.0;
				MTL_ENABLE_DEBUG_INFO = INCLUDE_SOURCE;
				MTL_FAST_MATH = YES;
				ONLY_ACTIVE_ARCH = YES;
				OTHER_CODE_SIGN_FLAGS = "--generate-entitlement-der";
				SDKROOT = iphoneos;
				SWIFT_ACTIVE_COMPILATION_CONDITIONS = DEBUG;
				SWIFT_OPTIMIZATION_LEVEL = "-Onone";
				SWIFT_VERSION = 5.0;
			};
			name = Debug;
		};
		7555FFA4242A565B00829871 /* Release */ = {
			isa = XCBuildConfiguration;
			baseConfigurationReference = D524FE22256D5BAA00090D40 /* Shared.xcconfig */;
			buildSettings = {
				ALWAYS_SEARCH_USER_PATHS = NO;
				CLANG_ANALYZER_NONNULL = YES;
				CLANG_ANALYZER_NUMBER_OBJECT_CONVERSION = YES_AGGRESSIVE;
				CLANG_CXX_LANGUAGE_STANDARD = "gnu++14";
				CLANG_CXX_LIBRARY = "libc++";
				CLANG_ENABLE_MODULES = YES;
				CLANG_ENABLE_OBJC_ARC = YES;
				CLANG_ENABLE_OBJC_WEAK = YES;
				CLANG_WARN_BLOCK_CAPTURE_AUTORELEASING = YES;
				CLANG_WARN_BOOL_CONVERSION = YES;
				CLANG_WARN_COMMA = YES;
				CLANG_WARN_CONSTANT_CONVERSION = YES;
				CLANG_WARN_DEPRECATED_OBJC_IMPLEMENTATIONS = YES;
				CLANG_WARN_DIRECT_OBJC_ISA_USAGE = YES_ERROR;
				CLANG_WARN_DOCUMENTATION_COMMENTS = YES;
				CLANG_WARN_EMPTY_BODY = YES;
				CLANG_WARN_ENUM_CONVERSION = YES;
				CLANG_WARN_INFINITE_RECURSION = YES;
				CLANG_WARN_INT_CONVERSION = YES;
				CLANG_WARN_NON_LITERAL_NULL_CONVERSION = YES;
				CLANG_WARN_OBJC_IMPLICIT_RETAIN_SELF = YES;
				CLANG_WARN_OBJC_LITERAL_CONVERSION = YES;
				CLANG_WARN_OBJC_ROOT_CLASS = YES_ERROR;
				CLANG_WARN_QUOTED_INCLUDE_IN_FRAMEWORK_HEADER = YES;
				CLANG_WARN_RANGE_LOOP_ANALYSIS = YES;
				CLANG_WARN_STRICT_PROTOTYPES = YES;
				CLANG_WARN_SUSPICIOUS_MOVE = YES;
				CLANG_WARN_UNGUARDED_AVAILABILITY = YES_AGGRESSIVE;
				CLANG_WARN_UNREACHABLE_CODE = YES;
				CLANG_WARN__DUPLICATE_METHOD_MATCH = YES;
				COPY_PHASE_STRIP = NO;
				DEBUG_INFORMATION_FORMAT = "dwarf-with-dsym";
				DEVELOPMENT_TEAM = 2L8ZA5WNKK;
				ENABLE_BITCODE = YES;
				ENABLE_NS_ASSERTIONS = NO;
				ENABLE_STRICT_OBJC_MSGSEND = YES;
				GCC_C_LANGUAGE_STANDARD = gnu11;
				GCC_NO_COMMON_BLOCKS = YES;
				GCC_WARN_64_TO_32_BIT_CONVERSION = YES;
				GCC_WARN_ABOUT_RETURN_TYPE = YES_ERROR;
				GCC_WARN_UNDECLARED_SELECTOR = YES;
				GCC_WARN_UNINITIALIZED_AUTOS = YES_AGGRESSIVE;
				GCC_WARN_UNUSED_FUNCTION = YES;
				GCC_WARN_UNUSED_VARIABLE = YES;
				IPHONEOS_DEPLOYMENT_TARGET = 14.0;
				MTL_ENABLE_DEBUG_INFO = NO;
				MTL_FAST_MATH = YES;
				OTHER_CODE_SIGN_FLAGS = "--generate-entitlement-der";
				SDKROOT = iphoneos;
				SWIFT_COMPILATION_MODE = wholemodule;
				SWIFT_OPTIMIZATION_LEVEL = "-O";
				SWIFT_VERSION = 5.0;
				VALIDATE_PRODUCT = YES;
			};
			name = Release;
		};
		7555FFA6242A565B00829871 /* Debug */ = {
			isa = XCBuildConfiguration;
			baseConfigurationReference = BE7BB08AC1C3EC928622AE74 /* Pods-Well.debug.xcconfig */;
			buildSettings = {
				ASSETCATALOG_COMPILER_APPICON_NAME = AppIcon;
				CLANG_ENABLE_MODULES = YES;
				CODE_SIGN_ENTITLEMENTS = "Well/Supporting files/Well.entitlements";
				FACEBOOK_APP_ID = "$(SHARED_FACEBOOK_APP_ID)";
				FACEBOOK_CLIENT_TOKEN = "$(SHARED_FACEBOOK_CLIENT_TOKEN)";
				FRAMEWORK_SEARCH_PATHS = "$(inherited)";
				GOOGLE_CLIENT_ID = "$(IOS_GOOGLE_CLIENT_ID)";
				INFOPLIST_FILE = "well/Supporting files/Info.plist";
				LD_RUNPATH_SEARCH_PATHS = (
					"$(inherited)",
					"@executable_path/Frameworks",
				);
				OTHER_LDFLAGS = (
					"$(inherited)",
					"-ObjC",
					"-l\"c++\"",
					"-l\"stdc++\"",
					"-l\"z\"",
					"-lsqlite3",
				);
				OTHER_SWIFT_FLAGS = "$(inherited) -Xfrontend -warn-long-function-bodies=100 -Xfrontend -warn-long-expression-type-checking=100";
				PRODUCT_BUNDLE_IDENTIFIER = com.well.well.debug;
				PRODUCT_MODULE_NAME = "$(TARGET_NAME)";
				PRODUCT_NAME = "$(TARGET_NAME)_D";
				SUPPORTS_MACCATALYST = NO;
				SWIFT_OPTIMIZATION_LEVEL = "-Onone";
				SWIFT_VERSION = 5.0;
				TARGETED_DEVICE_FAMILY = 1;
			};
			name = Debug;
		};
		7555FFA7242A565B00829871 /* Release */ = {
			isa = XCBuildConfiguration;
			baseConfigurationReference = B6C5234FBEC00FAADC9E6A32 /* Pods-Well.release.xcconfig */;
			buildSettings = {
				ASSETCATALOG_COMPILER_APPICON_NAME = AppIcon;
				CLANG_ENABLE_MODULES = YES;
				CODE_SIGN_ENTITLEMENTS = "Well/Supporting files/Well.entitlements";
				FACEBOOK_APP_ID = "$(SHARED_FACEBOOK_APP_ID)";
				FACEBOOK_CLIENT_TOKEN = "$(SHARED_FACEBOOK_CLIENT_TOKEN)";
				FRAMEWORK_SEARCH_PATHS = "$(inherited)";
				GOOGLE_CLIENT_ID = "$(IOS_GOOGLE_CLIENT_ID)";
				INFOPLIST_FILE = "well/Supporting files/Info.plist";
				LD_RUNPATH_SEARCH_PATHS = (
					"$(inherited)",
					"@executable_path/Frameworks",
				);
				OTHER_LDFLAGS = (
					"$(inherited)",
					"-ObjC",
					"-l\"c++\"",
					"-l\"stdc++\"",
					"-l\"z\"",
					"-lsqlite3",
				);
				PRODUCT_BUNDLE_IDENTIFIER = com.well.app;
				PRODUCT_MODULE_NAME = "$(TARGET_NAME)";
				PRODUCT_NAME = "$(TARGET_NAME)";
				SUPPORTS_MACCATALYST = NO;
				SWIFT_VERSION = 5.0;
				TARGETED_DEVICE_FAMILY = 1;
			};
			name = Release;
		};
/* End XCBuildConfiguration section */

/* Begin XCConfigurationList section */
		4A8280182725EBFC004DF64E /* Build configuration list for PBXNativeTarget "LocalTest" */ = {
			isa = XCConfigurationList;
			buildConfigurations = (
				4A8280162725EBFC004DF64E /* Debug */,
				4A8280172725EBFC004DF64E /* Release */,
			);
			defaultConfigurationIsVisible = 0;
			defaultConfigurationName = Release;
		};
		7555FF76242A565900829871 /* Build configuration list for PBXProject "Well" */ = {
			isa = XCConfigurationList;
			buildConfigurations = (
				7555FFA3242A565B00829871 /* Debug */,
				7555FFA4242A565B00829871 /* Release */,
			);
			defaultConfigurationIsVisible = 0;
			defaultConfigurationName = Release;
		};
		7555FFA5242A565B00829871 /* Build configuration list for PBXNativeTarget "Well" */ = {
			isa = XCConfigurationList;
			buildConfigurations = (
				7555FFA6242A565B00829871 /* Debug */,
				7555FFA7242A565B00829871 /* Release */,
			);
			defaultConfigurationIsVisible = 0;
			defaultConfigurationName = Release;
		};
/* End XCConfigurationList section */
	};
	rootObject = 7555FF73242A565900829871 /* Project object */;
}
