// !$*UTF8*$!
{
	archiveVersion = 1;
	classes = {
	};
	objectVersion = 51;
	objects = {

/* Begin PBXBuildFile section */
		0902BD0460D4849CA1790CBB /* Pods_Well.framework in Frameworks */ = {isa = PBXBuildFile; fileRef = A8560B869390C33CC211DA86 /* Pods_Well.framework */; };
		7555FF7F242A565900829871 /* AppDelegate.swift in Sources */ = {isa = PBXBuildFile; fileRef = 7555FF7E242A565900829871 /* AppDelegate.swift */; };
		7555FF85242A565B00829871 /* Assets.xcassets in Resources */ = {isa = PBXBuildFile; fileRef = 7555FF84242A565B00829871 /* Assets.xcassets */; };
		7555FF8B242A565B00829871 /* LaunchScreen.storyboard in Resources */ = {isa = PBXBuildFile; fileRef = 7555FF89242A565B00829871 /* LaunchScreen.storyboard */; };
		96351092F37EBC87EAD1B97E /* FrameSize.swift in Sources */ = {isa = PBXBuildFile; fileRef = 963518ED05F25F148D6F5928 /* FrameSize.swift */; };
		963510D2491795F55A074951 /* ImageSharingScreen.swift in Sources */ = {isa = PBXBuildFile; fileRef = 96351F2532BB0EF790BA1340 /* ImageSharingScreen.swift */; };
		963510E23A7EBD1F3237ADAD /* ImageCache.swift in Sources */ = {isa = PBXBuildFile; fileRef = 9635138951904E797CC07FB8 /* ImageCache.swift */; };
		963511B36F9FBE2F47BE5029 /* HostingController.swift in Sources */ = {isa = PBXBuildFile; fileRef = 963512B5B12B74C258B78937 /* HostingController.swift */; };
		963511BB98644C75C15F96FC /* ServerModelsUser.swift in Sources */ = {isa = PBXBuildFile; fileRef = 96351CD0B22C50D7CAD4A377 /* ServerModelsUser.swift */; };
		96351262C73EB4BF6A95D35F /* EnvironmentValues+ImageCache.swift in Sources */ = {isa = PBXBuildFile; fileRef = 96351B0C11099D750966E12C /* EnvironmentValues+ImageCache.swift */; };
		963513B49BE9408B776FFC81 /* Color.swift in Sources */ = {isa = PBXBuildFile; fileRef = 963518BD2D5690278A4E6851 /* Color.swift */; };
		963513C86297B3BCE7D948FC /* Typography.swift in Sources */ = {isa = PBXBuildFile; fileRef = 9635187200737E866C588DF2 /* Typography.swift */; };
		963513ED9B614272F7B212F4 /* CallBottomShape.swift in Sources */ = {isa = PBXBuildFile; fileRef = 963519A3AF8111CEDAE6968E /* CallBottomShape.swift */; };
		963513F87CA66DC1C113DB11 /* OffsetCircle.swift in Sources */ = {isa = PBXBuildFile; fileRef = 963515E31AB00CDA4DEA8E8C /* OffsetCircle.swift */; };
		963516607B7E7BC63CF9D230 /* CallButton.swift in Sources */ = {isa = PBXBuildFile; fileRef = 963514A3737F29804FD55C23 /* CallButton.swift */; };
		9635193C518F0F1BFD5A72BF /* ImageLoader.swift in Sources */ = {isa = PBXBuildFile; fileRef = 96351D39539561818A675E6A /* ImageLoader.swift */; };
		9635195234B4E1480134DB7D /* ProfileImage.swift in Sources */ = {isa = PBXBuildFile; fileRef = 96351B154D0F87BC97B362E5 /* ProfileImage.swift */; };
		963519C16970998753A9EAF8 /* ImageSharingBottomBar.swift in Sources */ = {isa = PBXBuildFile; fileRef = 96351CD9A4D3935EDAE8F424 /* ImageSharingBottomBar.swift */; };
		96351A81B7E44CCFD79A49F9 /* CG.swift in Sources */ = {isa = PBXBuildFile; fileRef = 96351DDBE2296E6603783838 /* CG.swift */; };
		96351B0932C441434A64E2D4 /* DrawShape.swift in Sources */ = {isa = PBXBuildFile; fileRef = 96351B83B3BB91E6FE424C46 /* DrawShape.swift */; };
		96351CBBC2C6B82D8E0E1478 /* ActivityIndicatorView.swift in Sources */ = {isa = PBXBuildFile; fileRef = 96351B89FF2641C0797E50CE /* ActivityIndicatorView.swift */; };
		96351E67C2A29F3BA1D45620 /* EdgeInsets.swift in Sources */ = {isa = PBXBuildFile; fileRef = 963513DDB06C22E5A9391A01 /* EdgeInsets.swift */; };
		96351F0BB0DC75B190BE831D /* AsyncImage.swift in Sources */ = {isa = PBXBuildFile; fileRef = 963518BB137F85C8DB28F64A /* AsyncImage.swift */; };
		96351F233646E7AA5AEA4D91 /* ColorPicker.swift in Sources */ = {isa = PBXBuildFile; fileRef = 96351161F74FFEEFE8D62B02 /* ColorPicker.swift */; };
		96351FB6375E93CCA793F67F /* ToggleStillButton.swift in Sources */ = {isa = PBXBuildFile; fileRef = 963510CBADB952EF5FE43C78 /* ToggleStillButton.swift */; };
		D508765A259A64B4000A57E5 /* CallScreen.swift in Sources */ = {isa = PBXBuildFile; fileRef = D5087659259A64B4000A57E5 /* CallScreen.swift */; };
		D508765C259A6858000A57E5 /* VideoView.swift in Sources */ = {isa = PBXBuildFile; fileRef = D508765B259A6858000A57E5 /* VideoView.swift */; };
		D51625612503C945009E103B /* R.generated.swift in Sources */ = {isa = PBXBuildFile; fileRef = D51625602503C945009E103B /* R.generated.swift */; };
		D51625792504BD9C009E103B /* neris_semi_bold.otf in Resources */ = {isa = PBXBuildFile; fileRef = D51625762504BD9C009E103B /* neris_semi_bold.otf */; };
		D516257A2504BD9C009E103B /* neris_thin.otf in Resources */ = {isa = PBXBuildFile; fileRef = D51625772504BD9C009E103B /* neris_thin.otf */; };
		D519AF87252441DC00C24377 /* LoginInitialViewController.swift in Sources */ = {isa = PBXBuildFile; fileRef = D519AF86252441DC00C24377 /* LoginInitialViewController.swift */; };
		D519AFAD25245E0F00C24377 /* LoginSocialsView.swift in Sources */ = {isa = PBXBuildFile; fileRef = D519AFAC25245E0F00C24377 /* LoginSocialsView.swift */; };
		D5916FBC2598ABA900B549FF /* TopLevelView.swift in Sources */ = {isa = PBXBuildFile; fileRef = D5916FBB2598ABA900B549FF /* TopLevelView.swift */; };
		D5916FC22598BE4F00B549FF /* WebRtcManager.swift in Sources */ = {isa = PBXBuildFile; fileRef = D5916FC12598BE4F00B549FF /* WebRtcManager.swift */; };
		D5BFD5492524670900A94FCC /* ActionButton.swift in Sources */ = {isa = PBXBuildFile; fileRef = D5BFD5482524670900A94FCC /* ActionButton.swift */; };
		D5BFD5772524938400A94FCC /* Action.swift in Sources */ = {isa = PBXBuildFile; fileRef = D5BFD5762524938400A94FCC /* Action.swift */; };
		D5BFD57925249E1900A94FCC /* HasApply.swift in Sources */ = {isa = PBXBuildFile; fileRef = D5BFD57825249E1900A94FCC /* HasApply.swift */; };
		D5BFD57D2524B06900A94FCC /* NSError+description.swift in Sources */ = {isa = PBXBuildFile; fileRef = D5BFD57C2524B06900A94FCC /* NSError+description.swift */; };
		D5BFD57F2524B0AB00A94FCC /* Bundle+displayName.swift in Sources */ = {isa = PBXBuildFile; fileRef = D5BFD57E2524B0AB00A94FCC /* Bundle+displayName.swift */; };
		D5BFD5BA2524BFB900A94FCC /* Future.swift in Sources */ = {isa = PBXBuildFile; fileRef = D5BFD5B92524BFB900A94FCC /* Future.swift */; };
		D5BFD5BD2524BFE000A94FCC /* Property.swift in Sources */ = {isa = PBXBuildFile; fileRef = D5BFD5BC2524BFE000A94FCC /* Property.swift */; };
		D5BFD5C62525845500A94FCC /* EnumDictionary.swift in Sources */ = {isa = PBXBuildFile; fileRef = D5BFD5C52525845500A94FCC /* EnumDictionary.swift */; };
		D5BFD5C9252584FE00A94FCC /* Cancellable.swift in Sources */ = {isa = PBXBuildFile; fileRef = D5BFD5C8252584FE00A94FCC /* Cancellable.swift */; };
		D5F0A09C2578AC4D002A55DB /* OnlineUsersScreen.swift in Sources */ = {isa = PBXBuildFile; fileRef = D5F0A09B2578AC4D002A55DB /* OnlineUsersScreen.swift */; };
		D5F0A09E2578AC7A002A55DB /* UserCell.swift in Sources */ = {isa = PBXBuildFile; fileRef = D5F0A09D2578AC7A002A55DB /* UserCell.swift */; };
/* End PBXBuildFile section */

/* Begin PBXCopyFilesBuildPhase section */
		7555FFB4242A642300829871 /* Embed Frameworks */ = {
			isa = PBXCopyFilesBuildPhase;
			buildActionMask = 2147483647;
			dstPath = "";
			dstSubfolderSpec = 10;
			files = (
			);
			name = "Embed Frameworks";
			runOnlyForDeploymentPostprocessing = 0;
		};
/* End PBXCopyFilesBuildPhase section */

/* Begin PBXFileReference section */
		4E7FAE8E4CF4ED7E47F58204 /* Pods-Well-WellUITests.release.xcconfig */ = {isa = PBXFileReference; includeInIndex = 1; lastKnownFileType = text.xcconfig; name = "Pods-Well-WellUITests.release.xcconfig"; path = "Target Support Files/Pods-Well-WellUITests/Pods-Well-WellUITests.release.xcconfig"; sourceTree = "<group>"; };
		7555FF7B242A565900829871 /* Well.app */ = {isa = PBXFileReference; explicitFileType = wrapper.application; includeInIndex = 0; path = Well.app; sourceTree = BUILT_PRODUCTS_DIR; };
		7555FF7E242A565900829871 /* AppDelegate.swift */ = {isa = PBXFileReference; lastKnownFileType = sourcecode.swift; path = AppDelegate.swift; sourceTree = "<group>"; };
		7555FF84242A565B00829871 /* Assets.xcassets */ = {isa = PBXFileReference; lastKnownFileType = folder.assetcatalog; path = Assets.xcassets; sourceTree = "<group>"; };
		7555FF8A242A565B00829871 /* Base */ = {isa = PBXFileReference; lastKnownFileType = file.storyboard; name = Base; path = Base.lproj/LaunchScreen.storyboard; sourceTree = "<group>"; };
		7555FF8C242A565B00829871 /* Info.plist */ = {isa = PBXFileReference; lastKnownFileType = text.plist.xml; path = Info.plist; sourceTree = "<group>"; };
		963510CBADB952EF5FE43C78 /* ToggleStillButton.swift */ = {isa = PBXFileReference; fileEncoding = 4; lastKnownFileType = sourcecode.swift; path = ToggleStillButton.swift; sourceTree = "<group>"; };
		96351161F74FFEEFE8D62B02 /* ColorPicker.swift */ = {isa = PBXFileReference; fileEncoding = 4; lastKnownFileType = sourcecode.swift; path = ColorPicker.swift; sourceTree = "<group>"; };
		963512B5B12B74C258B78937 /* HostingController.swift */ = {isa = PBXFileReference; fileEncoding = 4; lastKnownFileType = sourcecode.swift; path = HostingController.swift; sourceTree = "<group>"; };
		9635138951904E797CC07FB8 /* ImageCache.swift */ = {isa = PBXFileReference; fileEncoding = 4; lastKnownFileType = sourcecode.swift; path = ImageCache.swift; sourceTree = "<group>"; };
		963513DDB06C22E5A9391A01 /* EdgeInsets.swift */ = {isa = PBXFileReference; fileEncoding = 4; lastKnownFileType = sourcecode.swift; path = EdgeInsets.swift; sourceTree = "<group>"; };
		963514A3737F29804FD55C23 /* CallButton.swift */ = {isa = PBXFileReference; fileEncoding = 4; lastKnownFileType = sourcecode.swift; path = CallButton.swift; sourceTree = "<group>"; };
		963515E31AB00CDA4DEA8E8C /* OffsetCircle.swift */ = {isa = PBXFileReference; fileEncoding = 4; lastKnownFileType = sourcecode.swift; path = OffsetCircle.swift; sourceTree = "<group>"; };
		9635187200737E866C588DF2 /* Typography.swift */ = {isa = PBXFileReference; fileEncoding = 4; lastKnownFileType = sourcecode.swift; path = Typography.swift; sourceTree = "<group>"; };
		963518BB137F85C8DB28F64A /* AsyncImage.swift */ = {isa = PBXFileReference; fileEncoding = 4; lastKnownFileType = sourcecode.swift; path = AsyncImage.swift; sourceTree = "<group>"; };
		963518BD2D5690278A4E6851 /* Color.swift */ = {isa = PBXFileReference; fileEncoding = 4; lastKnownFileType = sourcecode.swift; path = Color.swift; sourceTree = "<group>"; };
		963518ED05F25F148D6F5928 /* FrameSize.swift */ = {isa = PBXFileReference; fileEncoding = 4; lastKnownFileType = sourcecode.swift; path = FrameSize.swift; sourceTree = "<group>"; };
		963519A3AF8111CEDAE6968E /* CallBottomShape.swift */ = {isa = PBXFileReference; fileEncoding = 4; lastKnownFileType = sourcecode.swift; path = CallBottomShape.swift; sourceTree = "<group>"; };
		96351B0C11099D750966E12C /* EnvironmentValues+ImageCache.swift */ = {isa = PBXFileReference; fileEncoding = 4; lastKnownFileType = sourcecode.swift; path = "EnvironmentValues+ImageCache.swift"; sourceTree = "<group>"; };
		96351B154D0F87BC97B362E5 /* ProfileImage.swift */ = {isa = PBXFileReference; fileEncoding = 4; lastKnownFileType = sourcecode.swift; path = ProfileImage.swift; sourceTree = "<group>"; };
		96351B83B3BB91E6FE424C46 /* DrawShape.swift */ = {isa = PBXFileReference; fileEncoding = 4; lastKnownFileType = sourcecode.swift; path = DrawShape.swift; sourceTree = "<group>"; };
		96351B89FF2641C0797E50CE /* ActivityIndicatorView.swift */ = {isa = PBXFileReference; fileEncoding = 4; lastKnownFileType = sourcecode.swift; path = ActivityIndicatorView.swift; sourceTree = "<group>"; };
		96351CD0B22C50D7CAD4A377 /* ServerModelsUser.swift */ = {isa = PBXFileReference; fileEncoding = 4; lastKnownFileType = sourcecode.swift; path = ServerModelsUser.swift; sourceTree = "<group>"; };
		96351CD9A4D3935EDAE8F424 /* ImageSharingBottomBar.swift */ = {isa = PBXFileReference; fileEncoding = 4; lastKnownFileType = sourcecode.swift; path = ImageSharingBottomBar.swift; sourceTree = "<group>"; };
		96351D39539561818A675E6A /* ImageLoader.swift */ = {isa = PBXFileReference; fileEncoding = 4; lastKnownFileType = sourcecode.swift; path = ImageLoader.swift; sourceTree = "<group>"; };
		96351DDBE2296E6603783838 /* CG.swift */ = {isa = PBXFileReference; fileEncoding = 4; lastKnownFileType = sourcecode.swift; path = CG.swift; sourceTree = "<group>"; };
		96351F2532BB0EF790BA1340 /* ImageSharingScreen.swift */ = {isa = PBXFileReference; fileEncoding = 4; lastKnownFileType = sourcecode.swift; path = ImageSharingScreen.swift; sourceTree = "<group>"; };
		A8560B869390C33CC211DA86 /* Pods_Well.framework */ = {isa = PBXFileReference; explicitFileType = wrapper.framework; includeInIndex = 0; path = Pods_Well.framework; sourceTree = BUILT_PRODUCTS_DIR; };
		B6C5234FBEC00FAADC9E6A32 /* Pods-Well.release.xcconfig */ = {isa = PBXFileReference; includeInIndex = 1; lastKnownFileType = text.xcconfig; name = "Pods-Well.release.xcconfig"; path = "Target Support Files/Pods-Well/Pods-Well.release.xcconfig"; sourceTree = "<group>"; };
		BE7BB08AC1C3EC928622AE74 /* Pods-Well.debug.xcconfig */ = {isa = PBXFileReference; includeInIndex = 1; lastKnownFileType = text.xcconfig; name = "Pods-Well.debug.xcconfig"; path = "Target Support Files/Pods-Well/Pods-Well.debug.xcconfig"; sourceTree = "<group>"; };
		C8444AE5C00230D2481A2661 /* Pods-WellTests.release.xcconfig */ = {isa = PBXFileReference; includeInIndex = 1; lastKnownFileType = text.xcconfig; name = "Pods-WellTests.release.xcconfig"; path = "Target Support Files/Pods-WellTests/Pods-WellTests.release.xcconfig"; sourceTree = "<group>"; };
		C89E1C624FA54F84A4908E83 /* Pods-WellTests.debug.xcconfig */ = {isa = PBXFileReference; includeInIndex = 1; lastKnownFileType = text.xcconfig; name = "Pods-WellTests.debug.xcconfig"; path = "Target Support Files/Pods-WellTests/Pods-WellTests.debug.xcconfig"; sourceTree = "<group>"; };
		D5087659259A64B4000A57E5 /* CallScreen.swift */ = {isa = PBXFileReference; lastKnownFileType = sourcecode.swift; path = CallScreen.swift; sourceTree = "<group>"; };
		D508765B259A6858000A57E5 /* VideoView.swift */ = {isa = PBXFileReference; lastKnownFileType = sourcecode.swift; path = VideoView.swift; sourceTree = "<group>"; };
		D51625602503C945009E103B /* R.generated.swift */ = {isa = PBXFileReference; fileEncoding = 4; lastKnownFileType = sourcecode.swift; path = R.generated.swift; sourceTree = "<group>"; };
		D51625762504BD9C009E103B /* neris_semi_bold.otf */ = {isa = PBXFileReference; lastKnownFileType = file; path = neris_semi_bold.otf; sourceTree = "<group>"; };
		D51625772504BD9C009E103B /* neris_thin.otf */ = {isa = PBXFileReference; lastKnownFileType = file; path = neris_thin.otf; sourceTree = "<group>"; };
		D519AF86252441DC00C24377 /* LoginInitialViewController.swift */ = {isa = PBXFileReference; lastKnownFileType = sourcecode.swift; path = LoginInitialViewController.swift; sourceTree = "<group>"; };
		D519AFAC25245E0F00C24377 /* LoginSocialsView.swift */ = {isa = PBXFileReference; lastKnownFileType = sourcecode.swift; path = LoginSocialsView.swift; sourceTree = "<group>"; };
		D524FE22256D5BAA00090D40 /* Shared.xcconfig */ = {isa = PBXFileReference; lastKnownFileType = text.xcconfig; path = Shared.xcconfig; sourceTree = "<group>"; };
		D5916FBB2598ABA900B549FF /* TopLevelView.swift */ = {isa = PBXFileReference; lastKnownFileType = sourcecode.swift; path = TopLevelView.swift; sourceTree = "<group>"; };
		D5916FC12598BE4F00B549FF /* WebRtcManager.swift */ = {isa = PBXFileReference; lastKnownFileType = sourcecode.swift; path = WebRtcManager.swift; sourceTree = "<group>"; };
		D5BFD5482524670900A94FCC /* ActionButton.swift */ = {isa = PBXFileReference; lastKnownFileType = sourcecode.swift; path = ActionButton.swift; sourceTree = "<group>"; };
		D5BFD5762524938400A94FCC /* Action.swift */ = {isa = PBXFileReference; lastKnownFileType = sourcecode.swift; path = Action.swift; sourceTree = "<group>"; };
		D5BFD57825249E1900A94FCC /* HasApply.swift */ = {isa = PBXFileReference; lastKnownFileType = sourcecode.swift; path = HasApply.swift; sourceTree = "<group>"; };
		D5BFD57C2524B06900A94FCC /* NSError+description.swift */ = {isa = PBXFileReference; lastKnownFileType = sourcecode.swift; path = "NSError+description.swift"; sourceTree = "<group>"; };
		D5BFD57E2524B0AB00A94FCC /* Bundle+displayName.swift */ = {isa = PBXFileReference; lastKnownFileType = sourcecode.swift; path = "Bundle+displayName.swift"; sourceTree = "<group>"; };
		D5BFD5B92524BFB900A94FCC /* Future.swift */ = {isa = PBXFileReference; lastKnownFileType = sourcecode.swift; path = Future.swift; sourceTree = "<group>"; };
		D5BFD5BC2524BFE000A94FCC /* Property.swift */ = {isa = PBXFileReference; lastKnownFileType = sourcecode.swift; path = Property.swift; sourceTree = "<group>"; };
		D5BFD5C52525845500A94FCC /* EnumDictionary.swift */ = {isa = PBXFileReference; lastKnownFileType = sourcecode.swift; path = EnumDictionary.swift; sourceTree = "<group>"; };
		D5BFD5C8252584FE00A94FCC /* Cancellable.swift */ = {isa = PBXFileReference; lastKnownFileType = sourcecode.swift; path = Cancellable.swift; sourceTree = "<group>"; };
		D5ECE30225231ECB00207638 /* Well.entitlements */ = {isa = PBXFileReference; lastKnownFileType = text.plist.entitlements; path = Well.entitlements; sourceTree = "<group>"; };
		D5F0A09B2578AC4D002A55DB /* OnlineUsersScreen.swift */ = {isa = PBXFileReference; lastKnownFileType = sourcecode.swift; path = OnlineUsersScreen.swift; sourceTree = "<group>"; };
		D5F0A09D2578AC7A002A55DB /* UserCell.swift */ = {isa = PBXFileReference; lastKnownFileType = sourcecode.swift; path = UserCell.swift; sourceTree = "<group>"; };
		E7C0F47F0D380B0A230F9888 /* Pods-Well-WellUITests.debug.xcconfig */ = {isa = PBXFileReference; includeInIndex = 1; lastKnownFileType = text.xcconfig; name = "Pods-Well-WellUITests.debug.xcconfig"; path = "Target Support Files/Pods-Well-WellUITests/Pods-Well-WellUITests.debug.xcconfig"; sourceTree = "<group>"; };
/* End PBXFileReference section */

/* Begin PBXFrameworksBuildPhase section */
		7555FF78242A565900829871 /* Frameworks */ = {
			isa = PBXFrameworksBuildPhase;
			buildActionMask = 2147483647;
			files = (
				0902BD0460D4849CA1790CBB /* Pods_Well.framework in Frameworks */,
			);
			runOnlyForDeploymentPostprocessing = 0;
		};
/* End PBXFrameworksBuildPhase section */

/* Begin PBXGroup section */
		7555FF72242A565900829871 = {
			isa = PBXGroup;
			children = (
				7555FF7D242A565900829871 /* Well */,
				7555FF7C242A565900829871 /* Products */,
				7555FFB0242A642200829871 /* Frameworks */,
				CABB8A5396FD2FD1D7099F80 /* Pods */,
			);
			sourceTree = "<group>";
		};
		7555FF7C242A565900829871 /* Products */ = {
			isa = PBXGroup;
			children = (
				7555FF7B242A565900829871 /* Well.app */,
			);
			name = Products;
			sourceTree = "<group>";
		};
		7555FF7D242A565900829871 /* Well */ = {
			isa = PBXGroup;
			children = (
				7555FF84242A565B00829871 /* Assets.xcassets */,
				D5916FC12598BE4F00B549FF /* WebRtcManager.swift */,
				D5916FBA2598AB9500B549FF /* SwiftUI */,
				D519AFAB25245DF600C24377 /* Login */,
				D5BFD57B2524AA8200A94FCC /* CustomViews */,
				D5BFD57A2524AA7400A94FCC /* General */,
				D51DA36A2503C0A700123642 /* Supporting files */,
			);
			path = Well;
			sourceTree = "<group>";
		};
		7555FFB0242A642200829871 /* Frameworks */ = {
			isa = PBXGroup;
			children = (
				A8560B869390C33CC211DA86 /* Pods_Well.framework */,
			);
			name = Frameworks;
			sourceTree = "<group>";
		};
		963514898AF7A4AD81AE2767 /* ImageSharing */ = {
			isa = PBXGroup;
			children = (
				96351F2532BB0EF790BA1340 /* ImageSharingScreen.swift */,
				96351B83B3BB91E6FE424C46 /* DrawShape.swift */,
				96351CD9A4D3935EDAE8F424 /* ImageSharingBottomBar.swift */,
			);
			path = ImageSharing;
			sourceTree = "<group>";
		};
		9635176145A6147C6E1BF38B /* Extensions */ = {
			isa = PBXGroup;
			children = (
				96351C95875B02D536023D63 /* Models */,
				963518ED05F25F148D6F5928 /* FrameSize.swift */,
				963513DDB06C22E5A9391A01 /* EdgeInsets.swift */,
				963518BD2D5690278A4E6851 /* Color.swift */,
				96351DDBE2296E6603783838 /* CG.swift */,
			);
			path = Extensions;
			sourceTree = "<group>";
		};
		96351A311A1663FB9E05566B /* AsyncImage */ = {
			isa = PBXGroup;
			children = (
				963518BB137F85C8DB28F64A /* AsyncImage.swift */,
				96351B0C11099D750966E12C /* EnvironmentValues+ImageCache.swift */,
				9635138951904E797CC07FB8 /* ImageCache.swift */,
				96351D39539561818A675E6A /* ImageLoader.swift */,
			);
			path = AsyncImage;
			sourceTree = "<group>";
		};
		96351C93F9714F97732BC54E /* Views */ = {
			isa = PBXGroup;
			children = (
				96351161F74FFEEFE8D62B02 /* ColorPicker.swift */,
				96351A311A1663FB9E05566B /* AsyncImage */,
				96351B89FF2641C0797E50CE /* ActivityIndicatorView.swift */,
				96351B154D0F87BC97B362E5 /* ProfileImage.swift */,
				963512B5B12B74C258B78937 /* HostingController.swift */,
				963515E31AB00CDA4DEA8E8C /* OffsetCircle.swift */,
			);
			path = Views;
			sourceTree = "<group>";
		};
		96351C95875B02D536023D63 /* Models */ = {
			isa = PBXGroup;
			children = (
				96351CD0B22C50D7CAD4A377 /* ServerModelsUser.swift */,
			);
			path = Models;
			sourceTree = "<group>";
		};
		96351F3BA3772C46822298C1 /* Theme */ = {
			isa = PBXGroup;
			children = (
				9635187200737E866C588DF2 /* Typography.swift */,
			);
			path = Theme;
			sourceTree = "<group>";
		};
		CABB8A5396FD2FD1D7099F80 /* Pods */ = {
			isa = PBXGroup;
			children = (
				BE7BB08AC1C3EC928622AE74 /* Pods-Well.debug.xcconfig */,
				B6C5234FBEC00FAADC9E6A32 /* Pods-Well.release.xcconfig */,
				E7C0F47F0D380B0A230F9888 /* Pods-Well-WellUITests.debug.xcconfig */,
				4E7FAE8E4CF4ED7E47F58204 /* Pods-Well-WellUITests.release.xcconfig */,
				C89E1C624FA54F84A4908E83 /* Pods-WellTests.debug.xcconfig */,
				C8444AE5C00230D2481A2661 /* Pods-WellTests.release.xcconfig */,
			);
			path = Pods;
			sourceTree = "<group>";
		};
		D5087658259A64A2000A57E5 /* Call */ = {
			isa = PBXGroup;
			children = (
				D5087659259A64B4000A57E5 /* CallScreen.swift */,
				D508765B259A6858000A57E5 /* VideoView.swift */,
				963514A3737F29804FD55C23 /* CallButton.swift */,
				963510CBADB952EF5FE43C78 /* ToggleStillButton.swift */,
				963514898AF7A4AD81AE2767 /* ImageSharing */,
				963519A3AF8111CEDAE6968E /* CallBottomShape.swift */,
			);
			path = Call;
			sourceTree = "<group>";
		};
		D51625742504BD9C009E103B /* font */ = {
			isa = PBXGroup;
			children = (
				D51625762504BD9C009E103B /* neris_semi_bold.otf */,
				D51625772504BD9C009E103B /* neris_thin.otf */,
			);
			name = font;
			path = ../../../androidApp/src/main/res/font;
			sourceTree = "<group>";
		};
		D519AFAB25245DF600C24377 /* Login */ = {
			isa = PBXGroup;
			children = (
				D519AF86252441DC00C24377 /* LoginInitialViewController.swift */,
				D519AFAC25245E0F00C24377 /* LoginSocialsView.swift */,
			);
			path = Login;
			sourceTree = "<group>";
		};
		D51DA36A2503C0A700123642 /* Supporting files */ = {
			isa = PBXGroup;
			children = (
				7555FF7E242A565900829871 /* AppDelegate.swift */,
				D5ECE30225231ECB00207638 /* Well.entitlements */,
				D51625602503C945009E103B /* R.generated.swift */,
				7555FF8C242A565B00829871 /* Info.plist */,
				7555FF89242A565B00829871 /* LaunchScreen.storyboard */,
				D51625742504BD9C009E103B /* font */,
				D524FE22256D5BAA00090D40 /* Shared.xcconfig */,
			);
			path = "Supporting files";
			sourceTree = "<group>";
		};
		D5916FBA2598AB9500B549FF /* SwiftUI */ = {
			isa = PBXGroup;
			children = (
				D5916FBB2598ABA900B549FF /* TopLevelView.swift */,
				D5B22EC8259DF89C004F1FCC /* Screens */,
				96351C93F9714F97732BC54E /* Views */,
				96351F3BA3772C46822298C1 /* Theme */,
				9635176145A6147C6E1BF38B /* Extensions */,
			);
			path = SwiftUI;
			sourceTree = "<group>";
		};
		D5B22EC8259DF89C004F1FCC /* Screens */ = {
			isa = PBXGroup;
			children = (
				D5F0A09A2578AC29002A55DB /* OnlineUsersList */,
				D5087658259A64A2000A57E5 /* Call */,
			);
			path = Screens;
			sourceTree = "<group>";
		};
		D5BFD57A2524AA7400A94FCC /* General */ = {
			isa = PBXGroup;
			children = (
				D5BFD5762524938400A94FCC /* Action.swift */,
				D5BFD57825249E1900A94FCC /* HasApply.swift */,
				D5BFD5B92524BFB900A94FCC /* Future.swift */,
				D5BFD5BC2524BFE000A94FCC /* Property.swift */,
				D5BFD5C8252584FE00A94FCC /* Cancellable.swift */,
				D5BFD5C52525845500A94FCC /* EnumDictionary.swift */,
				D5BFD57C2524B06900A94FCC /* NSError+description.swift */,
				D5BFD57E2524B0AB00A94FCC /* Bundle+displayName.swift */,
			);
			path = General;
			sourceTree = "<group>";
		};
		D5BFD57B2524AA8200A94FCC /* CustomViews */ = {
			isa = PBXGroup;
			children = (
				D5BFD5482524670900A94FCC /* ActionButton.swift */,
			);
			path = CustomViews;
			sourceTree = "<group>";
		};
		D5F0A09A2578AC29002A55DB /* OnlineUsersList */ = {
			isa = PBXGroup;
			children = (
				D5F0A09B2578AC4D002A55DB /* OnlineUsersScreen.swift */,
				D5F0A09D2578AC7A002A55DB /* UserCell.swift */,
			);
			path = OnlineUsersList;
			sourceTree = "<group>";
		};
/* End PBXGroup section */

/* Begin PBXNativeTarget section */
		7555FF7A242A565900829871 /* Well */ = {
			isa = PBXNativeTarget;
			buildConfigurationList = 7555FFA5242A565B00829871 /* Build configuration list for PBXNativeTarget "Well" */;
			buildPhases = (
				1AB7C8205D06361A1F02E3B2 /* [CP] Check Pods Manifest.lock */,
				D51DA36D2503C44700123642 /* R.swift */,
				D51DA36E2503C47700123642 /* Swiftlint */,
				7555FF77242A565900829871 /* Sources */,
				7555FF78242A565900829871 /* Frameworks */,
				7555FF79242A565900829871 /* Resources */,
				D5ECE2F3252319F000207638 /* FirebaseCrashlytics */,
				7555FFB4242A642300829871 /* Embed Frameworks */,
				491238037572C75B2A859A9E /* [CP] Embed Pods Frameworks */,
			);
			buildRules = (
			);
			dependencies = (
			);
			name = Well;
			productName = well;
			productReference = 7555FF7B242A565900829871 /* Well.app */;
			productType = "com.apple.product-type.application";
		};
/* End PBXNativeTarget section */

/* Begin PBXProject section */
		7555FF73242A565900829871 /* Project object */ = {
			isa = PBXProject;
			attributes = {
				LastSwiftUpdateCheck = 1130;
				LastUpgradeCheck = 1200;
				ORGANIZATIONNAME = Well;
				TargetAttributes = {
					7555FF7A242A565900829871 = {
						CreatedOnToolsVersion = 11.3.1;
					};
				};
			};
			buildConfigurationList = 7555FF76242A565900829871 /* Build configuration list for PBXProject "Well" */;
			compatibilityVersion = "Xcode 9.3";
			developmentRegion = en;
			hasScannedForEncodings = 0;
			knownRegions = (
				en,
				Base,
			);
			mainGroup = 7555FF72242A565900829871;
			productRefGroup = 7555FF7C242A565900829871 /* Products */;
			projectDirPath = "";
			projectRoot = "";
			targets = (
				7555FF7A242A565900829871 /* Well */,
			);
		};
/* End PBXProject section */

/* Begin PBXResourcesBuildPhase section */
		7555FF79242A565900829871 /* Resources */ = {
			isa = PBXResourcesBuildPhase;
			buildActionMask = 2147483647;
			files = (
				D51625792504BD9C009E103B /* neris_semi_bold.otf in Resources */,
				D516257A2504BD9C009E103B /* neris_thin.otf in Resources */,
				7555FF8B242A565B00829871 /* LaunchScreen.storyboard in Resources */,
				7555FF85242A565B00829871 /* Assets.xcassets in Resources */,
			);
			runOnlyForDeploymentPostprocessing = 0;
		};
/* End PBXResourcesBuildPhase section */

/* Begin PBXShellScriptBuildPhase section */
		1AB7C8205D06361A1F02E3B2 /* [CP] Check Pods Manifest.lock */ = {
			isa = PBXShellScriptBuildPhase;
			buildActionMask = 2147483647;
			files = (
			);
			inputFileListPaths = (
			);
			inputPaths = (
				"${PODS_PODFILE_DIR_PATH}/Podfile.lock",
				"${PODS_ROOT}/Manifest.lock",
			);
			name = "[CP] Check Pods Manifest.lock";
			outputFileListPaths = (
			);
			outputPaths = (
				"$(DERIVED_FILE_DIR)/Pods-Well-checkManifestLockResult.txt",
			);
			runOnlyForDeploymentPostprocessing = 0;
			shellPath = /bin/sh;
			shellScript = "diff \"${PODS_PODFILE_DIR_PATH}/Podfile.lock\" \"${PODS_ROOT}/Manifest.lock\" > /dev/null\nif [ $? != 0 ] ; then\n    # print error to STDERR\n    echo \"error: The sandbox is not in sync with the Podfile.lock. Run 'pod install' or update your CocoaPods installation.\" >&2\n    exit 1\nfi\n# This output is used by Xcode 'outputs' to avoid re-running this script phase.\necho \"SUCCESS\" > \"${SCRIPT_OUTPUT_FILE_0}\"\n";
			showEnvVarsInLog = 0;
		};
		491238037572C75B2A859A9E /* [CP] Embed Pods Frameworks */ = {
			isa = PBXShellScriptBuildPhase;
			buildActionMask = 2147483647;
			files = (
			);
			inputFileListPaths = (
				"${PODS_ROOT}/Target Support Files/Pods-Well/Pods-Well-frameworks-${CONFIGURATION}-input-files.xcfilelist",
			);
			name = "[CP] Embed Pods Frameworks";
			outputFileListPaths = (
				"${PODS_ROOT}/Target Support Files/Pods-Well/Pods-Well-frameworks-${CONFIGURATION}-output-files.xcfilelist",
			);
			runOnlyForDeploymentPostprocessing = 0;
			shellPath = /bin/sh;
			shellScript = "\"${PODS_ROOT}/Target Support Files/Pods-Well/Pods-Well-frameworks.sh\"\n";
			showEnvVarsInLog = 0;
		};
		D51DA36D2503C44700123642 /* R.swift */ = {
			isa = PBXShellScriptBuildPhase;
			buildActionMask = 2147483647;
			files = (
			);
			inputFileListPaths = (
			);
			inputPaths = (
				"$(TEMP_DIR)/rswift-lastrun",
			);
			name = R.swift;
			outputFileListPaths = (
			);
			outputPaths = (
				"$(SRCROOT)/Well/Supporting files/R.generated.swift",
			);
			runOnlyForDeploymentPostprocessing = 0;
			shellPath = /bin/sh;
			shellScript = "rswift=\"$PODS_ROOT/R.swift/rswift\"\nif [ -f $rswift ]; then\n  $rswift generate \"$SRCROOT/Well/Supporting files/R.generated.swift\"\nelse\n  echo \"error: R.swift not installed; run pod install to install\"\n  return -1\nfi\n";
		};
		D51DA36E2503C47700123642 /* Swiftlint */ = {
			isa = PBXShellScriptBuildPhase;
			buildActionMask = 2147483647;
			files = (
			);
			inputFileListPaths = (
			);
			inputPaths = (
			);
			name = Swiftlint;
			outputFileListPaths = (
			);
			outputPaths = (
			);
			runOnlyForDeploymentPostprocessing = 0;
			shellPath = /bin/sh;
			shellScript = "if which swiftlint >/dev/null; then\n    swiftlint\nelse\n    echo \"warning: SwiftLint not installed, download from https://github.com/realm/SwiftLint\"\nfi\n";
		};
		D5ECE2F3252319F000207638 /* FirebaseCrashlytics */ = {
			isa = PBXShellScriptBuildPhase;
			buildActionMask = 8;
			files = (
			);
			inputFileListPaths = (
			);
			inputPaths = (
				"${DWARF_DSYM_FOLDER_PATH}/${DWARF_DSYM_FILE_NAME}/Contents/Resources/DWARF/${TARGET_NAME}",
				"$(SRCROOT)/$(BUILT_PRODUCTS_DIR)/$(INFOPLIST_PATH)",
			);
			name = FirebaseCrashlytics;
			outputFileListPaths = (
			);
			outputPaths = (
			);
			runOnlyForDeploymentPostprocessing = 1;
			shellPath = /bin/sh;
			shellScript = "\"${PODS_ROOT}/FirebaseCrashlytics/run\"\n";
		};
/* End PBXShellScriptBuildPhase section */

/* Begin PBXSourcesBuildPhase section */
		7555FF77242A565900829871 /* Sources */ = {
			isa = PBXSourcesBuildPhase;
			buildActionMask = 2147483647;
			files = (
				7555FF7F242A565900829871 /* AppDelegate.swift in Sources */,
				D508765A259A64B4000A57E5 /* CallScreen.swift in Sources */,
				D5916FBC2598ABA900B549FF /* TopLevelView.swift in Sources */,
				D51625612503C945009E103B /* R.generated.swift in Sources */,
				D5BFD57925249E1900A94FCC /* HasApply.swift in Sources */,
				D5BFD5C9252584FE00A94FCC /* Cancellable.swift in Sources */,
				D519AFAD25245E0F00C24377 /* LoginSocialsView.swift in Sources */,
				D5BFD5772524938400A94FCC /* Action.swift in Sources */,
				D5BFD5BD2524BFE000A94FCC /* Property.swift in Sources */,
				D5BFD5C62525845500A94FCC /* EnumDictionary.swift in Sources */,
				D5F0A09E2578AC7A002A55DB /* UserCell.swift in Sources */,
				D508765C259A6858000A57E5 /* VideoView.swift in Sources */,
				D519AF87252441DC00C24377 /* LoginInitialViewController.swift in Sources */,
				D5BFD57D2524B06900A94FCC /* NSError+description.swift in Sources */,
				D5BFD5BA2524BFB900A94FCC /* Future.swift in Sources */,
				D5F0A09C2578AC4D002A55DB /* OnlineUsersScreen.swift in Sources */,
				D5BFD5492524670900A94FCC /* ActionButton.swift in Sources */,
				D5BFD57F2524B0AB00A94FCC /* Bundle+displayName.swift in Sources */,
				D5916FC22598BE4F00B549FF /* WebRtcManager.swift in Sources */,
				963516607B7E7BC63CF9D230 /* CallButton.swift in Sources */,
				963513C86297B3BCE7D948FC /* Typography.swift in Sources */,
				96351092F37EBC87EAD1B97E /* FrameSize.swift in Sources */,
				963511BB98644C75C15F96FC /* ServerModelsUser.swift in Sources */,
				96351F233646E7AA5AEA4D91 /* ColorPicker.swift in Sources */,
				96351CBBC2C6B82D8E0E1478 /* ActivityIndicatorView.swift in Sources */,
				96351F0BB0DC75B190BE831D /* AsyncImage.swift in Sources */,
				96351262C73EB4BF6A95D35F /* EnvironmentValues+ImageCache.swift in Sources */,
				963510E23A7EBD1F3237ADAD /* ImageCache.swift in Sources */,
				9635193C518F0F1BFD5A72BF /* ImageLoader.swift in Sources */,
				9635195234B4E1480134DB7D /* ProfileImage.swift in Sources */,
				96351E67C2A29F3BA1D45620 /* EdgeInsets.swift in Sources */,
				963513B49BE9408B776FFC81 /* Color.swift in Sources */,
				963511B36F9FBE2F47BE5029 /* HostingController.swift in Sources */,
				96351FB6375E93CCA793F67F /* ToggleStillButton.swift in Sources */,
				963510D2491795F55A074951 /* ImageSharingScreen.swift in Sources */,
				96351B0932C441434A64E2D4 /* DrawShape.swift in Sources */,
				963519C16970998753A9EAF8 /* ImageSharingBottomBar.swift in Sources */,
				963513F87CA66DC1C113DB11 /* OffsetCircle.swift in Sources */,
				96351A81B7E44CCFD79A49F9 /* CG.swift in Sources */,
				963513ED9B614272F7B212F4 /* CallBottomShape.swift in Sources */,
			);
			runOnlyForDeploymentPostprocessing = 0;
		};
/* End PBXSourcesBuildPhase section */

/* Begin PBXVariantGroup section */
		7555FF89242A565B00829871 /* LaunchScreen.storyboard */ = {
			isa = PBXVariantGroup;
			children = (
				7555FF8A242A565B00829871 /* Base */,
			);
			name = LaunchScreen.storyboard;
			sourceTree = "<group>";
		};
/* End PBXVariantGroup section */

/* Begin XCBuildConfiguration section */
		7555FFA3242A565B00829871 /* Debug */ = {
			isa = XCBuildConfiguration;
			baseConfigurationReference = D524FE22256D5BAA00090D40 /* Shared.xcconfig */;
			buildSettings = {
				ALWAYS_SEARCH_USER_PATHS = NO;
				CLANG_ANALYZER_NONNULL = YES;
				CLANG_ANALYZER_NUMBER_OBJECT_CONVERSION = YES_AGGRESSIVE;
				CLANG_CXX_LANGUAGE_STANDARD = "gnu++14";
				CLANG_CXX_LIBRARY = "libc++";
				CLANG_ENABLE_MODULES = YES;
				CLANG_ENABLE_OBJC_ARC = YES;
				CLANG_ENABLE_OBJC_WEAK = YES;
				CLANG_WARN_BLOCK_CAPTURE_AUTORELEASING = YES;
				CLANG_WARN_BOOL_CONVERSION = YES;
				CLANG_WARN_COMMA = YES;
				CLANG_WARN_CONSTANT_CONVERSION = YES;
				CLANG_WARN_DEPRECATED_OBJC_IMPLEMENTATIONS = YES;
				CLANG_WARN_DIRECT_OBJC_ISA_USAGE = YES_ERROR;
				CLANG_WARN_DOCUMENTATION_COMMENTS = YES;
				CLANG_WARN_EMPTY_BODY = YES;
				CLANG_WARN_ENUM_CONVERSION = YES;
				CLANG_WARN_INFINITE_RECURSION = YES;
				CLANG_WARN_INT_CONVERSION = YES;
				CLANG_WARN_NON_LITERAL_NULL_CONVERSION = YES;
				CLANG_WARN_OBJC_IMPLICIT_RETAIN_SELF = YES;
				CLANG_WARN_OBJC_LITERAL_CONVERSION = YES;
				CLANG_WARN_OBJC_ROOT_CLASS = YES_ERROR;
				CLANG_WARN_QUOTED_INCLUDE_IN_FRAMEWORK_HEADER = YES;
				CLANG_WARN_RANGE_LOOP_ANALYSIS = YES;
				CLANG_WARN_STRICT_PROTOTYPES = YES;
				CLANG_WARN_SUSPICIOUS_MOVE = YES;
				CLANG_WARN_UNGUARDED_AVAILABILITY = YES_AGGRESSIVE;
				CLANG_WARN_UNREACHABLE_CODE = YES;
				CLANG_WARN__DUPLICATE_METHOD_MATCH = YES;
				COPY_PHASE_STRIP = NO;
				DEBUG_INFORMATION_FORMAT = "dwarf-with-dsym";
				ENABLE_BITCODE = NO;
				ENABLE_STRICT_OBJC_MSGSEND = YES;
				ENABLE_TESTABILITY = YES;
				GCC_C_LANGUAGE_STANDARD = gnu11;
				GCC_DYNAMIC_NO_PIC = NO;
				GCC_NO_COMMON_BLOCKS = YES;
				GCC_OPTIMIZATION_LEVEL = 0;
				GCC_PREPROCESSOR_DEFINITIONS = (
					"DEBUG=1",
					"$(inherited)",
				);
				GCC_WARN_64_TO_32_BIT_CONVERSION = YES;
				GCC_WARN_ABOUT_RETURN_TYPE = YES_ERROR;
				GCC_WARN_UNDECLARED_SELECTOR = YES;
				GCC_WARN_UNINITIALIZED_AUTOS = YES_AGGRESSIVE;
				GCC_WARN_UNUSED_FUNCTION = YES;
				GCC_WARN_UNUSED_VARIABLE = YES;
				IPHONEOS_DEPLOYMENT_TARGET = 13.4;
				MTL_ENABLE_DEBUG_INFO = INCLUDE_SOURCE;
				MTL_FAST_MATH = YES;
				ONLY_ACTIVE_ARCH = YES;
				SDKROOT = iphoneos;
				SWIFT_ACTIVE_COMPILATION_CONDITIONS = DEBUG;
				SWIFT_OPTIMIZATION_LEVEL = "-Onone";
			};
			name = Debug;
		};
		7555FFA4242A565B00829871 /* Release */ = {
			isa = XCBuildConfiguration;
			baseConfigurationReference = D524FE22256D5BAA00090D40 /* Shared.xcconfig */;
			buildSettings = {
				ALWAYS_SEARCH_USER_PATHS = NO;
				CLANG_ANALYZER_NONNULL = YES;
				CLANG_ANALYZER_NUMBER_OBJECT_CONVERSION = YES_AGGRESSIVE;
				CLANG_CXX_LANGUAGE_STANDARD = "gnu++14";
				CLANG_CXX_LIBRARY = "libc++";
				CLANG_ENABLE_MODULES = YES;
				CLANG_ENABLE_OBJC_ARC = YES;
				CLANG_ENABLE_OBJC_WEAK = YES;
				CLANG_WARN_BLOCK_CAPTURE_AUTORELEASING = YES;
				CLANG_WARN_BOOL_CONVERSION = YES;
				CLANG_WARN_COMMA = YES;
				CLANG_WARN_CONSTANT_CONVERSION = YES;
				CLANG_WARN_DEPRECATED_OBJC_IMPLEMENTATIONS = YES;
				CLANG_WARN_DIRECT_OBJC_ISA_USAGE = YES_ERROR;
				CLANG_WARN_DOCUMENTATION_COMMENTS = YES;
				CLANG_WARN_EMPTY_BODY = YES;
				CLANG_WARN_ENUM_CONVERSION = YES;
				CLANG_WARN_INFINITE_RECURSION = YES;
				CLANG_WARN_INT_CONVERSION = YES;
				CLANG_WARN_NON_LITERAL_NULL_CONVERSION = YES;
				CLANG_WARN_OBJC_IMPLICIT_RETAIN_SELF = YES;
				CLANG_WARN_OBJC_LITERAL_CONVERSION = YES;
				CLANG_WARN_OBJC_ROOT_CLASS = YES_ERROR;
				CLANG_WARN_QUOTED_INCLUDE_IN_FRAMEWORK_HEADER = YES;
				CLANG_WARN_RANGE_LOOP_ANALYSIS = YES;
				CLANG_WARN_STRICT_PROTOTYPES = YES;
				CLANG_WARN_SUSPICIOUS_MOVE = YES;
				CLANG_WARN_UNGUARDED_AVAILABILITY = YES_AGGRESSIVE;
				CLANG_WARN_UNREACHABLE_CODE = YES;
				CLANG_WARN__DUPLICATE_METHOD_MATCH = YES;
				COPY_PHASE_STRIP = NO;
				DEBUG_INFORMATION_FORMAT = "dwarf-with-dsym";
				ENABLE_BITCODE = NO;
				ENABLE_NS_ASSERTIONS = NO;
				ENABLE_STRICT_OBJC_MSGSEND = YES;
				GCC_C_LANGUAGE_STANDARD = gnu11;
				GCC_NO_COMMON_BLOCKS = YES;
				GCC_WARN_64_TO_32_BIT_CONVERSION = YES;
				GCC_WARN_ABOUT_RETURN_TYPE = YES_ERROR;
				GCC_WARN_UNDECLARED_SELECTOR = YES;
				GCC_WARN_UNINITIALIZED_AUTOS = YES_AGGRESSIVE;
				GCC_WARN_UNUSED_FUNCTION = YES;
				GCC_WARN_UNUSED_VARIABLE = YES;
				IPHONEOS_DEPLOYMENT_TARGET = 13.4;
				MTL_ENABLE_DEBUG_INFO = NO;
				MTL_FAST_MATH = YES;
				SDKROOT = iphoneos;
				SWIFT_COMPILATION_MODE = wholemodule;
				SWIFT_OPTIMIZATION_LEVEL = "-O";
				VALIDATE_PRODUCT = YES;
			};
			name = Release;
		};
		7555FFA6242A565B00829871 /* Debug */ = {
			isa = XCBuildConfiguration;
			baseConfigurationReference = BE7BB08AC1C3EC928622AE74 /* Pods-Well.debug.xcconfig */;
			buildSettings = {
				ASSETCATALOG_COMPILER_APPICON_NAME = AppIcon;
				CODE_SIGN_ENTITLEMENTS = "Well/Supporting files/Well.entitlements";
				CODE_SIGN_STYLE = Automatic;
				DEVELOPMENT_TEAM = FVMDZDYX72;
				FACEBOOK_APP_ID = "$(SHARED_FACEBOOK_APP_ID)";
				FRAMEWORK_SEARCH_PATHS = (
					"$(inherited)",
					"\"${PODS_CONFIGURATION_BUILD_DIR}/R.swift.Library\"",
				);
				GOOGLE_CLIENT_ID = "$(IOS_GOOGLE_CLIENT_ID)";
				INFOPLIST_FILE = "well/Supporting files/Info.plist";
				LD_RUNPATH_SEARCH_PATHS = (
					"$(inherited)",
					"@executable_path/Frameworks",
				);
				OTHER_SWIFT_FLAGS = "$(inherited) -D AUTH_DISABLED";
				PRODUCT_BUNDLE_IDENTIFIER = com.well.iosApp;
				PRODUCT_NAME = "$(TARGET_NAME)";
				SWIFT_VERSION = 5.0;
				TARGETED_DEVICE_FAMILY = 1;
			};
			name = Debug;
		};
		7555FFA7242A565B00829871 /* Release */ = {
			isa = XCBuildConfiguration;
			baseConfigurationReference = B6C5234FBEC00FAADC9E6A32 /* Pods-Well.release.xcconfig */;
			buildSettings = {
				ASSETCATALOG_COMPILER_APPICON_NAME = AppIcon;
				CODE_SIGN_ENTITLEMENTS = "Well/Supporting files/Well.entitlements";
				CODE_SIGN_STYLE = Automatic;
				DEVELOPMENT_TEAM = FVMDZDYX72;
				FACEBOOK_APP_ID = "$(SHARED_FACEBOOK_APP_ID)";
				FRAMEWORK_SEARCH_PATHS = (
					"$(inherited)",
					"\"${PODS_CONFIGURATION_BUILD_DIR}/R.swift.Library\"",
				);
				GOOGLE_CLIENT_ID = "$(IOS_GOOGLE_CLIENT_ID)";
				INFOPLIST_FILE = "well/Supporting files/Info.plist";
				LD_RUNPATH_SEARCH_PATHS = (
					"$(inherited)",
					"@executable_path/Frameworks",
				);
				OTHER_SWIFT_FLAGS = "$(inherited) -D AUTH_DISABLED";
				PRODUCT_BUNDLE_IDENTIFIER = com.well.iosApp;
				PRODUCT_NAME = "$(TARGET_NAME)";
				SWIFT_VERSION = 5.0;
				TARGETED_DEVICE_FAMILY = 1;
			};
			name = Release;
		};
/* End XCBuildConfiguration section */

/* Begin XCConfigurationList section */
		7555FF76242A565900829871 /* Build configuration list for PBXProject "Well" */ = {
			isa = XCConfigurationList;
			buildConfigurations = (
				7555FFA3242A565B00829871 /* Debug */,
				7555FFA4242A565B00829871 /* Release */,
			);
			defaultConfigurationIsVisible = 0;
			defaultConfigurationName = Release;
		};
		7555FFA5242A565B00829871 /* Build configuration list for PBXNativeTarget "Well" */ = {
			isa = XCConfigurationList;
			buildConfigurations = (
				7555FFA6242A565B00829871 /* Debug */,
				7555FFA7242A565B00829871 /* Release */,
			);
			defaultConfigurationIsVisible = 0;
			defaultConfigurationName = Release;
		};
/* End XCConfigurationList section */
	};
	rootObject = 7555FF73242A565900829871 /* Project object */;
}
